Microsoft Visual Studio Solution File, Format Version 7.00
Project("{8BC9CEB8-8B4A-11D0-8D11-00A0C91BC942}") = "MusicTool", "MusicTool.vcproj", "{BAAEB8BF-40DA-4D76-9F35-2D53ADF9AB38}"
EndProject
Global
	GlobalSection(SolutionConfiguration) = preSolution
		ConfigName.0 = Debug
		ConfigName.1 = Release
	EndGlobalSection
	GlobalSection(ProjectDependencies) = postSolution
	EndGlobalSection
	GlobalSection(ProjectConfiguration) = postSolution
		{BAAEB8BF-40DA-4D76-9F35-2D53ADF9AB38}.Debug.ActiveCfg = Debug|Win32
		{BAAEB8BF-40DA-4D76-9F35-2D53ADF9AB38}.Debug.Build.0 = Debug|Win32
		{BAAEB8BF-40DA-4D76-9F35-2D53ADF9AB38}.Release.ActiveCfg = Release|Win32
		{BAAEB8BF-40DA-4D76-9F35-2D53ADF9AB38}.Release.Build.0 = Release|Win32
	EndGlobalSection
	GlobalSection(ExtensibilityGlobals) = postSolution
	EndGlobalSection
	GlobalSection(ExtensibilityAddIns) = postSolution
	EndGlobalSection
EndGlobal
