Microsoft Visual Studio Solution File, Format Version 7.00
Project("{8BC9CEB8-8B4A-11D0-8D11-00A0C91BC942}") = "ASFCopy", "ASFCopy\ASFCopy.vcproj", "{0D984A2F-4414-47F5-9ADA-35F86821628D}"
EndProject
Project("{8BC9CEB8-8B4A-11D0-8D11-00A0C91BC942}") = "DMOEnum", "DMOEnum\DMOEnum.vcproj", "{0E1682B0-1AA8-4A09-A197-5B6E40138AB7}"
EndProject
Project("{8BC9CEB8-8B4A-11D0-8D11-00A0C91BC942}") = "Mapper", "Mapper\Mapper.vcproj", "{6853FDD4-F474-4A25-873D-E8D02CD4F7E3}"
EndProject
Project("{8BC9CEB8-8B4A-11D0-8D11-00A0C91BC942}") = "RenderLog", "RenderLog\RenderLog.vcproj", "{C437D9B1-686C-451B-85E7-529864847ADF}"
EndProject
Project("{8BC9CEB8-8B4A-11D0-8D11-00A0C91BC942}") = "SysEnum", "SysEnum\SysEnum.vcproj", "{22A44AA8-174C-4B68-A59D-C593665C1F1C}"
EndProject
Global
	GlobalSection(SolutionConfiguration) = preSolution
		ConfigName.0 = Debug
		ConfigName.1 = Debug Unicode
		ConfigName.2 = Release
		ConfigName.3 = Release Unicode
	EndGlobalSection
	GlobalSection(ProjectDependencies) = postSolution
	EndGlobalSection
	GlobalSection(ProjectConfiguration) = postSolution
		{0D984A2F-4414-47F5-9ADA-35F86821628D}.Debug.ActiveCfg = Debug|Win32
		{0D984A2F-4414-47F5-9ADA-35F86821628D}.Debug.Build.0 = Debug|Win32
		{0D984A2F-4414-47F5-9ADA-35F86821628D}.Debug Unicode.ActiveCfg = Debug Unicode|Win32
		{0D984A2F-4414-47F5-9ADA-35F86821628D}.Debug Unicode.Build.0 = Debug Unicode|Win32
		{0D984A2F-4414-47F5-9ADA-35F86821628D}.Release.ActiveCfg = Release|Win32
		{0D984A2F-4414-47F5-9ADA-35F86821628D}.Release.Build.0 = Release|Win32
		{0D984A2F-4414-47F5-9ADA-35F86821628D}.Release Unicode.ActiveCfg = Release Unicode|Win32
		{0D984A2F-4414-47F5-9ADA-35F86821628D}.Release Unicode.Build.0 = Release Unicode|Win32
		{0E1682B0-1AA8-4A09-A197-5B6E40138AB7}.Debug.ActiveCfg = Debug|Win32
		{0E1682B0-1AA8-4A09-A197-5B6E40138AB7}.Debug.Build.0 = Debug|Win32
		{0E1682B0-1AA8-4A09-A197-5B6E40138AB7}.Debug Unicode.ActiveCfg = Debug Unicode|Win32
		{0E1682B0-1AA8-4A09-A197-5B6E40138AB7}.Debug Unicode.Build.0 = Debug Unicode|Win32
		{0E1682B0-1AA8-4A09-A197-5B6E40138AB7}.Release.ActiveCfg = Release|Win32
		{0E1682B0-1AA8-4A09-A197-5B6E40138AB7}.Release.Build.0 = Release|Win32
		{0E1682B0-1AA8-4A09-A197-5B6E40138AB7}.Release Unicode.ActiveCfg = Release Unicode|Win32
		{0E1682B0-1AA8-4A09-A197-5B6E40138AB7}.Release Unicode.Build.0 = Release Unicode|Win32
		{6853FDD4-F474-4A25-873D-E8D02CD4F7E3}.Debug.ActiveCfg = Debug|Win32
		{6853FDD4-F474-4A25-873D-E8D02CD4F7E3}.Debug.Build.0 = Debug|Win32
		{6853FDD4-F474-4A25-873D-E8D02CD4F7E3}.Debug Unicode.ActiveCfg = Debug Unicode|Win32
		{6853FDD4-F474-4A25-873D-E8D02CD4F7E3}.Debug Unicode.Build.0 = Debug Unicode|Win32
		{6853FDD4-F474-4A25-873D-E8D02CD4F7E3}.Release.ActiveCfg = Release|Win32
		{6853FDD4-F474-4A25-873D-E8D02CD4F7E3}.Release.Build.0 = Release|Win32
		{6853FDD4-F474-4A25-873D-E8D02CD4F7E3}.Release Unicode.ActiveCfg = Release Unicode|Win32
		{6853FDD4-F474-4A25-873D-E8D02CD4F7E3}.Release Unicode.Build.0 = Release Unicode|Win32
		{C437D9B1-686C-451B-85E7-529864847ADF}.Debug.ActiveCfg = Debug|Win32
		{C437D9B1-686C-451B-85E7-529864847ADF}.Debug.Build.0 = Debug|Win32
		{C437D9B1-686C-451B-85E7-529864847ADF}.Debug Unicode.ActiveCfg = Debug Unicode|Win32
		{C437D9B1-686C-451B-85E7-529864847ADF}.Debug Unicode.Build.0 = Debug Unicode|Win32
		{C437D9B1-686C-451B-85E7-529864847ADF}.Release.ActiveCfg = Release|Win32
		{C437D9B1-686C-451B-85E7-529864847ADF}.Release.Build.0 = Release|Win32
		{C437D9B1-686C-451B-85E7-529864847ADF}.Release Unicode.ActiveCfg = Release Unicode|Win32
		{C437D9B1-686C-451B-85E7-529864847ADF}.Release Unicode.Build.0 = Release Unicode|Win32
		{22A44AA8-174C-4B68-A59D-C593665C1F1C}.Debug.ActiveCfg = Debug|Win32
		{22A44AA8-174C-4B68-A59D-C593665C1F1C}.Debug.Build.0 = Debug|Win32
		{22A44AA8-174C-4B68-A59D-C593665C1F1C}.Debug Unicode.ActiveCfg = Debug Unicode|Win32
		{22A44AA8-174C-4B68-A59D-C593665C1F1C}.Debug Unicode.Build.0 = Debug Unicode|Win32
		{22A44AA8-174C-4B68-A59D-C593665C1F1C}.Release.ActiveCfg = Release|Win32
		{22A44AA8-174C-4B68-A59D-C593665C1F1C}.Release.Build.0 = Release|Win32
		{22A44AA8-174C-4B68-A59D-C593665C1F1C}.Release Unicode.ActiveCfg = Release Unicode|Win32
		{22A44AA8-174C-4B68-A59D-C593665C1F1C}.Release Unicode.Build.0 = Release Unicode|Win32
	EndGlobalSection
	GlobalSection(ExtensibilityGlobals) = postSolution
	EndGlobalSection
	GlobalSection(ExtensibilityAddIns) = postSolution
	EndGlobalSection
EndGlobal
