Microsoft Visual Studio Solution File, Format Version 7.00
Project("{8BC9CEB8-8B4A-11D0-8D11-00A0C91BC942}") = "Blender", "Blender\Blender.vcproj", "{3191BED6-FF8F-415B-9214-35216D49F627}"
EndProject
Project("{8BC9CEB8-8B4A-11D0-8D11-00A0C91BC942}") = "Cube", "Cube\Cube.vcproj", "{C6341807-211B-468D-BDDF-B3A03136EDBF}"
EndProject
Project("{8BC9CEB8-8B4A-11D0-8D11-00A0C91BC942}") = "MonitorInfo", "MonitorInfo\MonitorInfo.vcproj", "{1C87675F-B8B7-4C6D-8C46-6D381B8D8369}"
EndProject
Project("{8BC9CEB8-8B4A-11D0-8D11-00A0C91BC942}") = "RenderLess", "Renderless\RenderLess.vcproj", "{A2B828B7-9E73-4338-8168-CEB5F8D21D62}"
EndProject
Project("{8BC9CEB8-8B4A-11D0-8D11-00A0C91BC942}") = "Text", "Text\Text.vcproj", "{7648E97E-0A7C-4990-BC6F-10842FD99A7E}"
EndProject
Project("{8BC9CEB8-8B4A-11D0-8D11-00A0C91BC942}") = "Ticker", "Ticker\Ticker.vcproj", "{3D8B354E-D475-43EA-BE04-2F0C2702803E}"
EndProject
Project("{8BC9CEB8-8B4A-11D0-8D11-00A0C91BC942}") = "TxtPlayer", "TxtPlayer\TxtPlayer.vcproj", "{F9077442-1713-4C9E-9237-3B5EF28812C6}"
EndProject
Project("{8BC9CEB8-8B4A-11D0-8D11-00A0C91BC942}") = "VMRMix", "VMRMix\VMRMix.vcproj", "{95559791-0F91-4CDD-8076-512504802478}"
EndProject
Project("{8BC9CEB8-8B4A-11D0-8D11-00A0C91BC942}") = "VMRMulti", "VMRMulti\VMRMulti.vcproj", "{03596F9A-0218-4AE9-B2A9-0DB86B31944A}"
EndProject
Project("{8BC9CEB8-8B4A-11D0-8D11-00A0C91BC942}") = "VMRPip", "PIP\VMRPIP.vcproj", "{DB84FD0A-EEAD-4589-B4EB-B44DA3DD005A}"
EndProject
Project("{8BC9CEB8-8B4A-11D0-8D11-00A0C91BC942}") = "VMRPlayer", "VMRPlayer\VMRPlayer.vcproj", "{1308D4AB-1972-4AE7-8D59-C0997604A7A4}"
EndProject
Project("{8BC9CEB8-8B4A-11D0-8D11-00A0C91BC942}") = "VMRXcl", "VMRXcl\VMRXcl.vcproj", "{54A9E805-4DDA-4968-975F-BF35FE320410}"
EndProject
Project("{8BC9CEB8-8B4A-11D0-8D11-00A0C91BC942}") = "VMRXclBasic", "VMRXclBasic\VMRXclBasic.vcproj", "{AF44130D-C090-40E9-A3AA-EB6369E1CB0F}"
EndProject
Project("{8BC9CEB8-8B4A-11D0-8D11-00A0C91BC942}") = "Watermark", "Watermark\Watermark.vcproj", "{F50DE914-5E78-423A-9650-2CA1B065ED44}"
EndProject
Project("{8BC9CEB8-8B4A-11D0-8D11-00A0C91BC942}") = "Windowless", "Windowless\Windowless.vcproj", "{EF54F922-2519-4005-A93D-6805A0E82D9D}"
EndProject
Global
	GlobalSection(SolutionConfiguration) = preSolution
		ConfigName.0 = Debug
		ConfigName.1 = Debug Unicode
		ConfigName.2 = Release
		ConfigName.3 = Release Unicode
	EndGlobalSection
	GlobalSection(ProjectDependencies) = postSolution
	EndGlobalSection
	GlobalSection(ProjectConfiguration) = postSolution
		{3191BED6-FF8F-415B-9214-35216D49F627}.Debug.ActiveCfg = Debug|Win32
		{3191BED6-FF8F-415B-9214-35216D49F627}.Debug.Build.0 = Debug|Win32
		{3191BED6-FF8F-415B-9214-35216D49F627}.Debug Unicode.ActiveCfg = Debug Unicode|Win32
		{3191BED6-FF8F-415B-9214-35216D49F627}.Debug Unicode.Build.0 = Debug Unicode|Win32
		{3191BED6-FF8F-415B-9214-35216D49F627}.Release.ActiveCfg = Release|Win32
		{3191BED6-FF8F-415B-9214-35216D49F627}.Release.Build.0 = Release|Win32
		{3191BED6-FF8F-415B-9214-35216D49F627}.Release Unicode.ActiveCfg = Release Unicode|Win32
		{3191BED6-FF8F-415B-9214-35216D49F627}.Release Unicode.Build.0 = Release Unicode|Win32
		{C6341807-211B-468D-BDDF-B3A03136EDBF}.Debug.ActiveCfg = Debug|Win32
		{C6341807-211B-468D-BDDF-B3A03136EDBF}.Debug.Build.0 = Debug|Win32
		{C6341807-211B-468D-BDDF-B3A03136EDBF}.Debug Unicode.ActiveCfg = Debug Unicode|Win32
		{C6341807-211B-468D-BDDF-B3A03136EDBF}.Debug Unicode.Build.0 = Debug Unicode|Win32
		{C6341807-211B-468D-BDDF-B3A03136EDBF}.Release.ActiveCfg = Release|Win32
		{C6341807-211B-468D-BDDF-B3A03136EDBF}.Release.Build.0 = Release|Win32
		{C6341807-211B-468D-BDDF-B3A03136EDBF}.Release Unicode.ActiveCfg = Release Unicode|Win32
		{C6341807-211B-468D-BDDF-B3A03136EDBF}.Release Unicode.Build.0 = Release Unicode|Win32
		{1C87675F-B8B7-4C6D-8C46-6D381B8D8369}.Debug.ActiveCfg = Debug|Win32
		{1C87675F-B8B7-4C6D-8C46-6D381B8D8369}.Debug.Build.0 = Debug|Win32
		{1C87675F-B8B7-4C6D-8C46-6D381B8D8369}.Debug Unicode.ActiveCfg = Debug Unicode|Win32
		{1C87675F-B8B7-4C6D-8C46-6D381B8D8369}.Debug Unicode.Build.0 = Debug Unicode|Win32
		{1C87675F-B8B7-4C6D-8C46-6D381B8D8369}.Release.ActiveCfg = Release|Win32
		{1C87675F-B8B7-4C6D-8C46-6D381B8D8369}.Release.Build.0 = Release|Win32
		{1C87675F-B8B7-4C6D-8C46-6D381B8D8369}.Release Unicode.ActiveCfg = Release Unicode|Win32
		{1C87675F-B8B7-4C6D-8C46-6D381B8D8369}.Release Unicode.Build.0 = Release Unicode|Win32
		{A2B828B7-9E73-4338-8168-CEB5F8D21D62}.Debug.ActiveCfg = Debug|Win32
		{A2B828B7-9E73-4338-8168-CEB5F8D21D62}.Debug.Build.0 = Debug|Win32
		{A2B828B7-9E73-4338-8168-CEB5F8D21D62}.Debug Unicode.ActiveCfg = Debug Unicode|Win32
		{A2B828B7-9E73-4338-8168-CEB5F8D21D62}.Debug Unicode.Build.0 = Debug Unicode|Win32
		{A2B828B7-9E73-4338-8168-CEB5F8D21D62}.Release.ActiveCfg = Release|Win32
		{A2B828B7-9E73-4338-8168-CEB5F8D21D62}.Release.Build.0 = Release|Win32
		{A2B828B7-9E73-4338-8168-CEB5F8D21D62}.Release Unicode.ActiveCfg = Release Unicode|Win32
		{A2B828B7-9E73-4338-8168-CEB5F8D21D62}.Release Unicode.Build.0 = Release Unicode|Win32
		{7648E97E-0A7C-4990-BC6F-10842FD99A7E}.Debug.ActiveCfg = Debug|Win32
		{7648E97E-0A7C-4990-BC6F-10842FD99A7E}.Debug.Build.0 = Debug|Win32
		{7648E97E-0A7C-4990-BC6F-10842FD99A7E}.Debug Unicode.ActiveCfg = Debug Unicode|Win32
		{7648E97E-0A7C-4990-BC6F-10842FD99A7E}.Debug Unicode.Build.0 = Debug Unicode|Win32
		{7648E97E-0A7C-4990-BC6F-10842FD99A7E}.Release.ActiveCfg = Release|Win32
		{7648E97E-0A7C-4990-BC6F-10842FD99A7E}.Release.Build.0 = Release|Win32
		{7648E97E-0A7C-4990-BC6F-10842FD99A7E}.Release Unicode.ActiveCfg = Release Unicode|Win32
		{7648E97E-0A7C-4990-BC6F-10842FD99A7E}.Release Unicode.Build.0 = Release Unicode|Win32
		{3D8B354E-D475-43EA-BE04-2F0C2702803E}.Debug.ActiveCfg = Debug|Win32
		{3D8B354E-D475-43EA-BE04-2F0C2702803E}.Debug.Build.0 = Debug|Win32
		{3D8B354E-D475-43EA-BE04-2F0C2702803E}.Debug Unicode.ActiveCfg = Debug Unicode|Win32
		{3D8B354E-D475-43EA-BE04-2F0C2702803E}.Debug Unicode.Build.0 = Debug Unicode|Win32
		{3D8B354E-D475-43EA-BE04-2F0C2702803E}.Release.ActiveCfg = Release|Win32
		{3D8B354E-D475-43EA-BE04-2F0C2702803E}.Release.Build.0 = Release|Win32
		{3D8B354E-D475-43EA-BE04-2F0C2702803E}.Release Unicode.ActiveCfg = Release Unicode|Win32
		{3D8B354E-D475-43EA-BE04-2F0C2702803E}.Release Unicode.Build.0 = Release Unicode|Win32
		{F9077442-1713-4C9E-9237-3B5EF28812C6}.Debug.ActiveCfg = Debug|Win32
		{F9077442-1713-4C9E-9237-3B5EF28812C6}.Debug.Build.0 = Debug|Win32
		{F9077442-1713-4C9E-9237-3B5EF28812C6}.Debug Unicode.ActiveCfg = Debug Unicode|Win32
		{F9077442-1713-4C9E-9237-3B5EF28812C6}.Debug Unicode.Build.0 = Debug Unicode|Win32
		{F9077442-1713-4C9E-9237-3B5EF28812C6}.Release.ActiveCfg = Release|Win32
		{F9077442-1713-4C9E-9237-3B5EF28812C6}.Release.Build.0 = Release|Win32
		{F9077442-1713-4C9E-9237-3B5EF28812C6}.Release Unicode.ActiveCfg = Release Unicode|Win32
		{F9077442-1713-4C9E-9237-3B5EF28812C6}.Release Unicode.Build.0 = Release Unicode|Win32
		{95559791-0F91-4CDD-8076-512504802478}.Debug.ActiveCfg = Debug|Win32
		{95559791-0F91-4CDD-8076-512504802478}.Debug.Build.0 = Debug|Win32
		{95559791-0F91-4CDD-8076-512504802478}.Debug Unicode.ActiveCfg = Debug Unicode|Win32
		{95559791-0F91-4CDD-8076-512504802478}.Debug Unicode.Build.0 = Debug Unicode|Win32
		{95559791-0F91-4CDD-8076-512504802478}.Release.ActiveCfg = Release|Win32
		{95559791-0F91-4CDD-8076-512504802478}.Release.Build.0 = Release|Win32
		{95559791-0F91-4CDD-8076-512504802478}.Release Unicode.ActiveCfg = Release Unicode|Win32
		{95559791-0F91-4CDD-8076-512504802478}.Release Unicode.Build.0 = Release Unicode|Win32
		{03596F9A-0218-4AE9-B2A9-0DB86B31944A}.Debug.ActiveCfg = Debug|Win32
		{03596F9A-0218-4AE9-B2A9-0DB86B31944A}.Debug.Build.0 = Debug|Win32
		{03596F9A-0218-4AE9-B2A9-0DB86B31944A}.Debug Unicode.ActiveCfg = Debug Unicode|Win32
		{03596F9A-0218-4AE9-B2A9-0DB86B31944A}.Debug Unicode.Build.0 = Debug Unicode|Win32
		{03596F9A-0218-4AE9-B2A9-0DB86B31944A}.Release.ActiveCfg = Release|Win32
		{03596F9A-0218-4AE9-B2A9-0DB86B31944A}.Release.Build.0 = Release|Win32
		{03596F9A-0218-4AE9-B2A9-0DB86B31944A}.Release Unicode.ActiveCfg = Release Unicode|Win32
		{03596F9A-0218-4AE9-B2A9-0DB86B31944A}.Release Unicode.Build.0 = Release Unicode|Win32
		{DB84FD0A-EEAD-4589-B4EB-B44DA3DD005A}.Debug.ActiveCfg = Debug|Win32
		{DB84FD0A-EEAD-4589-B4EB-B44DA3DD005A}.Debug.Build.0 = Debug|Win32
		{DB84FD0A-EEAD-4589-B4EB-B44DA3DD005A}.Debug Unicode.ActiveCfg = Debug Unicode|Win32
		{DB84FD0A-EEAD-4589-B4EB-B44DA3DD005A}.Debug Unicode.Build.0 = Debug Unicode|Win32
		{DB84FD0A-EEAD-4589-B4EB-B44DA3DD005A}.Release.ActiveCfg = Release|Win32
		{DB84FD0A-EEAD-4589-B4EB-B44DA3DD005A}.Release.Build.0 = Release|Win32
		{DB84FD0A-EEAD-4589-B4EB-B44DA3DD005A}.Release Unicode.ActiveCfg = Release Unicode|Win32
		{DB84FD0A-EEAD-4589-B4EB-B44DA3DD005A}.Release Unicode.Build.0 = Release Unicode|Win32
		{1308D4AB-1972-4AE7-8D59-C0997604A7A4}.Debug.ActiveCfg = Debug|Win32
		{1308D4AB-1972-4AE7-8D59-C0997604A7A4}.Debug.Build.0 = Debug|Win32
		{1308D4AB-1972-4AE7-8D59-C0997604A7A4}.Debug Unicode.ActiveCfg = Debug Unicode|Win32
		{1308D4AB-1972-4AE7-8D59-C0997604A7A4}.Debug Unicode.Build.0 = Debug Unicode|Win32
		{1308D4AB-1972-4AE7-8D59-C0997604A7A4}.Release.ActiveCfg = Release|Win32
		{1308D4AB-1972-4AE7-8D59-C0997604A7A4}.Release.Build.0 = Release|Win32
		{1308D4AB-1972-4AE7-8D59-C0997604A7A4}.Release Unicode.ActiveCfg = Release Unicode|Win32
		{1308D4AB-1972-4AE7-8D59-C0997604A7A4}.Release Unicode.Build.0 = Release Unicode|Win32
		{54A9E805-4DDA-4968-975F-BF35FE320410}.Debug.ActiveCfg = Debug|Win32
		{54A9E805-4DDA-4968-975F-BF35FE320410}.Debug.Build.0 = Debug|Win32
		{54A9E805-4DDA-4968-975F-BF35FE320410}.Debug Unicode.ActiveCfg = Debug Unicode|Win32
		{54A9E805-4DDA-4968-975F-BF35FE320410}.Debug Unicode.Build.0 = Debug Unicode|Win32
		{54A9E805-4DDA-4968-975F-BF35FE320410}.Release.ActiveCfg = Release|Win32
		{54A9E805-4DDA-4968-975F-BF35FE320410}.Release.Build.0 = Release|Win32
		{54A9E805-4DDA-4968-975F-BF35FE320410}.Release Unicode.ActiveCfg = Release Unicode|Win32
		{54A9E805-4DDA-4968-975F-BF35FE320410}.Release Unicode.Build.0 = Release Unicode|Win32
		{AF44130D-C090-40E9-A3AA-EB6369E1CB0F}.Debug.ActiveCfg = Debug|Win32
		{AF44130D-C090-40E9-A3AA-EB6369E1CB0F}.Debug.Build.0 = Debug|Win32
		{AF44130D-C090-40E9-A3AA-EB6369E1CB0F}.Debug Unicode.ActiveCfg = Debug Unicode|Win32
		{AF44130D-C090-40E9-A3AA-EB6369E1CB0F}.Debug Unicode.Build.0 = Debug Unicode|Win32
		{AF44130D-C090-40E9-A3AA-EB6369E1CB0F}.Release.ActiveCfg = Release|Win32
		{AF44130D-C090-40E9-A3AA-EB6369E1CB0F}.Release.Build.0 = Release|Win32
		{AF44130D-C090-40E9-A3AA-EB6369E1CB0F}.Release Unicode.ActiveCfg = Release Unicode|Win32
		{AF44130D-C090-40E9-A3AA-EB6369E1CB0F}.Release Unicode.Build.0 = Release Unicode|Win32
		{F50DE914-5E78-423A-9650-2CA1B065ED44}.Debug.ActiveCfg = Debug|Win32
		{F50DE914-5E78-423A-9650-2CA1B065ED44}.Debug.Build.0 = Debug|Win32
		{F50DE914-5E78-423A-9650-2CA1B065ED44}.Debug Unicode.ActiveCfg = Debug Unicode|Win32
		{F50DE914-5E78-423A-9650-2CA1B065ED44}.Debug Unicode.Build.0 = Debug Unicode|Win32
		{F50DE914-5E78-423A-9650-2CA1B065ED44}.Release.ActiveCfg = Release|Win32
		{F50DE914-5E78-423A-9650-2CA1B065ED44}.Release.Build.0 = Release|Win32
		{F50DE914-5E78-423A-9650-2CA1B065ED44}.Release Unicode.ActiveCfg = Release Unicode|Win32
		{F50DE914-5E78-423A-9650-2CA1B065ED44}.Release Unicode.Build.0 = Release Unicode|Win32
		{EF54F922-2519-4005-A93D-6805A0E82D9D}.Debug.ActiveCfg = Debug|Win32
		{EF54F922-2519-4005-A93D-6805A0E82D9D}.Debug.Build.0 = Debug|Win32
		{EF54F922-2519-4005-A93D-6805A0E82D9D}.Debug Unicode.ActiveCfg = Debug Unicode|Win32
		{EF54F922-2519-4005-A93D-6805A0E82D9D}.Debug Unicode.Build.0 = Debug Unicode|Win32
		{EF54F922-2519-4005-A93D-6805A0E82D9D}.Release.ActiveCfg = Release|Win32
		{EF54F922-2519-4005-A93D-6805A0E82D9D}.Release.Build.0 = Release|Win32
		{EF54F922-2519-4005-A93D-6805A0E82D9D}.Release Unicode.ActiveCfg = Release Unicode|Win32
		{EF54F922-2519-4005-A93D-6805A0E82D9D}.Release Unicode.Build.0 = Release Unicode|Win32
	EndGlobalSection
	GlobalSection(ExtensibilityGlobals) = postSolution
	EndGlobalSection
	GlobalSection(ExtensibilityAddIns) = postSolution
	EndGlobalSection
EndGlobal
