Microsoft Visual Studio Solution File, Format Version 7.00
Project("{FAE04EC0-301F-11D3-BF4B-00C04F79EFBC}") = "Tutorial1", "Tutorial1.csproj", "{0CFAFC3E-AFBB-45B5-A14F-B96B33F8E148}"
EndProject
Global
	GlobalSection(SolutionConfiguration) = preSolution
		ConfigName.0 = Debug
		ConfigName.1 = Release
	EndGlobalSection
	GlobalSection(ProjectDependencies) = postSolution
	EndGlobalSection
	GlobalSection(ProjectConfiguration) = postSolution
		{0CFAFC3E-AFBB-45B5-A14F-B96B33F8E148}.Debug.ActiveCfg = Debug|.NET
		{0CFAFC3E-AFBB-45B5-A14F-B96B33F8E148}.Debug.Build.0 = Debug|.NET
		{0CFAFC3E-AFBB-45B5-A14F-B96B33F8E148}.Release.ActiveCfg = Release|.NET
		{0CFAFC3E-AFBB-45B5-A14F-B96B33F8E148}.Release.Build.0 = Release|.NET
	EndGlobalSection
	GlobalSection(ExtensibilityGlobals) = postSolution
	EndGlobalSection
	GlobalSection(ExtensibilityAddIns) = postSolution
	EndGlobalSection
EndGlobal
