Microsoft Visual Studio Solution File, Format Version 7.00
Project("{8BC9CEB8-8B4A-11D0-8D11-00A0C91BC942}") = "ActionBasic", "ActionBasic\ActionBasic.vcproj", "{565078B6-F3AB-4B9B-815D-ECD524614FBE}"
EndProject
Project("{8BC9CEB8-8B4A-11D0-8D11-00A0C91BC942}") = "ActionMapper", "actionmapper\ActionMapper.vcproj", "{085ABA20-6CC8-43C5-9E57-A17E92751C0F}"
EndProject
Project("{8BC9CEB8-8B4A-11D0-8D11-00A0C91BC942}") = "diconfig", "diconfig\diconfig.vcproj", "{1821E9DA-06F9-4F98-86B0-A671E44F7B7E}"
EndProject
Project("{8BC9CEB8-8B4A-11D0-8D11-00A0C91BC942}") = "FFConst", "ffconst\ffconst.vcproj", "{1848A811-1C48-4B83-9B9C-D21D0BE14FF8}"
EndProject
Project("{8BC9CEB8-8B4A-11D0-8D11-00A0C91BC942}") = "Joystick", "joystick\joystick.vcproj", "{43E20DBD-F46C-467E-A2D0-73B3708C4B72}"
EndProject
Project("{8BC9CEB8-8B4A-11D0-8D11-00A0C91BC942}") = "keyboard", "keyboard\keyboard.vcproj", "{5AE23396-2A48-4A8B-8A57-56017EC6FA42}"
EndProject
Project("{8BC9CEB8-8B4A-11D0-8D11-00A0C91BC942}") = "mouse", "mouse\mouse.vcproj", "{D1BCF19D-43B1-4B0D-BFAF-D5D22BEF8658}"
EndProject
Project("{8BC9CEB8-8B4A-11D0-8D11-00A0C91BC942}") = "MultiMapper", "MultiMapper\MultiMapper.vcproj", "{6D52C3CC-A80B-47FC-8770-D5043C46C78D}"
EndProject
Project("{8BC9CEB8-8B4A-11D0-8D11-00A0C91BC942}") = "readffe", "readffe\readffe.vcproj", "{75BB94AD-E2CA-4212-8806-38A97D72D231}"
EndProject
Project("{8BC9CEB8-8B4A-11D0-8D11-00A0C91BC942}") = "scrawl", "scrawl\scrawl.vcproj", "{9055BFCB-18A2-4698-AC0C-3E1EA490575C}"
EndProject
Project("{8BC9CEB8-8B4A-11D0-8D11-00A0C91BC942}") = "CustomFormat", "CustomFormat\CustomFormat.vcproj", "{E0F33662-5A24-419F-8B58-16DEAF947F3A}"
EndProject
Project("{8BC9CEB8-8B4A-11D0-8D11-00A0C91BC942}") = "drumpad", "DrumPad\drumpad.vcproj", "{0995E41D-41A9-4B9D-B0FC-F0C48F8BBAFA}"
EndProject
Project("{8BC9CEB8-8B4A-11D0-8D11-00A0C91BC942}") = "DeviceView", "DeviceView\deviceview.vcproj", "{8FE22255-00B2-4041-9FF8-10261EBA54DC}"
EndProject
Global
	GlobalSection(SolutionConfiguration) = preSolution
		ConfigName.0 = Debug
		ConfigName.1 = Debug Unicode
		ConfigName.2 = Release
		ConfigName.3 = Release Unicode
	EndGlobalSection
	GlobalSection(ProjectDependencies) = postSolution
	EndGlobalSection
	GlobalSection(ProjectConfiguration) = postSolution
		{565078B6-F3AB-4B9B-815D-ECD524614FBE}.Debug.ActiveCfg = Debug|Win32
		{565078B6-F3AB-4B9B-815D-ECD524614FBE}.Debug.Build.0 = Debug|Win32
		{565078B6-F3AB-4B9B-815D-ECD524614FBE}.Debug Unicode.ActiveCfg = Debug Unicode|Win32
		{565078B6-F3AB-4B9B-815D-ECD524614FBE}.Debug Unicode.Build.0 = Debug Unicode|Win32
		{565078B6-F3AB-4B9B-815D-ECD524614FBE}.Release.ActiveCfg = Release|Win32
		{565078B6-F3AB-4B9B-815D-ECD524614FBE}.Release.Build.0 = Release|Win32
		{565078B6-F3AB-4B9B-815D-ECD524614FBE}.Release Unicode.ActiveCfg = Release Unicode|Win32
		{565078B6-F3AB-4B9B-815D-ECD524614FBE}.Release Unicode.Build.0 = Release Unicode|Win32
		{085ABA20-6CC8-43C5-9E57-A17E92751C0F}.Debug.ActiveCfg = Debug|Win32
		{085ABA20-6CC8-43C5-9E57-A17E92751C0F}.Debug.Build.0 = Debug|Win32
		{085ABA20-6CC8-43C5-9E57-A17E92751C0F}.Debug Unicode.ActiveCfg = Debug Unicode|Win32
		{085ABA20-6CC8-43C5-9E57-A17E92751C0F}.Debug Unicode.Build.0 = Debug Unicode|Win32
		{085ABA20-6CC8-43C5-9E57-A17E92751C0F}.Release.ActiveCfg = Release|Win32
		{085ABA20-6CC8-43C5-9E57-A17E92751C0F}.Release.Build.0 = Release|Win32
		{085ABA20-6CC8-43C5-9E57-A17E92751C0F}.Release Unicode.ActiveCfg = Release Unicode|Win32
		{085ABA20-6CC8-43C5-9E57-A17E92751C0F}.Release Unicode.Build.0 = Release Unicode|Win32
		{1821E9DA-06F9-4F98-86B0-A671E44F7B7E}.Debug.ActiveCfg = Debug|Win32
		{1821E9DA-06F9-4F98-86B0-A671E44F7B7E}.Debug.Build.0 = Debug|Win32
		{1821E9DA-06F9-4F98-86B0-A671E44F7B7E}.Debug Unicode.ActiveCfg = Debug Unicode|Win32
		{1821E9DA-06F9-4F98-86B0-A671E44F7B7E}.Debug Unicode.Build.0 = Debug Unicode|Win32
		{1821E9DA-06F9-4F98-86B0-A671E44F7B7E}.Release.ActiveCfg = Release|Win32
		{1821E9DA-06F9-4F98-86B0-A671E44F7B7E}.Release.Build.0 = Release|Win32
		{1821E9DA-06F9-4F98-86B0-A671E44F7B7E}.Release Unicode.ActiveCfg = Release Unicode|Win32
		{1821E9DA-06F9-4F98-86B0-A671E44F7B7E}.Release Unicode.Build.0 = Release Unicode|Win32
		{1848A811-1C48-4B83-9B9C-D21D0BE14FF8}.Debug.ActiveCfg = Debug|Win32
		{1848A811-1C48-4B83-9B9C-D21D0BE14FF8}.Debug.Build.0 = Debug|Win32
		{1848A811-1C48-4B83-9B9C-D21D0BE14FF8}.Debug Unicode.ActiveCfg = Debug Unicode|Win32
		{1848A811-1C48-4B83-9B9C-D21D0BE14FF8}.Debug Unicode.Build.0 = Debug Unicode|Win32
		{1848A811-1C48-4B83-9B9C-D21D0BE14FF8}.Release.ActiveCfg = Release|Win32
		{1848A811-1C48-4B83-9B9C-D21D0BE14FF8}.Release.Build.0 = Release|Win32
		{1848A811-1C48-4B83-9B9C-D21D0BE14FF8}.Release Unicode.ActiveCfg = Release Unicode|Win32
		{1848A811-1C48-4B83-9B9C-D21D0BE14FF8}.Release Unicode.Build.0 = Release Unicode|Win32
		{43E20DBD-F46C-467E-A2D0-73B3708C4B72}.Debug.ActiveCfg = Debug|Win32
		{43E20DBD-F46C-467E-A2D0-73B3708C4B72}.Debug.Build.0 = Debug|Win32
		{43E20DBD-F46C-467E-A2D0-73B3708C4B72}.Debug Unicode.ActiveCfg = Debug Unicode|Win32
		{43E20DBD-F46C-467E-A2D0-73B3708C4B72}.Debug Unicode.Build.0 = Debug Unicode|Win32
		{43E20DBD-F46C-467E-A2D0-73B3708C4B72}.Release.ActiveCfg = Release|Win32
		{43E20DBD-F46C-467E-A2D0-73B3708C4B72}.Release.Build.0 = Release|Win32
		{43E20DBD-F46C-467E-A2D0-73B3708C4B72}.Release Unicode.ActiveCfg = Release Unicode|Win32
		{43E20DBD-F46C-467E-A2D0-73B3708C4B72}.Release Unicode.Build.0 = Release Unicode|Win32
		{5AE23396-2A48-4A8B-8A57-56017EC6FA42}.Debug.ActiveCfg = Debug|Win32
		{5AE23396-2A48-4A8B-8A57-56017EC6FA42}.Debug.Build.0 = Debug|Win32
		{5AE23396-2A48-4A8B-8A57-56017EC6FA42}.Debug Unicode.ActiveCfg = Debug Unicode|Win32
		{5AE23396-2A48-4A8B-8A57-56017EC6FA42}.Debug Unicode.Build.0 = Debug Unicode|Win32
		{5AE23396-2A48-4A8B-8A57-56017EC6FA42}.Release.ActiveCfg = Release|Win32
		{5AE23396-2A48-4A8B-8A57-56017EC6FA42}.Release.Build.0 = Release|Win32
		{5AE23396-2A48-4A8B-8A57-56017EC6FA42}.Release Unicode.ActiveCfg = Release Unicode|Win32
		{5AE23396-2A48-4A8B-8A57-56017EC6FA42}.Release Unicode.Build.0 = Release Unicode|Win32
		{D1BCF19D-43B1-4B0D-BFAF-D5D22BEF8658}.Debug.ActiveCfg = Debug|Win32
		{D1BCF19D-43B1-4B0D-BFAF-D5D22BEF8658}.Debug.Build.0 = Debug|Win32
		{D1BCF19D-43B1-4B0D-BFAF-D5D22BEF8658}.Debug Unicode.ActiveCfg = Debug Unicode|Win32
		{D1BCF19D-43B1-4B0D-BFAF-D5D22BEF8658}.Debug Unicode.Build.0 = Debug Unicode|Win32
		{D1BCF19D-43B1-4B0D-BFAF-D5D22BEF8658}.Release.ActiveCfg = Release|Win32
		{D1BCF19D-43B1-4B0D-BFAF-D5D22BEF8658}.Release.Build.0 = Release|Win32
		{D1BCF19D-43B1-4B0D-BFAF-D5D22BEF8658}.Release Unicode.ActiveCfg = Release Unicode|Win32
		{D1BCF19D-43B1-4B0D-BFAF-D5D22BEF8658}.Release Unicode.Build.0 = Release Unicode|Win32
		{6D52C3CC-A80B-47FC-8770-D5043C46C78D}.Debug.ActiveCfg = Debug|Win32
		{6D52C3CC-A80B-47FC-8770-D5043C46C78D}.Debug.Build.0 = Debug|Win32
		{6D52C3CC-A80B-47FC-8770-D5043C46C78D}.Debug Unicode.ActiveCfg = Debug Unicode|Win32
		{6D52C3CC-A80B-47FC-8770-D5043C46C78D}.Debug Unicode.Build.0 = Debug Unicode|Win32
		{6D52C3CC-A80B-47FC-8770-D5043C46C78D}.Release.ActiveCfg = Release|Win32
		{6D52C3CC-A80B-47FC-8770-D5043C46C78D}.Release.Build.0 = Release|Win32
		{6D52C3CC-A80B-47FC-8770-D5043C46C78D}.Release Unicode.ActiveCfg = Release Unicode|Win32
		{6D52C3CC-A80B-47FC-8770-D5043C46C78D}.Release Unicode.Build.0 = Release Unicode|Win32
		{75BB94AD-E2CA-4212-8806-38A97D72D231}.Debug.ActiveCfg = Debug|Win32
		{75BB94AD-E2CA-4212-8806-38A97D72D231}.Debug.Build.0 = Debug|Win32
		{75BB94AD-E2CA-4212-8806-38A97D72D231}.Debug Unicode.ActiveCfg = Debug Unicode|Win32
		{75BB94AD-E2CA-4212-8806-38A97D72D231}.Debug Unicode.Build.0 = Debug Unicode|Win32
		{75BB94AD-E2CA-4212-8806-38A97D72D231}.Release.ActiveCfg = Release|Win32
		{75BB94AD-E2CA-4212-8806-38A97D72D231}.Release.Build.0 = Release|Win32
		{75BB94AD-E2CA-4212-8806-38A97D72D231}.Release Unicode.ActiveCfg = Release Unicode|Win32
		{75BB94AD-E2CA-4212-8806-38A97D72D231}.Release Unicode.Build.0 = Release Unicode|Win32
		{9055BFCB-18A2-4698-AC0C-3E1EA490575C}.Debug.ActiveCfg = Debug|Win32
		{9055BFCB-18A2-4698-AC0C-3E1EA490575C}.Debug.Build.0 = Debug|Win32
		{9055BFCB-18A2-4698-AC0C-3E1EA490575C}.Debug Unicode.ActiveCfg = Debug Unicode|Win32
		{9055BFCB-18A2-4698-AC0C-3E1EA490575C}.Debug Unicode.Build.0 = Debug Unicode|Win32
		{9055BFCB-18A2-4698-AC0C-3E1EA490575C}.Release.ActiveCfg = Release|Win32
		{9055BFCB-18A2-4698-AC0C-3E1EA490575C}.Release.Build.0 = Release|Win32
		{9055BFCB-18A2-4698-AC0C-3E1EA490575C}.Release Unicode.ActiveCfg = Release Unicode|Win32
		{9055BFCB-18A2-4698-AC0C-3E1EA490575C}.Release Unicode.Build.0 = Release Unicode|Win32
		{E0F33662-5A24-419F-8B58-16DEAF947F3A}.Debug.ActiveCfg = Debug|Win32
		{E0F33662-5A24-419F-8B58-16DEAF947F3A}.Debug.Build.0 = Debug|Win32
		{E0F33662-5A24-419F-8B58-16DEAF947F3A}.Debug Unicode.ActiveCfg = Debug Unicode|Win32
		{E0F33662-5A24-419F-8B58-16DEAF947F3A}.Debug Unicode.Build.0 = Debug Unicode|Win32
		{E0F33662-5A24-419F-8B58-16DEAF947F3A}.Release.ActiveCfg = Release|Win32
		{E0F33662-5A24-419F-8B58-16DEAF947F3A}.Release.Build.0 = Release|Win32
		{E0F33662-5A24-419F-8B58-16DEAF947F3A}.Release Unicode.ActiveCfg = Release Unicode|Win32
		{E0F33662-5A24-419F-8B58-16DEAF947F3A}.Release Unicode.Build.0 = Release Unicode|Win32
		{0995E41D-41A9-4B9D-B0FC-F0C48F8BBAFA}.Debug.ActiveCfg = Debug|Win32
		{0995E41D-41A9-4B9D-B0FC-F0C48F8BBAFA}.Debug.Build.0 = Debug|Win32
		{0995E41D-41A9-4B9D-B0FC-F0C48F8BBAFA}.Debug Unicode.ActiveCfg = Debug Unicode|Win32
		{0995E41D-41A9-4B9D-B0FC-F0C48F8BBAFA}.Debug Unicode.Build.0 = Debug Unicode|Win32
		{0995E41D-41A9-4B9D-B0FC-F0C48F8BBAFA}.Release.ActiveCfg = Release|Win32
		{0995E41D-41A9-4B9D-B0FC-F0C48F8BBAFA}.Release.Build.0 = Release|Win32
		{0995E41D-41A9-4B9D-B0FC-F0C48F8BBAFA}.Release Unicode.ActiveCfg = Release Unicode|Win32
		{0995E41D-41A9-4B9D-B0FC-F0C48F8BBAFA}.Release Unicode.Build.0 = Release Unicode|Win32
		{8FE22255-00B2-4041-9FF8-10261EBA54DC}.Debug.ActiveCfg = Debug|Win32
		{8FE22255-00B2-4041-9FF8-10261EBA54DC}.Debug.Build.0 = Debug|Win32
		{8FE22255-00B2-4041-9FF8-10261EBA54DC}.Debug Unicode.ActiveCfg = Debug Unicode|Win32
		{8FE22255-00B2-4041-9FF8-10261EBA54DC}.Debug Unicode.Build.0 = Debug Unicode|Win32
		{8FE22255-00B2-4041-9FF8-10261EBA54DC}.Release.ActiveCfg = Release|Win32
		{8FE22255-00B2-4041-9FF8-10261EBA54DC}.Release.Build.0 = Release|Win32
		{8FE22255-00B2-4041-9FF8-10261EBA54DC}.Release Unicode.ActiveCfg = Release Unicode|Win32
		{8FE22255-00B2-4041-9FF8-10261EBA54DC}.Release Unicode.Build.0 = Release Unicode|Win32
	EndGlobalSection
	GlobalSection(SolutionItems) = postSolution
	EndGlobalSection
	GlobalSection(ExtensibilityGlobals) = postSolution
	EndGlobalSection
	GlobalSection(ExtensibilityAddIns) = postSolution
	EndGlobalSection
EndGlobal
