Microsoft Visual Studio Solution File, Format Version 7.00
Project("{FAE04EC0-301F-11D3-BF4B-00C04F79EFBC}") = "ActionBasic", "ActionBasic.csproj", "{D8EDBF51-1DF1-4E46-B4F2-138B8AC7BE20}"
EndProject
Global
	GlobalSection(SolutionConfiguration) = preSolution
		ConfigName.0 = Debug
		ConfigName.1 = Release
	EndGlobalSection
	GlobalSection(ProjectDependencies) = postSolution
	EndGlobalSection
	GlobalSection(ProjectConfiguration) = postSolution
		{D8EDBF51-1DF1-4E46-B4F2-138B8AC7BE20}.Debug.ActiveCfg = Debug|.NET
		{D8EDBF51-1DF1-4E46-B4F2-138B8AC7BE20}.Debug.Build.0 = Debug|.NET
		{D8EDBF51-1DF1-4E46-B4F2-138B8AC7BE20}.Release.ActiveCfg = Release|.NET
		{D8EDBF51-1DF1-4E46-B4F2-138B8AC7BE20}.Release.Build.0 = Release|.NET
	EndGlobalSection
	GlobalSection(ExtensibilityGlobals) = postSolution
	EndGlobalSection
	GlobalSection(ExtensibilityAddIns) = postSolution
	EndGlobalSection
EndGlobal
