Microsoft Visual Studio Solution File, Format Version 7.00
Project("{FAE04EC0-301F-11D3-BF4B-00C04F79EFBC}") = "ReadFFE", "ReadFFE.csproj", "{5E56C9D6-FE03-4349-9950-00A65CBE95E4}"
EndProject
Global
	GlobalSection(DevPartner Solution Properties) = postSolution
	EndGlobalSection
	GlobalSection(SolutionConfiguration) = preSolution
		ConfigName.0 = Debug
		ConfigName.1 = Release
	EndGlobalSection
	GlobalSection(ProjectDependencies) = postSolution
	EndGlobalSection
	GlobalSection(ProjectConfiguration) = postSolution
		{5E56C9D6-FE03-4349-9950-00A65CBE95E4}.Debug.ActiveCfg = Debug|.NET
		{5E56C9D6-FE03-4349-9950-00A65CBE95E4}.Debug.Build.0 = Debug|.NET
		{5E56C9D6-FE03-4349-9950-00A65CBE95E4}.Release.ActiveCfg = Release|.NET
		{5E56C9D6-FE03-4349-9950-00A65CBE95E4}.Release.Build.0 = Release|.NET
	EndGlobalSection
	GlobalSection(ExtensibilityGlobals) = postSolution
	EndGlobalSection
	GlobalSection(ExtensibilityAddIns) = postSolution
	EndGlobalSection
EndGlobal
