Microsoft Visual Studio Solution File, Format Version 7.00
Project("{8BC9CEB8-8B4A-11D0-8D11-00A0C91BC942}") = "AddressOverride", "addressoverride\AddressOverride.vcproj", "{77CD992F-81E3-4B57-8C6B-CCCACF84022F}"
EndProject
Project("{8BC9CEB8-8B4A-11D0-8D11-00A0C91BC942}") = "ChatPeer", "chatpeer\ChatPeer.vcproj", "{43598C8F-DB89-4E69-94B8-281B76860FB6}"
EndProject
Project("{8BC9CEB8-8B4A-11D0-8D11-00A0C91BC942}") = "DataRelay", "datarelay\datarelay.vcproj", "{90B6C8A2-41E5-47AC-BF3F-06915F36EAFB}"
EndProject
Project("{8BC9CEB8-8B4A-11D0-8D11-00A0C91BC942}") = "LobbyClient", "lobbyclient\LobbyClient.vcproj", "{84076243-CFA1-44EE-84C7-B79D74DAB0C3}"
EndProject
Project("{8BC9CEB8-8B4A-11D0-8D11-00A0C91BC942}") = "SimpleClient", "simpleclientserver\simpleclient\SimpleClient.vcproj", "{27E0484E-9493-4463-9438-655C7ABE35E9}"
EndProject
Project("{8BC9CEB8-8B4A-11D0-8D11-00A0C91BC942}") = "SimpleServer", "simpleclientserver\simpleserver\SimpleServer.vcproj", "{7F2CD50C-D333-4D63-A744-CDF96D10917E}"
EndProject
Project("{8BC9CEB8-8B4A-11D0-8D11-00A0C91BC942}") = "MazeClient", "maze\MazeClient\MazeClient.vcproj", "{71FD1448-B09D-44AA-8D11-77FD228F63E7}"
EndProject
Project("{8BC9CEB8-8B4A-11D0-8D11-00A0C91BC942}") = "MazeConsoleClient", "maze\MazeConsoleClient\MazeConsoleClient.vcproj", "{4459B147-D787-4B6B-97BD-7EEDED1C46BE}"
EndProject
Project("{8BC9CEB8-8B4A-11D0-8D11-00A0C91BC942}") = "MazeServer", "maze\MazeServer\MazeServer.vcproj", "{79B6F7C6-B0F9-49D8-BDE6-E967A5D3FE77}"
EndProject
Project("{8BC9CEB8-8B4A-11D0-8D11-00A0C91BC942}") = "SimplePeer", "simplepeer\simplepeer.vcproj", "{F3C23A74-EC0B-45CD-BD8A-E78449075095}"
EndProject
Project("{8BC9CEB8-8B4A-11D0-8D11-00A0C91BC942}") = "StagedPeer", "stagedpeer\stagedpeer.vcproj", "{7C42F10E-2506-4365-8E5B-D425E553D315}"
EndProject
Project("{8BC9CEB8-8B4A-11D0-8D11-00A0C91BC942}") = "VoiceClient", "voiceclientserver\voiceclient\VoiceClient.vcproj", "{B10B99EC-F3D3-4569-ADCC-53D3E1E644D1}"
EndProject
Project("{8BC9CEB8-8B4A-11D0-8D11-00A0C91BC942}") = "VoiceServer", "voiceclientserver\voiceserver\VoiceServer.vcproj", "{0775BD20-3754-40DE-82E9-877708A44FCA}"
EndProject
Project("{8BC9CEB8-8B4A-11D0-8D11-00A0C91BC942}") = "VoiceConnect", "voiceconnect\voiceconnect.vcproj", "{B9814C0B-5FEE-412F-B8D8-74F327E0516C}"
EndProject
Project("{8BC9CEB8-8B4A-11D0-8D11-00A0C91BC942}") = "VoiceGroup", "voicegroup\voicegroup.vcproj", "{48DB3A7F-91E8-4217-9B27-43CA8BC8FFDE}"
EndProject
Project("{8BC9CEB8-8B4A-11D0-8D11-00A0C91BC942}") = "VoicePosition", "voiceposition\VoicePosition.vcproj", "{F3523749-3FF5-4C87-BD6D-8E1840249864}"
EndProject
Project("{8BC9CEB8-8B4A-11D0-8D11-00A0C91BC942}") = "NatPeer", "NatPeer\NatPeer.vcproj", "{77CD992F-81E3-4B57-8C6B-CCCACF84022F}"
EndProject
Project("{8BC9CEB8-8B4A-11D0-8D11-00A0C91BC942}") = "NatResolver", "NatResolver\NatResolver.vcproj", "{D5E78550-2BA4-45FD-8AFB-0D790218E6E8}"
EndProject
Project("{8BC9CEB8-8B4A-11D0-8D11-00A0C91BC942}") = "ThrottleClient", "Throttle\ThrottleClient\ThrottleClient.vcproj", "{9756688B-0A71-46E0-8E58-D151BECC6197}"
EndProject
Project("{8BC9CEB8-8B4A-11D0-8D11-00A0C91BC942}") = "ThrottleServer", "Throttle\ThrottleServer\ThrottleServer.vcproj", "{7B0A6E8B-1061-4868-B40B-61112C346E9B}"
EndProject
Global
	GlobalSection(SolutionConfiguration) = preSolution
		ConfigName.0 = Debug
		ConfigName.1 = Debug Unicode
		ConfigName.2 = Release
		ConfigName.3 = Release Unicode
	EndGlobalSection
	GlobalSection(ProjectDependencies) = postSolution
	EndGlobalSection
	GlobalSection(ProjectConfiguration) = postSolution
		{77CD992F-81E3-4B57-8C6B-CCCACF84022F}.Debug.ActiveCfg = Debug|Win32
		{77CD992F-81E3-4B57-8C6B-CCCACF84022F}.Debug.Build.0 = Debug|Win32
		{77CD992F-81E3-4B57-8C6B-CCCACF84022F}.Debug Unicode.ActiveCfg = Debug Unicode|Win32
		{77CD992F-81E3-4B57-8C6B-CCCACF84022F}.Debug Unicode.Build.0 = Debug Unicode|Win32
		{77CD992F-81E3-4B57-8C6B-CCCACF84022F}.Release.ActiveCfg = Release|Win32
		{77CD992F-81E3-4B57-8C6B-CCCACF84022F}.Release.Build.0 = Release|Win32
		{77CD992F-81E3-4B57-8C6B-CCCACF84022F}.Release Unicode.ActiveCfg = Release Unicode|Win32
		{77CD992F-81E3-4B57-8C6B-CCCACF84022F}.Release Unicode.Build.0 = Release Unicode|Win32
		{43598C8F-DB89-4E69-94B8-281B76860FB6}.Debug.ActiveCfg = Debug|Win32
		{43598C8F-DB89-4E69-94B8-281B76860FB6}.Debug.Build.0 = Debug|Win32
		{43598C8F-DB89-4E69-94B8-281B76860FB6}.Debug Unicode.ActiveCfg = Debug Unicode|Win32
		{43598C8F-DB89-4E69-94B8-281B76860FB6}.Debug Unicode.Build.0 = Debug Unicode|Win32
		{43598C8F-DB89-4E69-94B8-281B76860FB6}.Release.ActiveCfg = Release|Win32
		{43598C8F-DB89-4E69-94B8-281B76860FB6}.Release.Build.0 = Release|Win32
		{43598C8F-DB89-4E69-94B8-281B76860FB6}.Release Unicode.ActiveCfg = Release Unicode|Win32
		{43598C8F-DB89-4E69-94B8-281B76860FB6}.Release Unicode.Build.0 = Release Unicode|Win32
		{90B6C8A2-41E5-47AC-BF3F-06915F36EAFB}.Debug.ActiveCfg = Debug|Win32
		{90B6C8A2-41E5-47AC-BF3F-06915F36EAFB}.Debug.Build.0 = Debug|Win32
		{90B6C8A2-41E5-47AC-BF3F-06915F36EAFB}.Debug Unicode.ActiveCfg = Debug Unicode|Win32
		{90B6C8A2-41E5-47AC-BF3F-06915F36EAFB}.Debug Unicode.Build.0 = Debug Unicode|Win32
		{90B6C8A2-41E5-47AC-BF3F-06915F36EAFB}.Release.ActiveCfg = Release|Win32
		{90B6C8A2-41E5-47AC-BF3F-06915F36EAFB}.Release.Build.0 = Release|Win32
		{90B6C8A2-41E5-47AC-BF3F-06915F36EAFB}.Release Unicode.ActiveCfg = Release Unicode|Win32
		{90B6C8A2-41E5-47AC-BF3F-06915F36EAFB}.Release Unicode.Build.0 = Release Unicode|Win32
		{84076243-CFA1-44EE-84C7-B79D74DAB0C3}.Debug.ActiveCfg = Debug|Win32
		{84076243-CFA1-44EE-84C7-B79D74DAB0C3}.Debug.Build.0 = Debug|Win32
		{84076243-CFA1-44EE-84C7-B79D74DAB0C3}.Debug Unicode.ActiveCfg = Debug Unicode|Win32
		{84076243-CFA1-44EE-84C7-B79D74DAB0C3}.Debug Unicode.Build.0 = Debug Unicode|Win32
		{84076243-CFA1-44EE-84C7-B79D74DAB0C3}.Release.ActiveCfg = Release|Win32
		{84076243-CFA1-44EE-84C7-B79D74DAB0C3}.Release.Build.0 = Release|Win32
		{84076243-CFA1-44EE-84C7-B79D74DAB0C3}.Release Unicode.ActiveCfg = Release Unicode|Win32
		{84076243-CFA1-44EE-84C7-B79D74DAB0C3}.Release Unicode.Build.0 = Release Unicode|Win32
		{27E0484E-9493-4463-9438-655C7ABE35E9}.Debug.ActiveCfg = Debug|Win32
		{27E0484E-9493-4463-9438-655C7ABE35E9}.Debug.Build.0 = Debug|Win32
		{27E0484E-9493-4463-9438-655C7ABE35E9}.Debug Unicode.ActiveCfg = Debug Unicode|Win32
		{27E0484E-9493-4463-9438-655C7ABE35E9}.Debug Unicode.Build.0 = Debug Unicode|Win32
		{27E0484E-9493-4463-9438-655C7ABE35E9}.Release.ActiveCfg = Release|Win32
		{27E0484E-9493-4463-9438-655C7ABE35E9}.Release.Build.0 = Release|Win32
		{27E0484E-9493-4463-9438-655C7ABE35E9}.Release Unicode.ActiveCfg = Release Unicode|Win32
		{27E0484E-9493-4463-9438-655C7ABE35E9}.Release Unicode.Build.0 = Release Unicode|Win32
		{7F2CD50C-D333-4D63-A744-CDF96D10917E}.Debug.ActiveCfg = Debug|Win32
		{7F2CD50C-D333-4D63-A744-CDF96D10917E}.Debug.Build.0 = Debug|Win32
		{7F2CD50C-D333-4D63-A744-CDF96D10917E}.Debug Unicode.ActiveCfg = Debug Unicode|Win32
		{7F2CD50C-D333-4D63-A744-CDF96D10917E}.Debug Unicode.Build.0 = Debug Unicode|Win32
		{7F2CD50C-D333-4D63-A744-CDF96D10917E}.Release.ActiveCfg = Release|Win32
		{7F2CD50C-D333-4D63-A744-CDF96D10917E}.Release.Build.0 = Release|Win32
		{7F2CD50C-D333-4D63-A744-CDF96D10917E}.Release Unicode.ActiveCfg = Release Unicode|Win32
		{7F2CD50C-D333-4D63-A744-CDF96D10917E}.Release Unicode.Build.0 = Release Unicode|Win32
		{71FD1448-B09D-44AA-8D11-77FD228F63E7}.Debug.ActiveCfg = Debug|Win32
		{71FD1448-B09D-44AA-8D11-77FD228F63E7}.Debug.Build.0 = Debug|Win32
		{71FD1448-B09D-44AA-8D11-77FD228F63E7}.Debug Unicode.ActiveCfg = Debug Unicode|Win32
		{71FD1448-B09D-44AA-8D11-77FD228F63E7}.Debug Unicode.Build.0 = Debug Unicode|Win32
		{71FD1448-B09D-44AA-8D11-77FD228F63E7}.Release.ActiveCfg = Release|Win32
		{71FD1448-B09D-44AA-8D11-77FD228F63E7}.Release.Build.0 = Release|Win32
		{71FD1448-B09D-44AA-8D11-77FD228F63E7}.Release Unicode.ActiveCfg = Release Unicode|Win32
		{71FD1448-B09D-44AA-8D11-77FD228F63E7}.Release Unicode.Build.0 = Release Unicode|Win32
		{4459B147-D787-4B6B-97BD-7EEDED1C46BE}.Debug.ActiveCfg = Debug|Win32
		{4459B147-D787-4B6B-97BD-7EEDED1C46BE}.Debug.Build.0 = Debug|Win32
		{4459B147-D787-4B6B-97BD-7EEDED1C46BE}.Debug Unicode.ActiveCfg = Debug Unicode|Win32
		{4459B147-D787-4B6B-97BD-7EEDED1C46BE}.Debug Unicode.Build.0 = Debug Unicode|Win32
		{4459B147-D787-4B6B-97BD-7EEDED1C46BE}.Release.ActiveCfg = Release|Win32
		{4459B147-D787-4B6B-97BD-7EEDED1C46BE}.Release.Build.0 = Release|Win32
		{4459B147-D787-4B6B-97BD-7EEDED1C46BE}.Release Unicode.ActiveCfg = Release Unicode|Win32
		{4459B147-D787-4B6B-97BD-7EEDED1C46BE}.Release Unicode.Build.0 = Release Unicode|Win32
		{79B6F7C6-B0F9-49D8-BDE6-E967A5D3FE77}.Debug.ActiveCfg = Debug|Win32
		{79B6F7C6-B0F9-49D8-BDE6-E967A5D3FE77}.Debug.Build.0 = Debug|Win32
		{79B6F7C6-B0F9-49D8-BDE6-E967A5D3FE77}.Debug Unicode.ActiveCfg = Debug Unicode|Win32
		{79B6F7C6-B0F9-49D8-BDE6-E967A5D3FE77}.Debug Unicode.Build.0 = Debug Unicode|Win32
		{79B6F7C6-B0F9-49D8-BDE6-E967A5D3FE77}.Release.ActiveCfg = Release|Win32
		{79B6F7C6-B0F9-49D8-BDE6-E967A5D3FE77}.Release.Build.0 = Release|Win32
		{79B6F7C6-B0F9-49D8-BDE6-E967A5D3FE77}.Release Unicode.ActiveCfg = Release Unicode|Win32
		{79B6F7C6-B0F9-49D8-BDE6-E967A5D3FE77}.Release Unicode.Build.0 = Release Unicode|Win32
		{F3C23A74-EC0B-45CD-BD8A-E78449075095}.Debug.ActiveCfg = Debug|Win32
		{F3C23A74-EC0B-45CD-BD8A-E78449075095}.Debug.Build.0 = Debug|Win32
		{F3C23A74-EC0B-45CD-BD8A-E78449075095}.Debug Unicode.ActiveCfg = Debug Unicode|Win32
		{F3C23A74-EC0B-45CD-BD8A-E78449075095}.Debug Unicode.Build.0 = Debug Unicode|Win32
		{F3C23A74-EC0B-45CD-BD8A-E78449075095}.Release.ActiveCfg = Release|Win32
		{F3C23A74-EC0B-45CD-BD8A-E78449075095}.Release.Build.0 = Release|Win32
		{F3C23A74-EC0B-45CD-BD8A-E78449075095}.Release Unicode.ActiveCfg = Release Unicode|Win32
		{F3C23A74-EC0B-45CD-BD8A-E78449075095}.Release Unicode.Build.0 = Release Unicode|Win32
		{7C42F10E-2506-4365-8E5B-D425E553D315}.Debug.ActiveCfg = Debug|Win32
		{7C42F10E-2506-4365-8E5B-D425E553D315}.Debug.Build.0 = Debug|Win32
		{7C42F10E-2506-4365-8E5B-D425E553D315}.Debug Unicode.ActiveCfg = Debug Unicode|Win32
		{7C42F10E-2506-4365-8E5B-D425E553D315}.Debug Unicode.Build.0 = Debug Unicode|Win32
		{7C42F10E-2506-4365-8E5B-D425E553D315}.Release.ActiveCfg = Release|Win32
		{7C42F10E-2506-4365-8E5B-D425E553D315}.Release.Build.0 = Release|Win32
		{7C42F10E-2506-4365-8E5B-D425E553D315}.Release Unicode.ActiveCfg = Release Unicode|Win32
		{7C42F10E-2506-4365-8E5B-D425E553D315}.Release Unicode.Build.0 = Release Unicode|Win32
		{B10B99EC-F3D3-4569-ADCC-53D3E1E644D1}.Debug.ActiveCfg = Debug|Win32
		{B10B99EC-F3D3-4569-ADCC-53D3E1E644D1}.Debug.Build.0 = Debug|Win32
		{B10B99EC-F3D3-4569-ADCC-53D3E1E644D1}.Debug Unicode.ActiveCfg = Debug Unicode|Win32
		{B10B99EC-F3D3-4569-ADCC-53D3E1E644D1}.Debug Unicode.Build.0 = Debug Unicode|Win32
		{B10B99EC-F3D3-4569-ADCC-53D3E1E644D1}.Release.ActiveCfg = Release|Win32
		{B10B99EC-F3D3-4569-ADCC-53D3E1E644D1}.Release.Build.0 = Release|Win32
		{B10B99EC-F3D3-4569-ADCC-53D3E1E644D1}.Release Unicode.ActiveCfg = Release Unicode|Win32
		{B10B99EC-F3D3-4569-ADCC-53D3E1E644D1}.Release Unicode.Build.0 = Release Unicode|Win32
		{0775BD20-3754-40DE-82E9-877708A44FCA}.Debug.ActiveCfg = Debug|Win32
		{0775BD20-3754-40DE-82E9-877708A44FCA}.Debug.Build.0 = Debug|Win32
		{0775BD20-3754-40DE-82E9-877708A44FCA}.Debug Unicode.ActiveCfg = Debug Unicode|Win32
		{0775BD20-3754-40DE-82E9-877708A44FCA}.Debug Unicode.Build.0 = Debug Unicode|Win32
		{0775BD20-3754-40DE-82E9-877708A44FCA}.Release.ActiveCfg = Release|Win32
		{0775BD20-3754-40DE-82E9-877708A44FCA}.Release.Build.0 = Release|Win32
		{0775BD20-3754-40DE-82E9-877708A44FCA}.Release Unicode.ActiveCfg = Release Unicode|Win32
		{0775BD20-3754-40DE-82E9-877708A44FCA}.Release Unicode.Build.0 = Release Unicode|Win32
		{B9814C0B-5FEE-412F-B8D8-74F327E0516C}.Debug.ActiveCfg = Debug|Win32
		{B9814C0B-5FEE-412F-B8D8-74F327E0516C}.Debug.Build.0 = Debug|Win32
		{B9814C0B-5FEE-412F-B8D8-74F327E0516C}.Debug Unicode.ActiveCfg = Debug Unicode|Win32
		{B9814C0B-5FEE-412F-B8D8-74F327E0516C}.Debug Unicode.Build.0 = Debug Unicode|Win32
		{B9814C0B-5FEE-412F-B8D8-74F327E0516C}.Release.ActiveCfg = Release|Win32
		{B9814C0B-5FEE-412F-B8D8-74F327E0516C}.Release.Build.0 = Release|Win32
		{B9814C0B-5FEE-412F-B8D8-74F327E0516C}.Release Unicode.ActiveCfg = Release Unicode|Win32
		{B9814C0B-5FEE-412F-B8D8-74F327E0516C}.Release Unicode.Build.0 = Release Unicode|Win32
		{48DB3A7F-91E8-4217-9B27-43CA8BC8FFDE}.Debug.ActiveCfg = Debug|Win32
		{48DB3A7F-91E8-4217-9B27-43CA8BC8FFDE}.Debug.Build.0 = Debug|Win32
		{48DB3A7F-91E8-4217-9B27-43CA8BC8FFDE}.Debug Unicode.ActiveCfg = Debug Unicode|Win32
		{48DB3A7F-91E8-4217-9B27-43CA8BC8FFDE}.Debug Unicode.Build.0 = Debug Unicode|Win32
		{48DB3A7F-91E8-4217-9B27-43CA8BC8FFDE}.Release.ActiveCfg = Release|Win32
		{48DB3A7F-91E8-4217-9B27-43CA8BC8FFDE}.Release.Build.0 = Release|Win32
		{48DB3A7F-91E8-4217-9B27-43CA8BC8FFDE}.Release Unicode.ActiveCfg = Release Unicode|Win32
		{48DB3A7F-91E8-4217-9B27-43CA8BC8FFDE}.Release Unicode.Build.0 = Release Unicode|Win32
		{F3523749-3FF5-4C87-BD6D-8E1840249864}.Debug.ActiveCfg = Debug|Win32
		{F3523749-3FF5-4C87-BD6D-8E1840249864}.Debug.Build.0 = Debug|Win32
		{F3523749-3FF5-4C87-BD6D-8E1840249864}.Debug Unicode.ActiveCfg = Debug Unicode|Win32
		{F3523749-3FF5-4C87-BD6D-8E1840249864}.Debug Unicode.Build.0 = Debug Unicode|Win32
		{F3523749-3FF5-4C87-BD6D-8E1840249864}.Release.ActiveCfg = Release|Win32
		{F3523749-3FF5-4C87-BD6D-8E1840249864}.Release.Build.0 = Release|Win32
		{F3523749-3FF5-4C87-BD6D-8E1840249864}.Release Unicode.ActiveCfg = Release Unicode|Win32
		{F3523749-3FF5-4C87-BD6D-8E1840249864}.Release Unicode.Build.0 = Release Unicode|Win32
		{77CD992F-81E3-4B57-8C6B-CCCACF84022F}.Debug.ActiveCfg = Debug|Win32
		{77CD992F-81E3-4B57-8C6B-CCCACF84022F}.Debug.Build.0 = Debug|Win32
		{77CD992F-81E3-4B57-8C6B-CCCACF84022F}.Debug Unicode.ActiveCfg = Debug Unicode|Win32
		{77CD992F-81E3-4B57-8C6B-CCCACF84022F}.Debug Unicode.Build.0 = Debug Unicode|Win32
		{77CD992F-81E3-4B57-8C6B-CCCACF84022F}.Release.ActiveCfg = Release|Win32
		{77CD992F-81E3-4B57-8C6B-CCCACF84022F}.Release.Build.0 = Release|Win32
		{77CD992F-81E3-4B57-8C6B-CCCACF84022F}.Release Unicode.ActiveCfg = Release Unicode|Win32
		{77CD992F-81E3-4B57-8C6B-CCCACF84022F}.Release Unicode.Build.0 = Release Unicode|Win32
		{D5E78550-2BA4-45FD-8AFB-0D790218E6E8}.Debug.ActiveCfg = Debug|Win32
		{D5E78550-2BA4-45FD-8AFB-0D790218E6E8}.Debug.Build.0 = Debug|Win32
		{D5E78550-2BA4-45FD-8AFB-0D790218E6E8}.Debug Unicode.ActiveCfg = Debug Unicode|Win32
		{D5E78550-2BA4-45FD-8AFB-0D790218E6E8}.Debug Unicode.Build.0 = Debug Unicode|Win32
		{D5E78550-2BA4-45FD-8AFB-0D790218E6E8}.Release.ActiveCfg = Release|Win32
		{D5E78550-2BA4-45FD-8AFB-0D790218E6E8}.Release.Build.0 = Release|Win32
		{D5E78550-2BA4-45FD-8AFB-0D790218E6E8}.Release Unicode.ActiveCfg = Release Unicode|Win32
		{D5E78550-2BA4-45FD-8AFB-0D790218E6E8}.Release Unicode.Build.0 = Release Unicode|Win32
		{9756688B-0A71-46E0-8E58-D151BECC6197}.Debug.ActiveCfg = Debug|Win32
		{9756688B-0A71-46E0-8E58-D151BECC6197}.Debug.Build.0 = Debug|Win32
		{9756688B-0A71-46E0-8E58-D151BECC6197}.Debug Unicode.ActiveCfg = Debug Unicode|Win32
		{9756688B-0A71-46E0-8E58-D151BECC6197}.Debug Unicode.Build.0 = Debug Unicode|Win32
		{9756688B-0A71-46E0-8E58-D151BECC6197}.Release.ActiveCfg = Release|Win32
		{9756688B-0A71-46E0-8E58-D151BECC6197}.Release.Build.0 = Release|Win32
		{9756688B-0A71-46E0-8E58-D151BECC6197}.Release Unicode.ActiveCfg = Release Unicode|Win32
		{9756688B-0A71-46E0-8E58-D151BECC6197}.Release Unicode.Build.0 = Release Unicode|Win32
		{7B0A6E8B-1061-4868-B40B-61112C346E9B}.Debug.ActiveCfg = Debug|Win32
		{7B0A6E8B-1061-4868-B40B-61112C346E9B}.Debug.Build.0 = Debug|Win32
		{7B0A6E8B-1061-4868-B40B-61112C346E9B}.Debug Unicode.ActiveCfg = Debug Unicode|Win32
		{7B0A6E8B-1061-4868-B40B-61112C346E9B}.Debug Unicode.Build.0 = Debug Unicode|Win32
		{7B0A6E8B-1061-4868-B40B-61112C346E9B}.Release.ActiveCfg = Release|Win32
		{7B0A6E8B-1061-4868-B40B-61112C346E9B}.Release.Build.0 = Release|Win32
		{7B0A6E8B-1061-4868-B40B-61112C346E9B}.Release Unicode.ActiveCfg = Release Unicode|Win32
		{7B0A6E8B-1061-4868-B40B-61112C346E9B}.Release Unicode.Build.0 = Release Unicode|Win32
	EndGlobalSection
	GlobalSection(ExtensibilityGlobals) = postSolution
	EndGlobalSection
	GlobalSection(ExtensibilityAddIns) = postSolution
	EndGlobalSection
EndGlobal
