Microsoft Visual Studio Solution File, Format Version 7.00
Project("{FAE04EC0-301F-11D3-BF4B-00C04F79EFBC}") = "VoiceConnect", "VoiceConnect.csproj", "{D79D2EE1-3887-4F1C-A341-47970EA857C8}"
EndProject
Global
	GlobalSection(SolutionConfiguration) = preSolution
		ConfigName.0 = Debug
		ConfigName.1 = Release
	EndGlobalSection
	GlobalSection(ProjectDependencies) = postSolution
	EndGlobalSection
	GlobalSection(ProjectConfiguration) = postSolution
		{D79D2EE1-3887-4F1C-A341-47970EA857C8}.Debug.ActiveCfg = Debug|.NET
		{D79D2EE1-3887-4F1C-A341-47970EA857C8}.Debug.Build.0 = Debug|.NET
		{D79D2EE1-3887-4F1C-A341-47970EA857C8}.Release.ActiveCfg = Release|.NET
		{D79D2EE1-3887-4F1C-A341-47970EA857C8}.Release.Build.0 = Release|.NET
	EndGlobalSection
	GlobalSection(ExtensibilityGlobals) = postSolution
	EndGlobalSection
	GlobalSection(ExtensibilityAddIns) = postSolution
	EndGlobalSection
EndGlobal
