Microsoft Visual Studio Solution File, Format Version 7.00
Project("{FAE04EC0-301F-11D3-BF4B-00C04F79EFBC}") = "Tutorial2", "Tutorial2\Tutorial2.csproj", "{0CFAFC3E-AFBB-45B5-A14F-B96B33F8E148}"
EndProject
Project("{FAE04EC0-301F-11D3-BF4B-00C04F79EFBC}") = "Tutorial3", "Tutorial3\Tutorial3.csproj", "{0358DD59-BE1C-4A12-8252-8A7F2D4D882E}"
EndProject
Project("{FAE04EC0-301F-11D3-BF4B-00C04F79EFBC}") = "Tutorial4", "Tutorial4\Tutorial4.csproj", "{733C84E7-58F2-4E09-AC82-58AFD7E7BDD3}"
EndProject
Project("{FAE04EC0-301F-11D3-BF4B-00C04F79EFBC}") = "Tutorial5", "Tutorial5\Tutorial5.csproj", "{733C84E7-58F2-4E09-AC82-58AFD7E7BDD3}"
EndProject
Project("{FAE04EC0-301F-11D3-BF4B-00C04F79EFBC}") = "Tutorial6", "Tutorial6\Tutorial6.csproj", "{743CE5E4-5FF5-486A-A61B-9D187B3A161A}"
EndProject
Project("{FAE04EC0-301F-11D3-BF4B-00C04F79EFBC}") = "Tutorial1", "Tutorial1\Tutorial1.csproj", "{0CFAFC3E-AFBB-45B5-A14F-B96B33F8E148}"
EndProject
Global
	GlobalSection(DevPartner Solution Properties) = postSolution
	EndGlobalSection
	GlobalSection(SolutionNotes) = postSolution
	EndGlobalSection
	GlobalSection(SolutionConfiguration) = preSolution
		ConfigName.0 = Debug
		ConfigName.1 = Release
	EndGlobalSection
	GlobalSection(ProjectDependencies) = postSolution
	EndGlobalSection
	GlobalSection(ProjectConfiguration) = postSolution
		{0CFAFC3E-AFBB-45B5-A14F-B96B33F8E148}.Debug.ActiveCfg = Debug|.NET
		{0CFAFC3E-AFBB-45B5-A14F-B96B33F8E148}.Debug.Build.0 = Debug|.NET
		{0CFAFC3E-AFBB-45B5-A14F-B96B33F8E148}.Release.ActiveCfg = Release|.NET
		{0CFAFC3E-AFBB-45B5-A14F-B96B33F8E148}.Release.Build.0 = Release|.NET
		{0358DD59-BE1C-4A12-8252-8A7F2D4D882E}.Debug.ActiveCfg = Debug|.NET
		{0358DD59-BE1C-4A12-8252-8A7F2D4D882E}.Debug.Build.0 = Debug|.NET
		{0358DD59-BE1C-4A12-8252-8A7F2D4D882E}.Release.ActiveCfg = Release|.NET
		{0358DD59-BE1C-4A12-8252-8A7F2D4D882E}.Release.Build.0 = Release|.NET
		{733C84E7-58F2-4E09-AC82-58AFD7E7BDD3}.Debug.ActiveCfg = Debug|.NET
		{733C84E7-58F2-4E09-AC82-58AFD7E7BDD3}.Debug.Build.0 = Debug|.NET
		{733C84E7-58F2-4E09-AC82-58AFD7E7BDD3}.Release.ActiveCfg = Release|.NET
		{733C84E7-58F2-4E09-AC82-58AFD7E7BDD3}.Release.Build.0 = Release|.NET
		{733C84E7-58F2-4E09-AC82-58AFD7E7BDD3}.Debug.ActiveCfg = Debug|.NET
		{733C84E7-58F2-4E09-AC82-58AFD7E7BDD3}.Debug.Build.0 = Debug|.NET
		{733C84E7-58F2-4E09-AC82-58AFD7E7BDD3}.Release.ActiveCfg = Release|.NET
		{733C84E7-58F2-4E09-AC82-58AFD7E7BDD3}.Release.Build.0 = Release|.NET
		{743CE5E4-5FF5-486A-A61B-9D187B3A161A}.Debug.ActiveCfg = Debug|.NET
		{743CE5E4-5FF5-486A-A61B-9D187B3A161A}.Debug.Build.0 = Debug|.NET
		{743CE5E4-5FF5-486A-A61B-9D187B3A161A}.Release.ActiveCfg = Release|.NET
		{743CE5E4-5FF5-486A-A61B-9D187B3A161A}.Release.Build.0 = Release|.NET
		{0CFAFC3E-AFBB-45B5-A14F-B96B33F8E148}.Debug.ActiveCfg = Debug|.NET
		{0CFAFC3E-AFBB-45B5-A14F-B96B33F8E148}.Debug.Build.0 = Debug|.NET
		{0CFAFC3E-AFBB-45B5-A14F-B96B33F8E148}.Release.ActiveCfg = Release|.NET
		{0CFAFC3E-AFBB-45B5-A14F-B96B33F8E148}.Release.Build.0 = Release|.NET
	EndGlobalSection
	GlobalSection(ExtensibilityGlobals) = postSolution
	EndGlobalSection
	GlobalSection(ExtensibilityAddIns) = postSolution
	EndGlobalSection
EndGlobal
