Microsoft Visual Studio Solution File, Format Version 7.00
Project("{8BC9CEB8-8B4A-11D0-8D11-00A0C91BC942}") = "amcap", "amcap\amcap.vcproj", "{6E8FC0C3-6E64-44DF-BD12-00A764E8251A}"
EndProject
Project("{8BC9CEB8-8B4A-11D0-8D11-00A0C91BC942}") = "AudioCap", "AudioCap\AudioCap.vcproj", "{F04DA31F-668D-4C62-B2A5-5AC0D22BE572}"
EndProject
Project("{8BC9CEB8-8B4A-11D0-8D11-00A0C91BC942}") = "BaseClasses", "..\BaseClasses\baseclasses.vcproj", "{BDA2330A-18EC-4493-A0F4-58DF42B126FE}"
EndProject
Project("{8BC9CEB8-8B4A-11D0-8D11-00A0C91BC942}") = "CaptureTex", "CaptureTex\CaptureTex.vcproj", "{E1D85771-3BE6-4503-A0E2-D7E076733EE8}"
EndProject
Project("{8BC9CEB8-8B4A-11D0-8D11-00A0C91BC942}") = "dvapp", "dvapp\dvapp.vcproj", "{FB6D2A42-487F-4557-A56D-33A84570FE07}"
EndProject
Project("{8BC9CEB8-8B4A-11D0-8D11-00A0C91BC942}") = "PlayCap", "PlayCap\playcap.vcproj", "{90525636-2CD7-4B2E-BBE5-5340DDC6A287}"
EndProject
Project("{8BC9CEB8-8B4A-11D0-8D11-00A0C91BC942}") = "PlayCapMoniker", "PlayCapMoniker\PlayCapMoniker.vcproj", "{66E85EEF-A0B6-401D-BC0B-06B63D023143}"
EndProject
Project("{8BC9CEB8-8B4A-11D0-8D11-00A0C91BC942}") = "CaptureTex9", "CaptureTex9\CaptureTex9.vcproj", "{6AFB178D-314E-49EC-89EE-224AF25EA696}"
EndProject
Global
	GlobalSection(SolutionConfiguration) = preSolution
		ConfigName.0 = Debug
		ConfigName.1 = Debug Unicode
		ConfigName.2 = Release
		ConfigName.3 = Release Unicode
	EndGlobalSection
	GlobalSection(ProjectDependencies) = postSolution
		{6E8FC0C3-6E64-44DF-BD12-00A764E8251A}.0 = {BDA2330A-18EC-4493-A0F4-58DF42B126FE}
		{F04DA31F-668D-4C62-B2A5-5AC0D22BE572}.0 = {BDA2330A-18EC-4493-A0F4-58DF42B126FE}
		{E1D85771-3BE6-4503-A0E2-D7E076733EE8}.0 = {BDA2330A-18EC-4493-A0F4-58DF42B126FE}
		{FB6D2A42-487F-4557-A56D-33A84570FE07}.0 = {BDA2330A-18EC-4493-A0F4-58DF42B126FE}
		{90525636-2CD7-4B2E-BBE5-5340DDC6A287}.0 = {BDA2330A-18EC-4493-A0F4-58DF42B126FE}
		{66E85EEF-A0B6-401D-BC0B-06B63D023143}.0 = {BDA2330A-18EC-4493-A0F4-58DF42B126FE}
		{6AFB178D-314E-49EC-89EE-224AF25EA696}.0 = {BDA2330A-18EC-4493-A0F4-58DF42B126FE}
	EndGlobalSection
	GlobalSection(ProjectConfiguration) = postSolution
		{6E8FC0C3-6E64-44DF-BD12-00A764E8251A}.Debug.ActiveCfg = Debug|Win32
		{6E8FC0C3-6E64-44DF-BD12-00A764E8251A}.Debug.Build.0 = Debug|Win32
		{6E8FC0C3-6E64-44DF-BD12-00A764E8251A}.Debug Unicode.ActiveCfg = Debug Unicode|Win32
		{6E8FC0C3-6E64-44DF-BD12-00A764E8251A}.Debug Unicode.Build.0 = Debug Unicode|Win32
		{6E8FC0C3-6E64-44DF-BD12-00A764E8251A}.Release.ActiveCfg = Release|Win32
		{6E8FC0C3-6E64-44DF-BD12-00A764E8251A}.Release.Build.0 = Release|Win32
		{6E8FC0C3-6E64-44DF-BD12-00A764E8251A}.Release Unicode.ActiveCfg = Release Unicode|Win32
		{6E8FC0C3-6E64-44DF-BD12-00A764E8251A}.Release Unicode.Build.0 = Release Unicode|Win32
		{F04DA31F-668D-4C62-B2A5-5AC0D22BE572}.Debug.ActiveCfg = Debug|Win32
		{F04DA31F-668D-4C62-B2A5-5AC0D22BE572}.Debug.Build.0 = Debug|Win32
		{F04DA31F-668D-4C62-B2A5-5AC0D22BE572}.Debug Unicode.ActiveCfg = Debug Unicode|Win32
		{F04DA31F-668D-4C62-B2A5-5AC0D22BE572}.Debug Unicode.Build.0 = Debug Unicode|Win32
		{F04DA31F-668D-4C62-B2A5-5AC0D22BE572}.Release.ActiveCfg = Release|Win32
		{F04DA31F-668D-4C62-B2A5-5AC0D22BE572}.Release.Build.0 = Release|Win32
		{F04DA31F-668D-4C62-B2A5-5AC0D22BE572}.Release Unicode.ActiveCfg = Release Unicode|Win32
		{F04DA31F-668D-4C62-B2A5-5AC0D22BE572}.Release Unicode.Build.0 = Release Unicode|Win32
		{BDA2330A-18EC-4493-A0F4-58DF42B126FE}.Debug.ActiveCfg = Debug|Win32
		{BDA2330A-18EC-4493-A0F4-58DF42B126FE}.Debug.Build.0 = Debug|Win32
		{BDA2330A-18EC-4493-A0F4-58DF42B126FE}.Debug Unicode.ActiveCfg = Debug Unicode|Win32
		{BDA2330A-18EC-4493-A0F4-58DF42B126FE}.Debug Unicode.Build.0 = Debug Unicode|Win32
		{BDA2330A-18EC-4493-A0F4-58DF42B126FE}.Release.ActiveCfg = Release|Win32
		{BDA2330A-18EC-4493-A0F4-58DF42B126FE}.Release.Build.0 = Release|Win32
		{BDA2330A-18EC-4493-A0F4-58DF42B126FE}.Release Unicode.ActiveCfg = Release Unicode|Win32
		{BDA2330A-18EC-4493-A0F4-58DF42B126FE}.Release Unicode.Build.0 = Release Unicode|Win32
		{E1D85771-3BE6-4503-A0E2-D7E076733EE8}.Debug.ActiveCfg = Debug|Win32
		{E1D85771-3BE6-4503-A0E2-D7E076733EE8}.Debug.Build.0 = Debug|Win32
		{E1D85771-3BE6-4503-A0E2-D7E076733EE8}.Debug Unicode.ActiveCfg = Debug Unicode|Win32
		{E1D85771-3BE6-4503-A0E2-D7E076733EE8}.Debug Unicode.Build.0 = Debug Unicode|Win32
		{E1D85771-3BE6-4503-A0E2-D7E076733EE8}.Release.ActiveCfg = Release|Win32
		{E1D85771-3BE6-4503-A0E2-D7E076733EE8}.Release.Build.0 = Release|Win32
		{E1D85771-3BE6-4503-A0E2-D7E076733EE8}.Release Unicode.ActiveCfg = Release Unicode|Win32
		{E1D85771-3BE6-4503-A0E2-D7E076733EE8}.Release Unicode.Build.0 = Release Unicode|Win32
		{FB6D2A42-487F-4557-A56D-33A84570FE07}.Debug.ActiveCfg = Debug|Win32
		{FB6D2A42-487F-4557-A56D-33A84570FE07}.Debug.Build.0 = Debug|Win32
		{FB6D2A42-487F-4557-A56D-33A84570FE07}.Debug Unicode.ActiveCfg = Debug Unicode|Win32
		{FB6D2A42-487F-4557-A56D-33A84570FE07}.Debug Unicode.Build.0 = Debug Unicode|Win32
		{FB6D2A42-487F-4557-A56D-33A84570FE07}.Release.ActiveCfg = Release|Win32
		{FB6D2A42-487F-4557-A56D-33A84570FE07}.Release.Build.0 = Release|Win32
		{FB6D2A42-487F-4557-A56D-33A84570FE07}.Release Unicode.ActiveCfg = Release Unicode|Win32
		{FB6D2A42-487F-4557-A56D-33A84570FE07}.Release Unicode.Build.0 = Release Unicode|Win32
		{90525636-2CD7-4B2E-BBE5-5340DDC6A287}.Debug.ActiveCfg = Debug|Win32
		{90525636-2CD7-4B2E-BBE5-5340DDC6A287}.Debug.Build.0 = Debug|Win32
		{90525636-2CD7-4B2E-BBE5-5340DDC6A287}.Debug Unicode.ActiveCfg = Debug Unicode|Win32
		{90525636-2CD7-4B2E-BBE5-5340DDC6A287}.Debug Unicode.Build.0 = Debug Unicode|Win32
		{90525636-2CD7-4B2E-BBE5-5340DDC6A287}.Release.ActiveCfg = Release|Win32
		{90525636-2CD7-4B2E-BBE5-5340DDC6A287}.Release.Build.0 = Release|Win32
		{90525636-2CD7-4B2E-BBE5-5340DDC6A287}.Release Unicode.ActiveCfg = Release Unicode|Win32
		{90525636-2CD7-4B2E-BBE5-5340DDC6A287}.Release Unicode.Build.0 = Release Unicode|Win32
		{66E85EEF-A0B6-401D-BC0B-06B63D023143}.Debug.ActiveCfg = Debug|Win32
		{66E85EEF-A0B6-401D-BC0B-06B63D023143}.Debug.Build.0 = Debug|Win32
		{66E85EEF-A0B6-401D-BC0B-06B63D023143}.Debug Unicode.ActiveCfg = Debug Unicode|Win32
		{66E85EEF-A0B6-401D-BC0B-06B63D023143}.Debug Unicode.Build.0 = Debug Unicode|Win32
		{66E85EEF-A0B6-401D-BC0B-06B63D023143}.Release.ActiveCfg = Release|Win32
		{66E85EEF-A0B6-401D-BC0B-06B63D023143}.Release.Build.0 = Release|Win32
		{66E85EEF-A0B6-401D-BC0B-06B63D023143}.Release Unicode.ActiveCfg = Release Unicode|Win32
		{66E85EEF-A0B6-401D-BC0B-06B63D023143}.Release Unicode.Build.0 = Release Unicode|Win32
		{6AFB178D-314E-49EC-89EE-224AF25EA696}.Debug.ActiveCfg = Debug|Win32
		{6AFB178D-314E-49EC-89EE-224AF25EA696}.Debug.Build.0 = Debug|Win32
		{6AFB178D-314E-49EC-89EE-224AF25EA696}.Debug Unicode.ActiveCfg = Debug Unicode|Win32
		{6AFB178D-314E-49EC-89EE-224AF25EA696}.Debug Unicode.Build.0 = Debug Unicode|Win32
		{6AFB178D-314E-49EC-89EE-224AF25EA696}.Release.ActiveCfg = Release|Win32
		{6AFB178D-314E-49EC-89EE-224AF25EA696}.Release.Build.0 = Release|Win32
		{6AFB178D-314E-49EC-89EE-224AF25EA696}.Release Unicode.ActiveCfg = Release Unicode|Win32
		{6AFB178D-314E-49EC-89EE-224AF25EA696}.Release Unicode.Build.0 = Release Unicode|Win32
	EndGlobalSection
	GlobalSection(ExtensibilityGlobals) = postSolution
	EndGlobalSection
	GlobalSection(ExtensibilityAddIns) = postSolution
	EndGlobalSection
EndGlobal
