Microsoft Visual Studio Solution File, Format Version 7.00
Project("{8BC9CEB8-8B4A-11D0-8D11-00A0C91BC942}") = "ASFCopy", "Misc\ASFCopy\ASFCopy.vcproj", "{BD0FC83C-FE50-4D57-8065-40541ED0AC4B}"
EndProject
Project("{8BC9CEB8-8B4A-11D0-8D11-00A0C91BC942}") = "AudioCap", "Capture\AudioCap\AudioCap.vcproj", "{21C78133-08A0-4AC6-A0E5-65F71A17A674}"
EndProject
Project("{8BC9CEB8-8B4A-11D0-8D11-00A0C91BC942}") = "Audiobox", "Players\AudioBox\Audiobox.vcproj", "{8552A985-AEC5-4AD7-87E2-AF68EC0C0EEC}"
EndProject
Project("{8BC9CEB8-8B4A-11D0-8D11-00A0C91BC942}") = "BGMusic", "players\bgmusic\bgmusic.vcproj", "{72B28DEA-B392-4260-8750-7AF4221B6555}"
EndProject
Project("{8BC9CEB8-8B4A-11D0-8D11-00A0C91BC942}") = "BaseClasses", "BaseClasses\baseclasses.vcproj", "{0F38FFCB-2B21-43F0-A3AB-A28326ECD338}"
EndProject
Project("{8BC9CEB8-8B4A-11D0-8D11-00A0C91BC942}") = "Blender", "VMR\Blender\Blender.vcproj", "{5054CBA6-3AE0-4515-9171-4DDB6452A264}"
EndProject
Project("{8BC9CEB8-8B4A-11D0-8D11-00A0C91BC942}") = "CaptureTex", "Capture\CaptureTex\CaptureTex.vcproj", "{D94CCFB0-D455-4640-84A0-1E319612874B}"
EndProject
Project("{8BC9CEB8-8B4A-11D0-8D11-00A0C91BC942}") = "Compressor", "Editing\CompressView\Compressor.vcproj", "{1F0ADDEF-C02B-4481-8999-086A85E3A2E7}"
EndProject
Project("{8BC9CEB8-8B4A-11D0-8D11-00A0C91BC942}") = "ControlBase", "DMO\GargleDMO\ControlBase\ControlBase.vcproj", "{FF8298E3-64F9-47C0-B088-F881DC9A2EDA}"
EndProject
Project("{8BC9CEB8-8B4A-11D0-8D11-00A0C91BC942}") = "Cube", "VMR\Cube\Cube.vcproj", "{685A2D1B-0551-4EFF-9E4F-476A1BC6F6E1}"
EndProject
Project("{8BC9CEB8-8B4A-11D0-8D11-00A0C91BC942}") = "Cutscene", "players\Cutscene\Cutscene.vcproj", "{C2FA4234-0F9B-4C15-98FD-7A6C687A40A0}"
EndProject
Project("{8BC9CEB8-8B4A-11D0-8D11-00A0C91BC942}") = "DMOEnum", "Misc\DMOEnum\DMOEnum.vcproj", "{9D0D5376-0B65-4A6E-BC65-38567B1FF02D}"
EndProject
Project("{8BC9CEB8-8B4A-11D0-8D11-00A0C91BC942}") = "DVDSample", "DVD\DVDSample\DVDSample.vcproj", "{FB0EE899-10A8-4EE4-B305-7492B8A5892E}"
EndProject
Project("{8BC9CEB8-8B4A-11D0-8D11-00A0C91BC942}") = "GargleDMO", "DMO\GargleDMO\GargleDMO.vcproj", "{F6BCEA00-F0E0-4024-8486-22F351E332C2}"
EndProject
Project("{8BC9CEB8-8B4A-11D0-8D11-00A0C91BC942}") = "GrabBitmaps", "Editing\GrabBitmaps\GrabBitmaps.vcproj", "{532D484B-0DF1-450C-A520-7F9FD24C64A8}"
EndProject
Project("{8BC9CEB8-8B4A-11D0-8D11-00A0C91BC942}") = "Jukebox", "Players\Jukebox\Jukebox.vcproj", "{BF90C497-7D62-409C-BA65-710D28FB8C50}"
EndProject
Project("{8BC9CEB8-8B4A-11D0-8D11-00A0C91BC942}") = "Mapper", "Misc\Mapper\Mapper.vcproj", "{F8FFCC2F-0D40-495B-9A17-DE3653840435}"
EndProject
Project("{8BC9CEB8-8B4A-11D0-8D11-00A0C91BC942}") = "MedParamBase", "DMO\GargleDMO\MedParamBase\MedParamBase.vcproj", "{227C115C-3409-48A2-8EB5-E329AB558957}"
EndProject
Project("{8BC9CEB8-8B4A-11D0-8D11-00A0C91BC942}") = "MonitorInfo", "VMR\MonitorInfo\MonitorInfo.vcproj", "{EF3BDD0D-8CA7-4D86-8D53-065D95B693AB}"
EndProject
Project("{8BC9CEB8-8B4A-11D0-8D11-00A0C91BC942}") = "PlayCap", "Capture\PlayCap\playcap.vcproj", "{1D49FD1D-1F37-4BC5-A159-5437822815BC}"
EndProject
Project("{8BC9CEB8-8B4A-11D0-8D11-00A0C91BC942}") = "PlayCapMoniker", "Capture\PlayCapMoniker\PlayCapMoniker.vcproj", "{0505F44A-C597-4128-BF8B-22796A3D6690}"
EndProject
Project("{8BC9CEB8-8B4A-11D0-8D11-00A0C91BC942}") = "PlayDMO", "Players\PlayDMO\PlayDMO.vcproj", "{EBAFECF1-E64D-421E-9938-93428F33F01E}"
EndProject
Project("{8BC9CEB8-8B4A-11D0-8D11-00A0C91BC942}") = "PlayDVD", "DVD\PlayDVD\PlayDVD.vcproj", "{C53E91CB-8958-45F7-A8C6-0BB31252EFA3}"
EndProject
Project("{8BC9CEB8-8B4A-11D0-8D11-00A0C91BC942}") = "PlayWnd", "players\PlayWnd\PlayWnd.vcproj", "{97ACC1A0-5229-4FE4-953E-6D0B6781310E}"
EndProject
Project("{8BC9CEB8-8B4A-11D0-8D11-00A0C91BC942}") = "PlayWndASF", "Players\PlayWndASF\PlayWndASF.vcproj", "{74F092E3-5190-45FC-883B-2CB2C622F5BB}"
EndProject
Project("{8BC9CEB8-8B4A-11D0-8D11-00A0C91BC942}") = "RGBFilters", "Filters\RGBFilters\RGBFilters.vcproj", "{17B0AFC8-D452-4021-99D4-8F28CD5A3272}"
EndProject
Project("{8BC9CEB8-8B4A-11D0-8D11-00A0C91BC942}") = "RenderLess", "VMR\Renderless\RenderLess.vcproj", "{E5F2EA22-6C12-4DA2-8737-418CB8B2E4E0}"
EndProject
Project("{8BC9CEB8-8B4A-11D0-8D11-00A0C91BC942}") = "RenderLog", "Misc\RenderLog\RenderLog.vcproj", "{EFE515A6-539C-45E7-B6D7-1601F154F0FA}"
EndProject
Project("{8BC9CEB8-8B4A-11D0-8D11-00A0C91BC942}") = "SampGrabCB", "Editing\SampGrabCB\SampGrabCB.vcproj", "{79B88481-BF6D-43E0-9521-40F36D342D9E}"
EndProject
Project("{8BC9CEB8-8B4A-11D0-8D11-00A0C91BC942}") = "StillCap", "Editing\StillCap\StillCap.vcproj", "{CDF43588-97C7-4C71-847A-0CDECE00A7CD}"
EndProject
Project("{8BC9CEB8-8B4A-11D0-8D11-00A0C91BC942}") = "StillView", "Players\StillView\StillView.vcproj", "{BF96E8B7-E138-430B-B507-1E17709AB2FC}"
EndProject
Project("{8BC9CEB8-8B4A-11D0-8D11-00A0C91BC942}") = "SysEnum", "Misc\SysEnum\SysEnum.vcproj", "{9C7F5D5B-0947-4B4D-A676-D374451DC5E7}"
EndProject
Project("{8BC9CEB8-8B4A-11D0-8D11-00A0C91BC942}") = "Text", "VMR\Text\Text.vcproj", "{73BA8A81-3B15-4469-9732-9F1874DA4E9A}"
EndProject
Project("{8BC9CEB8-8B4A-11D0-8D11-00A0C91BC942}") = "Texture3D", "players\texture3d\Textures.vcproj", "{DDBCAD2D-2706-409A-8072-26C72BA77E25}"
EndProject
Project("{8BC9CEB8-8B4A-11D0-8D11-00A0C91BC942}") = "Ticker", "VMR\Ticker\ticker.vcproj", "{74CABA92-78D8-47C2-AF96-B09805B3D4C7}"
EndProject
Project("{8BC9CEB8-8B4A-11D0-8D11-00A0C91BC942}") = "TimelineTest", "Editing\TimelineTest\timelinetest.vcproj", "{485C6A3D-32DB-4AA3-8654-A3934EC83A2D}"
EndProject
Project("{8BC9CEB8-8B4A-11D0-8D11-00A0C91BC942}") = "TransViewer", "Editing\TransViewer\TransViewer.vcproj", "{66AEB18E-A591-4A24-985F-1368D179DF39}"
EndProject
Project("{8BC9CEB8-8B4A-11D0-8D11-00A0C91BC942}") = "TxtPlayer", "VMR\TxtPlayer\TxtPlayer.vcproj", "{815FE21C-7400-4420-ADDD-01C44DED55B2}"
EndProject
Project("{8BC9CEB8-8B4A-11D0-8D11-00A0C91BC942}") = "VMRMix", "VMR\VMRMix\VMRMix.vcproj", "{86AF0F78-0650-4E56-963A-E9B6B7D90E57}"
EndProject
Project("{8BC9CEB8-8B4A-11D0-8D11-00A0C91BC942}") = "VMRMulti", "VMR\VMRMulti\VMRMulti.vcproj", "{9A16D316-2F36-4914-899B-413D6CEB3891}"
EndProject
Project("{8BC9CEB8-8B4A-11D0-8D11-00A0C91BC942}") = "VMRPip", "VMR\PIP\VMRPip.vcproj", "{257B45AD-B86D-4F7F-8258-E50264BB0BE1}"
EndProject
Project("{8BC9CEB8-8B4A-11D0-8D11-00A0C91BC942}") = "VMRPlayer", "VMR\VMRPlayer\VMRPlayer.vcproj", "{01D6EDE2-9BC9-4DDF-A518-BBB5D5104C7D}"
EndProject
Project("{8BC9CEB8-8B4A-11D0-8D11-00A0C91BC942}") = "VMRXcl", "VMR\VMRXcl\VMRXcl.vcproj", "{05D1AD54-0138-41A2-B781-D4FE18798299}"
EndProject
Project("{8BC9CEB8-8B4A-11D0-8D11-00A0C91BC942}") = "VMRXclBasic", "VMR\VMRXclBasic\VMRXclBasic.vcproj", "{19CE3890-EF6D-426F-940B-C3B22AD5A25E}"
EndProject
Project("{8BC9CEB8-8B4A-11D0-8D11-00A0C91BC942}") = "Watermark", "VMR\Watermark\Watermark.vcproj", "{7116E036-3058-4D8C-9811-5609FC0E4323}"
EndProject
Project("{8BC9CEB8-8B4A-11D0-8D11-00A0C91BC942}") = "Windowless", "VMR\Windowless\Windowless.vcproj", "{3225BF39-11A7-4034-A067-399059DAD234}"
EndProject
Project("{8BC9CEB8-8B4A-11D0-8D11-00A0C91BC942}") = "XTLTest", "Editing\XTLTest\xtltest.vcproj", "{2F2B2EFD-5133-4113-B49C-9DDB50877A4D}"
EndProject
Project("{8BC9CEB8-8B4A-11D0-8D11-00A0C91BC942}") = "amcap", "capture\amcap\amcap.vcproj", "{6FAD39D4-E4F2-44A8-856E-C5BAAA344A3F}"
EndProject
Project("{8BC9CEB8-8B4A-11D0-8D11-00A0C91BC942}") = "asynbase", "filters\async\base\asynbase.vcproj", "{0415B00E-14F6-4A19-AEC3-59FC471D5C70}"
EndProject
Project("{8BC9CEB8-8B4A-11D0-8D11-00A0C91BC942}") = "async", "filters\async\filter\asyncflt.vcproj", "{7864922A-006C-4B88-8F6B-E155CD3027A8}"
EndProject
Project("{8BC9CEB8-8B4A-11D0-8D11-00A0C91BC942}") = "ball", "filters\ball\ball.vcproj", "{8B4E4C0E-4A16-49C4-BC0E-B1C68C93E633}"
EndProject
Project("{8BC9CEB8-8B4A-11D0-8D11-00A0C91BC942}") = "contrast", "filters\contrast\contrast.vcproj", "{37688170-218E-4C5E-94A1-3EBD71005C45}"
EndProject
Project("{8BC9CEB8-8B4A-11D0-8D11-00A0C91BC942}") = "DDrawXCL", "players\DDrawXCL\DDrawXCL.vcproj", "{5B442441-E96A-4B4F-B981-6D24854C3F8D}"
EndProject
Project("{8BC9CEB8-8B4A-11D0-8D11-00A0C91BC942}") = "dmodemo", "dmo\dmodemo\dmodemo.vcproj", "{D595023B-CD27-4D78-8D52-1F8F47118BB8}"
EndProject
Project("{8BC9CEB8-8B4A-11D0-8D11-00A0C91BC942}") = "dmosample", "dmo\dmosample\sample.vcproj", "{74F7077F-7987-4B75-80C7-E63C241719AD}"
EndProject
Project("{8BC9CEB8-8B4A-11D0-8D11-00A0C91BC942}") = "dsnet", "Filters\DSNetwork\filter\DSNetwork.vcproj", "{41914E6A-E92A-40EA-801A-B3CED2082551}"
EndProject
Project("{8BC9CEB8-8B4A-11D0-8D11-00A0C91BC942}") = "dsnetifc", "Filters\DSNetwork\IDL\dsnetifc.vcproj", "{B725C4B6-FD0E-4047-8C96-B1D0431819E8}"
EndProject
Project("{8BC9CEB8-8B4A-11D0-8D11-00A0C91BC942}") = "dsrecv", "Filters\DSNetwork\receiver\dsrecv.vcproj", "{2EC7FCB3-93F8-4F2F-BC30-6294C09B245A}"
EndProject
Project("{8BC9CEB8-8B4A-11D0-8D11-00A0C91BC942}") = "dssend", "Filters\DSNetwork\sender\dssend.vcproj", "{402B066E-F72F-4CAE-BC89-0C12AAFB0B60}"
EndProject
Project("{8BC9CEB8-8B4A-11D0-8D11-00A0C91BC942}") = "dump", "filters\dump\dump.vcproj", "{1C591482-D4E0-4586-B5A6-7DA1B2C08C63}"
EndProject
Project("{8BC9CEB8-8B4A-11D0-8D11-00A0C91BC942}") = "dvapp", "capture\dvapp\dvapp.vcproj", "{FE67C84F-EFD6-4D43-8AD6-EB3F119B8919}"
EndProject
Project("{8BC9CEB8-8B4A-11D0-8D11-00A0C91BC942}") = "ezrgb24", "filters\ezrgb24\ezrgb24.vcproj", "{9CFBE331-3230-486C-816E-514AC5A529A5}"
EndProject
Project("{8BC9CEB8-8B4A-11D0-8D11-00A0C91BC942}") = "gargle", "filters\gargle\gargle.vcproj", "{646B2F0F-96FC-4A59-AE99-329203827930}"
EndProject
Project("{8BC9CEB8-8B4A-11D0-8D11-00A0C91BC942}") = "grabber", "Filters\Grabber\grabber.vcproj", "{C77336A2-E1EB-494E-9C69-D0A833883E5E}"
EndProject
Project("{8BC9CEB8-8B4A-11D0-8D11-00A0C91BC942}") = "inftee", "filters\inftee\inftee.vcproj", "{BE40F74F-D2B9-4FF3-BD55-FDF81B773DA2}"
EndProject
Project("{8BC9CEB8-8B4A-11D0-8D11-00A0C91BC942}") = "memfile", "filters\async\memfile\memfile.vcproj", "{3C8E5892-4AEE-46CE-BE94-AF5243A8EA8F}"
EndProject
Project("{8BC9CEB8-8B4A-11D0-8D11-00A0C91BC942}") = "metronom", "Filters\Metronome\metronom.vcproj", "{0D2A348B-31BF-4C24-9EAA-D918C092110E}"
EndProject
Project("{8BC9CEB8-8B4A-11D0-8D11-00A0C91BC942}") = "nullip", "filters\nullinplace\nullip.vcproj", "{017D7BEC-C874-4F90-858C-C87C4106D25B}"
EndProject
Project("{8BC9CEB8-8B4A-11D0-8D11-00A0C91BC942}") = "nullnull", "filters\nullnull\nullnull.vcproj", "{0356F504-AAB9-4E7F-9A14-07E77826FA35}"
EndProject
Project("{8BC9CEB8-8B4A-11D0-8D11-00A0C91BC942}") = "nutil", "Filters\DSNetwork\util\nutil.vcproj", "{82A09297-CCCE-483B-87C2-DB41BCED2E70}"
EndProject
Project("{8BC9CEB8-8B4A-11D0-8D11-00A0C91BC942}") = "sampvid", "filters\sampvid\sampvid.vcproj", "{62F7E72E-6FD6-40CF-A786-AA73E7540C7A}"
EndProject
Project("{8BC9CEB8-8B4A-11D0-8D11-00A0C91BC942}") = "scope", "filters\scope\scope.vcproj", "{FC8311A2-16AF-4437-87F8-4DE46A1588BF}"
EndProject
Project("{8BC9CEB8-8B4A-11D0-8D11-00A0C91BC942}") = "synth", "filters\synth\synth.vcproj", "{8BFFB1EF-0A69-4F03-8F56-9A1E56CF624F}"
EndProject
Project("{8BC9CEB8-8B4A-11D0-8D11-00A0C91BC942}") = "textout", "filters\textout\textout.vcproj", "{06B84794-B4D4-4D41-AB0C-3FBDFB81A858}"
EndProject
Project("{8BC9CEB8-8B4A-11D0-8D11-00A0C91BC942}") = "wavdest", "filters\wavdest\wavdest.vcproj", "{9E13C3F8-9FE6-4C5E-9AF8-9801DF4CC3C5}"
EndProject
Project("{8BC9CEB8-8B4A-11D0-8D11-00A0C91BC942}") = "PsiParser", "Filters\PSIParser\PsiParser.vcproj", "{6109BA0E-9E92-4D06-895F-F7A63B0DB738}"
EndProject
Project("{8BC9CEB8-8B4A-11D0-8D11-00A0C91BC942}") = "Texture3D9", "Players\Texture3D9\Texture3D9.vcproj", "{46E0F2B6-0989-473E-A273-F1FDA9B95B31}"
EndProject
Project("{8BC9CEB8-8B4A-11D0-8D11-00A0C91BC942}") = "PushSource", "Filters\PushSource\PushSource.vcproj", "{46A94FE7-878F-42BA-A197-8FFB8666FB17}"
EndProject
Project("{8BC9CEB8-8B4A-11D0-8D11-00A0C91BC942}") = "CaptureTex9", "Capture\CaptureTex9\CaptureTex9.vcproj", "{6AFB178D-314E-49EC-89EE-224AF25EA696}"
EndProject
Project("{8BC9CEB8-8B4A-11D0-8D11-00A0C91BC942}") = "BmpMix9", "VMR9\BitmapMix\BmpMix9.vcproj", "{2B205175-6F65-4D3C-BEBE-B469D7538B3A}"
EndProject
Project("{8BC9CEB8-8B4A-11D0-8D11-00A0C91BC942}") = "Blender9", "VMR9\Blender\blender9.vcproj", "{41024D6E-58AB-4C08-9C7C-9791D6A693F0}"
EndProject
Project("{8BC9CEB8-8B4A-11D0-8D11-00A0C91BC942}") = "MonitorInfo9", "VMR9\MonitorInfo\monitorinfo9.vcproj", "{16F2FA18-3789-4863-8A16-C561E25FAC32}"
EndProject
Project("{8BC9CEB8-8B4A-11D0-8D11-00A0C91BC942}") = "MultiVMR9", "VMR9\MultiVMR9\DLL\MultiVMR9.vcproj", "{254174C0-82AA-4C73-A756-65C44490CB85}"
EndProject
Project("{8BC9CEB8-8B4A-11D0-8D11-00A0C91BC942}") = "GamePlayer", "VMR9\MultiVMR9\GamePlayer\GamePlayer.vcproj", "{475DC941-4AEF-4218-9596-DC6F6151F0C4}"
EndProject
Project("{8BC9CEB8-8B4A-11D0-8D11-00A0C91BC942}") = "MultiPlayer", "VMR9\MultiVMR9\MultiPlayer\MultiPlayer.vcproj", "{E25B8C76-EDBE-4098-A658-D34827D98E12}"
EndProject
Project("{8BC9CEB8-8B4A-11D0-8D11-00A0C91BC942}") = "VMRPip9", "VMR9\Pip\vmrpip9.vcproj", "{9FC4298A-1271-4871-B8DF-8439B8C95CF2}"
EndProject
Project("{8BC9CEB8-8B4A-11D0-8D11-00A0C91BC942}") = "Text9", "VMR9\Text\text9.vcproj", "{32F130DE-D67A-46A3-B86A-A7B77ECB5828}"
EndProject
Project("{8BC9CEB8-8B4A-11D0-8D11-00A0C91BC942}") = "VMR9Allocator", "VMR9\VMR9Allocator\vmr9allocator.vcproj", "{4D9538C1-E5C1-4550-AAEF-4881D42F1FBB}"
EndProject
Project("{8BC9CEB8-8B4A-11D0-8D11-00A0C91BC942}") = "Ticker9", "VMR9\Ticker\ticker9.vcproj", "{DA312441-A66C-49AD-BF1F-F3E7C0EA746D}"
EndProject
Project("{8BC9CEB8-8B4A-11D0-8D11-00A0C91BC942}") = "VMRPlayer9", "VMR9\VMRPlayer\vmrplayer9.vcproj", "{3CCFA1C6-9C1E-46AB-92FA-C7ADF7D3AF6B}"
EndProject
Project("{8BC9CEB8-8B4A-11D0-8D11-00A0C91BC942}") = "Watermark9", "VMR9\Watermark\watermark9.vcproj", "{F14AD6FE-EE4F-4B18-BC23-C59CAF6EC9C1}"
EndProject
Project("{8BC9CEB8-8B4A-11D0-8D11-00A0C91BC942}") = "Windowless9", "VMR9\Windowless\windowless9.vcproj", "{A268E617-A712-468E-BDE9-6E90B2792941}"
EndProject
Global
	GlobalSection(SolutionConfiguration) = preSolution
		ConfigName.0 = Debug
		ConfigName.1 = Debug Unicode
		ConfigName.2 = Release
		ConfigName.3 = Release Unicode
	EndGlobalSection
	GlobalSection(ProjectDependencies) = postSolution
		{BD0FC83C-FE50-4D57-8065-40541ED0AC4B}.0 = {0F38FFCB-2B21-43F0-A3AB-A28326ECD338}
		{21C78133-08A0-4AC6-A0E5-65F71A17A674}.0 = {0F38FFCB-2B21-43F0-A3AB-A28326ECD338}
		{D94CCFB0-D455-4640-84A0-1E319612874B}.0 = {0F38FFCB-2B21-43F0-A3AB-A28326ECD338}
		{1F0ADDEF-C02B-4481-8999-086A85E3A2E7}.0 = {0F38FFCB-2B21-43F0-A3AB-A28326ECD338}
		{685A2D1B-0551-4EFF-9E4F-476A1BC6F6E1}.0 = {0F38FFCB-2B21-43F0-A3AB-A28326ECD338}
		{F6BCEA00-F0E0-4024-8486-22F351E332C2}.0 = {227C115C-3409-48A2-8EB5-E329AB558957}
		{F6BCEA00-F0E0-4024-8486-22F351E332C2}.1 = {FF8298E3-64F9-47C0-B088-F881DC9A2EDA}
		{532D484B-0DF1-450C-A520-7F9FD24C64A8}.0 = {0F38FFCB-2B21-43F0-A3AB-A28326ECD338}
		{BF90C497-7D62-409C-BA65-710D28FB8C50}.0 = {0F38FFCB-2B21-43F0-A3AB-A28326ECD338}
		{1D49FD1D-1F37-4BC5-A159-5437822815BC}.0 = {0F38FFCB-2B21-43F0-A3AB-A28326ECD338}
		{0505F44A-C597-4128-BF8B-22796A3D6690}.0 = {0F38FFCB-2B21-43F0-A3AB-A28326ECD338}
		{EBAFECF1-E64D-421E-9938-93428F33F01E}.0 = {0F38FFCB-2B21-43F0-A3AB-A28326ECD338}
		{C53E91CB-8958-45F7-A8C6-0BB31252EFA3}.0 = {0F38FFCB-2B21-43F0-A3AB-A28326ECD338}
		{74F092E3-5190-45FC-883B-2CB2C622F5BB}.0 = {0F38FFCB-2B21-43F0-A3AB-A28326ECD338}
		{17B0AFC8-D452-4021-99D4-8F28CD5A3272}.0 = {0F38FFCB-2B21-43F0-A3AB-A28326ECD338}
		{E5F2EA22-6C12-4DA2-8737-418CB8B2E4E0}.0 = {0F38FFCB-2B21-43F0-A3AB-A28326ECD338}
		{79B88481-BF6D-43E0-9521-40F36D342D9E}.0 = {0F38FFCB-2B21-43F0-A3AB-A28326ECD338}
		{CDF43588-97C7-4C71-847A-0CDECE00A7CD}.0 = {0F38FFCB-2B21-43F0-A3AB-A28326ECD338}
		{DDBCAD2D-2706-409A-8072-26C72BA77E25}.0 = {0F38FFCB-2B21-43F0-A3AB-A28326ECD338}
		{485C6A3D-32DB-4AA3-8654-A3934EC83A2D}.0 = {0F38FFCB-2B21-43F0-A3AB-A28326ECD338}
		{66AEB18E-A591-4A24-985F-1368D179DF39}.0 = {0F38FFCB-2B21-43F0-A3AB-A28326ECD338}
		{815FE21C-7400-4420-ADDD-01C44DED55B2}.0 = {0F38FFCB-2B21-43F0-A3AB-A28326ECD338}
		{86AF0F78-0650-4E56-963A-E9B6B7D90E57}.0 = {0F38FFCB-2B21-43F0-A3AB-A28326ECD338}
		{9A16D316-2F36-4914-899B-413D6CEB3891}.0 = {0F38FFCB-2B21-43F0-A3AB-A28326ECD338}
		{01D6EDE2-9BC9-4DDF-A518-BBB5D5104C7D}.0 = {0F38FFCB-2B21-43F0-A3AB-A28326ECD338}
		{05D1AD54-0138-41A2-B781-D4FE18798299}.0 = {0F38FFCB-2B21-43F0-A3AB-A28326ECD338}
		{2F2B2EFD-5133-4113-B49C-9DDB50877A4D}.0 = {0F38FFCB-2B21-43F0-A3AB-A28326ECD338}
		{6FAD39D4-E4F2-44A8-856E-C5BAAA344A3F}.0 = {0F38FFCB-2B21-43F0-A3AB-A28326ECD338}
		{0415B00E-14F6-4A19-AEC3-59FC471D5C70}.0 = {0F38FFCB-2B21-43F0-A3AB-A28326ECD338}
		{7864922A-006C-4B88-8F6B-E155CD3027A8}.0 = {0F38FFCB-2B21-43F0-A3AB-A28326ECD338}
		{7864922A-006C-4B88-8F6B-E155CD3027A8}.1 = {0415B00E-14F6-4A19-AEC3-59FC471D5C70}
		{8B4E4C0E-4A16-49C4-BC0E-B1C68C93E633}.0 = {0F38FFCB-2B21-43F0-A3AB-A28326ECD338}
		{37688170-218E-4C5E-94A1-3EBD71005C45}.0 = {0F38FFCB-2B21-43F0-A3AB-A28326ECD338}
		{5B442441-E96A-4B4F-B981-6D24854C3F8D}.0 = {0F38FFCB-2B21-43F0-A3AB-A28326ECD338}
		{41914E6A-E92A-40EA-801A-B3CED2082551}.0 = {82A09297-CCCE-483B-87C2-DB41BCED2E70}
		{41914E6A-E92A-40EA-801A-B3CED2082551}.1 = {402B066E-F72F-4CAE-BC89-0C12AAFB0B60}
		{41914E6A-E92A-40EA-801A-B3CED2082551}.2 = {2EC7FCB3-93F8-4F2F-BC30-6294C09B245A}
		{41914E6A-E92A-40EA-801A-B3CED2082551}.3 = {B725C4B6-FD0E-4047-8C96-B1D0431819E8}
		{2EC7FCB3-93F8-4F2F-BC30-6294C09B245A}.0 = {B725C4B6-FD0E-4047-8C96-B1D0431819E8}
		{2EC7FCB3-93F8-4F2F-BC30-6294C09B245A}.1 = {0F38FFCB-2B21-43F0-A3AB-A28326ECD338}
		{402B066E-F72F-4CAE-BC89-0C12AAFB0B60}.0 = {B725C4B6-FD0E-4047-8C96-B1D0431819E8}
		{402B066E-F72F-4CAE-BC89-0C12AAFB0B60}.1 = {0F38FFCB-2B21-43F0-A3AB-A28326ECD338}
		{1C591482-D4E0-4586-B5A6-7DA1B2C08C63}.0 = {0F38FFCB-2B21-43F0-A3AB-A28326ECD338}
		{FE67C84F-EFD6-4D43-8AD6-EB3F119B8919}.0 = {0F38FFCB-2B21-43F0-A3AB-A28326ECD338}
		{9CFBE331-3230-486C-816E-514AC5A529A5}.0 = {0F38FFCB-2B21-43F0-A3AB-A28326ECD338}
		{646B2F0F-96FC-4A59-AE99-329203827930}.0 = {0F38FFCB-2B21-43F0-A3AB-A28326ECD338}
		{C77336A2-E1EB-494E-9C69-D0A833883E5E}.0 = {0F38FFCB-2B21-43F0-A3AB-A28326ECD338}
		{BE40F74F-D2B9-4FF3-BD55-FDF81B773DA2}.0 = {0F38FFCB-2B21-43F0-A3AB-A28326ECD338}
		{3C8E5892-4AEE-46CE-BE94-AF5243A8EA8F}.0 = {0F38FFCB-2B21-43F0-A3AB-A28326ECD338}
		{3C8E5892-4AEE-46CE-BE94-AF5243A8EA8F}.1 = {7864922A-006C-4B88-8F6B-E155CD3027A8}
		{3C8E5892-4AEE-46CE-BE94-AF5243A8EA8F}.2 = {0415B00E-14F6-4A19-AEC3-59FC471D5C70}
		{0D2A348B-31BF-4C24-9EAA-D918C092110E}.0 = {0F38FFCB-2B21-43F0-A3AB-A28326ECD338}
		{017D7BEC-C874-4F90-858C-C87C4106D25B}.0 = {0F38FFCB-2B21-43F0-A3AB-A28326ECD338}
		{0356F504-AAB9-4E7F-9A14-07E77826FA35}.0 = {0F38FFCB-2B21-43F0-A3AB-A28326ECD338}
		{62F7E72E-6FD6-40CF-A786-AA73E7540C7A}.0 = {0F38FFCB-2B21-43F0-A3AB-A28326ECD338}
		{FC8311A2-16AF-4437-87F8-4DE46A1588BF}.0 = {0F38FFCB-2B21-43F0-A3AB-A28326ECD338}
		{8BFFB1EF-0A69-4F03-8F56-9A1E56CF624F}.0 = {0F38FFCB-2B21-43F0-A3AB-A28326ECD338}
		{06B84794-B4D4-4D41-AB0C-3FBDFB81A858}.0 = {0F38FFCB-2B21-43F0-A3AB-A28326ECD338}
		{9E13C3F8-9FE6-4C5E-9AF8-9801DF4CC3C5}.0 = {0F38FFCB-2B21-43F0-A3AB-A28326ECD338}
		{6AFB178D-314E-49EC-89EE-224AF25EA696}.0 = {0F38FFCB-2B21-43F0-A3AB-A28326ECD338}
		{475DC941-4AEF-4218-9596-DC6F6151F0C4}.0 = {254174C0-82AA-4C73-A756-65C44490CB85}
		{E25B8C76-EDBE-4098-A658-D34827D98E12}.0 = {254174C0-82AA-4C73-A756-65C44490CB85}
		{3CCFA1C6-9C1E-46AB-92FA-C7ADF7D3AF6B}.0 = {0F38FFCB-2B21-43F0-A3AB-A28326ECD338}
	EndGlobalSection
	GlobalSection(ProjectConfiguration) = postSolution
		{BD0FC83C-FE50-4D57-8065-40541ED0AC4B}.Debug.ActiveCfg = Debug|Win32
		{BD0FC83C-FE50-4D57-8065-40541ED0AC4B}.Debug.Build.0 = Debug|Win32
		{BD0FC83C-FE50-4D57-8065-40541ED0AC4B}.Debug Unicode.ActiveCfg = Debug Unicode|Win32
		{BD0FC83C-FE50-4D57-8065-40541ED0AC4B}.Debug Unicode.Build.0 = Debug Unicode|Win32
		{BD0FC83C-FE50-4D57-8065-40541ED0AC4B}.Release.ActiveCfg = Release|Win32
		{BD0FC83C-FE50-4D57-8065-40541ED0AC4B}.Release.Build.0 = Release|Win32
		{BD0FC83C-FE50-4D57-8065-40541ED0AC4B}.Release Unicode.ActiveCfg = Release Unicode|Win32
		{BD0FC83C-FE50-4D57-8065-40541ED0AC4B}.Release Unicode.Build.0 = Release Unicode|Win32
		{21C78133-08A0-4AC6-A0E5-65F71A17A674}.Debug.ActiveCfg = Debug|Win32
		{21C78133-08A0-4AC6-A0E5-65F71A17A674}.Debug.Build.0 = Debug|Win32
		{21C78133-08A0-4AC6-A0E5-65F71A17A674}.Debug Unicode.ActiveCfg = Debug Unicode|Win32
		{21C78133-08A0-4AC6-A0E5-65F71A17A674}.Debug Unicode.Build.0 = Debug Unicode|Win32
		{21C78133-08A0-4AC6-A0E5-65F71A17A674}.Release.ActiveCfg = Release|Win32
		{21C78133-08A0-4AC6-A0E5-65F71A17A674}.Release.Build.0 = Release|Win32
		{21C78133-08A0-4AC6-A0E5-65F71A17A674}.Release Unicode.ActiveCfg = Release Unicode|Win32
		{21C78133-08A0-4AC6-A0E5-65F71A17A674}.Release Unicode.Build.0 = Release Unicode|Win32
		{8552A985-AEC5-4AD7-87E2-AF68EC0C0EEC}.Debug.ActiveCfg = Debug|Win32
		{8552A985-AEC5-4AD7-87E2-AF68EC0C0EEC}.Debug.Build.0 = Debug|Win32
		{8552A985-AEC5-4AD7-87E2-AF68EC0C0EEC}.Debug Unicode.ActiveCfg = Debug Unicode|Win32
		{8552A985-AEC5-4AD7-87E2-AF68EC0C0EEC}.Debug Unicode.Build.0 = Debug Unicode|Win32
		{8552A985-AEC5-4AD7-87E2-AF68EC0C0EEC}.Release.ActiveCfg = Release|Win32
		{8552A985-AEC5-4AD7-87E2-AF68EC0C0EEC}.Release.Build.0 = Release|Win32
		{8552A985-AEC5-4AD7-87E2-AF68EC0C0EEC}.Release Unicode.ActiveCfg = Release Unicode|Win32
		{8552A985-AEC5-4AD7-87E2-AF68EC0C0EEC}.Release Unicode.Build.0 = Release Unicode|Win32
		{72B28DEA-B392-4260-8750-7AF4221B6555}.Debug.ActiveCfg = Debug|Win32
		{72B28DEA-B392-4260-8750-7AF4221B6555}.Debug.Build.0 = Debug|Win32
		{72B28DEA-B392-4260-8750-7AF4221B6555}.Debug Unicode.ActiveCfg = Debug Unicode|Win32
		{72B28DEA-B392-4260-8750-7AF4221B6555}.Debug Unicode.Build.0 = Debug Unicode|Win32
		{72B28DEA-B392-4260-8750-7AF4221B6555}.Release.ActiveCfg = Release|Win32
		{72B28DEA-B392-4260-8750-7AF4221B6555}.Release.Build.0 = Release|Win32
		{72B28DEA-B392-4260-8750-7AF4221B6555}.Release Unicode.ActiveCfg = Release Unicode|Win32
		{72B28DEA-B392-4260-8750-7AF4221B6555}.Release Unicode.Build.0 = Release Unicode|Win32
		{0F38FFCB-2B21-43F0-A3AB-A28326ECD338}.Debug.ActiveCfg = Debug|Win32
		{0F38FFCB-2B21-43F0-A3AB-A28326ECD338}.Debug.Build.0 = Debug|Win32
		{0F38FFCB-2B21-43F0-A3AB-A28326ECD338}.Debug Unicode.ActiveCfg = Debug Unicode|Win32
		{0F38FFCB-2B21-43F0-A3AB-A28326ECD338}.Debug Unicode.Build.0 = Debug Unicode|Win32
		{0F38FFCB-2B21-43F0-A3AB-A28326ECD338}.Release.ActiveCfg = Release|Win32
		{0F38FFCB-2B21-43F0-A3AB-A28326ECD338}.Release.Build.0 = Release|Win32
		{0F38FFCB-2B21-43F0-A3AB-A28326ECD338}.Release Unicode.ActiveCfg = Release Unicode|Win32
		{0F38FFCB-2B21-43F0-A3AB-A28326ECD338}.Release Unicode.Build.0 = Release Unicode|Win32
		{5054CBA6-3AE0-4515-9171-4DDB6452A264}.Debug.ActiveCfg = Debug|Win32
		{5054CBA6-3AE0-4515-9171-4DDB6452A264}.Debug.Build.0 = Debug|Win32
		{5054CBA6-3AE0-4515-9171-4DDB6452A264}.Debug Unicode.ActiveCfg = Debug Unicode|Win32
		{5054CBA6-3AE0-4515-9171-4DDB6452A264}.Debug Unicode.Build.0 = Debug Unicode|Win32
		{5054CBA6-3AE0-4515-9171-4DDB6452A264}.Release.ActiveCfg = Release|Win32
		{5054CBA6-3AE0-4515-9171-4DDB6452A264}.Release.Build.0 = Release|Win32
		{5054CBA6-3AE0-4515-9171-4DDB6452A264}.Release Unicode.ActiveCfg = Release Unicode|Win32
		{5054CBA6-3AE0-4515-9171-4DDB6452A264}.Release Unicode.Build.0 = Release Unicode|Win32
		{D94CCFB0-D455-4640-84A0-1E319612874B}.Debug.ActiveCfg = Debug|Win32
		{D94CCFB0-D455-4640-84A0-1E319612874B}.Debug.Build.0 = Debug|Win32
		{D94CCFB0-D455-4640-84A0-1E319612874B}.Debug Unicode.ActiveCfg = Debug Unicode|Win32
		{D94CCFB0-D455-4640-84A0-1E319612874B}.Debug Unicode.Build.0 = Debug Unicode|Win32
		{D94CCFB0-D455-4640-84A0-1E319612874B}.Release.ActiveCfg = Release|Win32
		{D94CCFB0-D455-4640-84A0-1E319612874B}.Release.Build.0 = Release|Win32
		{D94CCFB0-D455-4640-84A0-1E319612874B}.Release Unicode.ActiveCfg = Release Unicode|Win32
		{D94CCFB0-D455-4640-84A0-1E319612874B}.Release Unicode.Build.0 = Release Unicode|Win32
		{1F0ADDEF-C02B-4481-8999-086A85E3A2E7}.Debug.ActiveCfg = Debug|Win32
		{1F0ADDEF-C02B-4481-8999-086A85E3A2E7}.Debug.Build.0 = Debug|Win32
		{1F0ADDEF-C02B-4481-8999-086A85E3A2E7}.Debug Unicode.ActiveCfg = Debug Unicode|Win32
		{1F0ADDEF-C02B-4481-8999-086A85E3A2E7}.Debug Unicode.Build.0 = Debug Unicode|Win32
		{1F0ADDEF-C02B-4481-8999-086A85E3A2E7}.Release.ActiveCfg = Release|Win32
		{1F0ADDEF-C02B-4481-8999-086A85E3A2E7}.Release.Build.0 = Release|Win32
		{1F0ADDEF-C02B-4481-8999-086A85E3A2E7}.Release Unicode.ActiveCfg = Release Unicode|Win32
		{1F0ADDEF-C02B-4481-8999-086A85E3A2E7}.Release Unicode.Build.0 = Release Unicode|Win32
		{FF8298E3-64F9-47C0-B088-F881DC9A2EDA}.Debug.ActiveCfg = Debug|Win32
		{FF8298E3-64F9-47C0-B088-F881DC9A2EDA}.Debug.Build.0 = Debug|Win32
		{FF8298E3-64F9-47C0-B088-F881DC9A2EDA}.Debug Unicode.ActiveCfg = Debug Unicode|Win32
		{FF8298E3-64F9-47C0-B088-F881DC9A2EDA}.Debug Unicode.Build.0 = Debug Unicode|Win32
		{FF8298E3-64F9-47C0-B088-F881DC9A2EDA}.Release.ActiveCfg = Release|Win32
		{FF8298E3-64F9-47C0-B088-F881DC9A2EDA}.Release.Build.0 = Release|Win32
		{FF8298E3-64F9-47C0-B088-F881DC9A2EDA}.Release Unicode.ActiveCfg = Release Unicode|Win32
		{FF8298E3-64F9-47C0-B088-F881DC9A2EDA}.Release Unicode.Build.0 = Release Unicode|Win32
		{685A2D1B-0551-4EFF-9E4F-476A1BC6F6E1}.Debug.ActiveCfg = Debug|Win32
		{685A2D1B-0551-4EFF-9E4F-476A1BC6F6E1}.Debug.Build.0 = Debug|Win32
		{685A2D1B-0551-4EFF-9E4F-476A1BC6F6E1}.Debug Unicode.ActiveCfg = Debug Unicode|Win32
		{685A2D1B-0551-4EFF-9E4F-476A1BC6F6E1}.Debug Unicode.Build.0 = Debug Unicode|Win32
		{685A2D1B-0551-4EFF-9E4F-476A1BC6F6E1}.Release.ActiveCfg = Release|Win32
		{685A2D1B-0551-4EFF-9E4F-476A1BC6F6E1}.Release.Build.0 = Release|Win32
		{685A2D1B-0551-4EFF-9E4F-476A1BC6F6E1}.Release Unicode.ActiveCfg = Release Unicode|Win32
		{685A2D1B-0551-4EFF-9E4F-476A1BC6F6E1}.Release Unicode.Build.0 = Release Unicode|Win32
		{C2FA4234-0F9B-4C15-98FD-7A6C687A40A0}.Debug.ActiveCfg = Debug|Win32
		{C2FA4234-0F9B-4C15-98FD-7A6C687A40A0}.Debug.Build.0 = Debug|Win32
		{C2FA4234-0F9B-4C15-98FD-7A6C687A40A0}.Debug Unicode.ActiveCfg = Debug Unicode|Win32
		{C2FA4234-0F9B-4C15-98FD-7A6C687A40A0}.Debug Unicode.Build.0 = Debug Unicode|Win32
		{C2FA4234-0F9B-4C15-98FD-7A6C687A40A0}.Release.ActiveCfg = Release|Win32
		{C2FA4234-0F9B-4C15-98FD-7A6C687A40A0}.Release.Build.0 = Release|Win32
		{C2FA4234-0F9B-4C15-98FD-7A6C687A40A0}.Release Unicode.ActiveCfg = Release Unicode|Win32
		{C2FA4234-0F9B-4C15-98FD-7A6C687A40A0}.Release Unicode.Build.0 = Release Unicode|Win32
		{9D0D5376-0B65-4A6E-BC65-38567B1FF02D}.Debug.ActiveCfg = Debug|Win32
		{9D0D5376-0B65-4A6E-BC65-38567B1FF02D}.Debug.Build.0 = Debug|Win32
		{9D0D5376-0B65-4A6E-BC65-38567B1FF02D}.Debug Unicode.ActiveCfg = Debug Unicode|Win32
		{9D0D5376-0B65-4A6E-BC65-38567B1FF02D}.Debug Unicode.Build.0 = Debug Unicode|Win32
		{9D0D5376-0B65-4A6E-BC65-38567B1FF02D}.Release.ActiveCfg = Release|Win32
		{9D0D5376-0B65-4A6E-BC65-38567B1FF02D}.Release.Build.0 = Release|Win32
		{9D0D5376-0B65-4A6E-BC65-38567B1FF02D}.Release Unicode.ActiveCfg = Release Unicode|Win32
		{9D0D5376-0B65-4A6E-BC65-38567B1FF02D}.Release Unicode.Build.0 = Release Unicode|Win32
		{FB0EE899-10A8-4EE4-B305-7492B8A5892E}.Debug.ActiveCfg = Debug|Win32
		{FB0EE899-10A8-4EE4-B305-7492B8A5892E}.Debug.Build.0 = Debug|Win32
		{FB0EE899-10A8-4EE4-B305-7492B8A5892E}.Debug Unicode.ActiveCfg = Debug Unicode|Win32
		{FB0EE899-10A8-4EE4-B305-7492B8A5892E}.Debug Unicode.Build.0 = Debug Unicode|Win32
		{FB0EE899-10A8-4EE4-B305-7492B8A5892E}.Release.ActiveCfg = Release|Win32
		{FB0EE899-10A8-4EE4-B305-7492B8A5892E}.Release.Build.0 = Release|Win32
		{FB0EE899-10A8-4EE4-B305-7492B8A5892E}.Release Unicode.ActiveCfg = Release Unicode|Win32
		{FB0EE899-10A8-4EE4-B305-7492B8A5892E}.Release Unicode.Build.0 = Release Unicode|Win32
		{F6BCEA00-F0E0-4024-8486-22F351E332C2}.Debug.ActiveCfg = Debug|Win32
		{F6BCEA00-F0E0-4024-8486-22F351E332C2}.Debug.Build.0 = Debug|Win32
		{F6BCEA00-F0E0-4024-8486-22F351E332C2}.Debug Unicode.ActiveCfg = Debug Unicode|Win32
		{F6BCEA00-F0E0-4024-8486-22F351E332C2}.Debug Unicode.Build.0 = Debug Unicode|Win32
		{F6BCEA00-F0E0-4024-8486-22F351E332C2}.Release.ActiveCfg = Release|Win32
		{F6BCEA00-F0E0-4024-8486-22F351E332C2}.Release.Build.0 = Release|Win32
		{F6BCEA00-F0E0-4024-8486-22F351E332C2}.Release Unicode.ActiveCfg = Release Unicode|Win32
		{F6BCEA00-F0E0-4024-8486-22F351E332C2}.Release Unicode.Build.0 = Release Unicode|Win32
		{532D484B-0DF1-450C-A520-7F9FD24C64A8}.Debug.ActiveCfg = Debug|Win32
		{532D484B-0DF1-450C-A520-7F9FD24C64A8}.Debug.Build.0 = Debug|Win32
		{532D484B-0DF1-450C-A520-7F9FD24C64A8}.Debug Unicode.ActiveCfg = Debug Unicode|Win32
		{532D484B-0DF1-450C-A520-7F9FD24C64A8}.Debug Unicode.Build.0 = Debug Unicode|Win32
		{532D484B-0DF1-450C-A520-7F9FD24C64A8}.Release.ActiveCfg = Release|Win32
		{532D484B-0DF1-450C-A520-7F9FD24C64A8}.Release.Build.0 = Release|Win32
		{532D484B-0DF1-450C-A520-7F9FD24C64A8}.Release Unicode.ActiveCfg = Release Unicode|Win32
		{532D484B-0DF1-450C-A520-7F9FD24C64A8}.Release Unicode.Build.0 = Release Unicode|Win32
		{BF90C497-7D62-409C-BA65-710D28FB8C50}.Debug.ActiveCfg = Debug|Win32
		{BF90C497-7D62-409C-BA65-710D28FB8C50}.Debug.Build.0 = Debug|Win32
		{BF90C497-7D62-409C-BA65-710D28FB8C50}.Debug Unicode.ActiveCfg = Debug Unicode|Win32
		{BF90C497-7D62-409C-BA65-710D28FB8C50}.Debug Unicode.Build.0 = Debug Unicode|Win32
		{BF90C497-7D62-409C-BA65-710D28FB8C50}.Release.ActiveCfg = Release|Win32
		{BF90C497-7D62-409C-BA65-710D28FB8C50}.Release.Build.0 = Release|Win32
		{BF90C497-7D62-409C-BA65-710D28FB8C50}.Release Unicode.ActiveCfg = Release Unicode|Win32
		{BF90C497-7D62-409C-BA65-710D28FB8C50}.Release Unicode.Build.0 = Release Unicode|Win32
		{F8FFCC2F-0D40-495B-9A17-DE3653840435}.Debug.ActiveCfg = Debug|Win32
		{F8FFCC2F-0D40-495B-9A17-DE3653840435}.Debug.Build.0 = Debug|Win32
		{F8FFCC2F-0D40-495B-9A17-DE3653840435}.Debug Unicode.ActiveCfg = Debug Unicode|Win32
		{F8FFCC2F-0D40-495B-9A17-DE3653840435}.Debug Unicode.Build.0 = Debug Unicode|Win32
		{F8FFCC2F-0D40-495B-9A17-DE3653840435}.Release.ActiveCfg = Release|Win32
		{F8FFCC2F-0D40-495B-9A17-DE3653840435}.Release.Build.0 = Release|Win32
		{F8FFCC2F-0D40-495B-9A17-DE3653840435}.Release Unicode.ActiveCfg = Release Unicode|Win32
		{F8FFCC2F-0D40-495B-9A17-DE3653840435}.Release Unicode.Build.0 = Release Unicode|Win32
		{227C115C-3409-48A2-8EB5-E329AB558957}.Debug.ActiveCfg = Debug|Win32
		{227C115C-3409-48A2-8EB5-E329AB558957}.Debug.Build.0 = Debug|Win32
		{227C115C-3409-48A2-8EB5-E329AB558957}.Debug Unicode.ActiveCfg = Debug Unicode|Win32
		{227C115C-3409-48A2-8EB5-E329AB558957}.Debug Unicode.Build.0 = Debug Unicode|Win32
		{227C115C-3409-48A2-8EB5-E329AB558957}.Release.ActiveCfg = Release|Win32
		{227C115C-3409-48A2-8EB5-E329AB558957}.Release.Build.0 = Release|Win32
		{227C115C-3409-48A2-8EB5-E329AB558957}.Release Unicode.ActiveCfg = Release Unicode|Win32
		{227C115C-3409-48A2-8EB5-E329AB558957}.Release Unicode.Build.0 = Release Unicode|Win32
		{EF3BDD0D-8CA7-4D86-8D53-065D95B693AB}.Debug.ActiveCfg = Debug|Win32
		{EF3BDD0D-8CA7-4D86-8D53-065D95B693AB}.Debug.Build.0 = Debug|Win32
		{EF3BDD0D-8CA7-4D86-8D53-065D95B693AB}.Debug Unicode.ActiveCfg = Debug Unicode|Win32
		{EF3BDD0D-8CA7-4D86-8D53-065D95B693AB}.Debug Unicode.Build.0 = Debug Unicode|Win32
		{EF3BDD0D-8CA7-4D86-8D53-065D95B693AB}.Release.ActiveCfg = Release|Win32
		{EF3BDD0D-8CA7-4D86-8D53-065D95B693AB}.Release.Build.0 = Release|Win32
		{EF3BDD0D-8CA7-4D86-8D53-065D95B693AB}.Release Unicode.ActiveCfg = Release Unicode|Win32
		{EF3BDD0D-8CA7-4D86-8D53-065D95B693AB}.Release Unicode.Build.0 = Release Unicode|Win32
		{1D49FD1D-1F37-4BC5-A159-5437822815BC}.Debug.ActiveCfg = Debug|Win32
		{1D49FD1D-1F37-4BC5-A159-5437822815BC}.Debug.Build.0 = Debug|Win32
		{1D49FD1D-1F37-4BC5-A159-5437822815BC}.Debug Unicode.ActiveCfg = Debug Unicode|Win32
		{1D49FD1D-1F37-4BC5-A159-5437822815BC}.Debug Unicode.Build.0 = Debug Unicode|Win32
		{1D49FD1D-1F37-4BC5-A159-5437822815BC}.Release.ActiveCfg = Release|Win32
		{1D49FD1D-1F37-4BC5-A159-5437822815BC}.Release.Build.0 = Release|Win32
		{1D49FD1D-1F37-4BC5-A159-5437822815BC}.Release Unicode.ActiveCfg = Release Unicode|Win32
		{1D49FD1D-1F37-4BC5-A159-5437822815BC}.Release Unicode.Build.0 = Release Unicode|Win32
		{0505F44A-C597-4128-BF8B-22796A3D6690}.Debug.ActiveCfg = Debug|Win32
		{0505F44A-C597-4128-BF8B-22796A3D6690}.Debug.Build.0 = Debug|Win32
		{0505F44A-C597-4128-BF8B-22796A3D6690}.Debug Unicode.ActiveCfg = Debug Unicode|Win32
		{0505F44A-C597-4128-BF8B-22796A3D6690}.Debug Unicode.Build.0 = Debug Unicode|Win32
		{0505F44A-C597-4128-BF8B-22796A3D6690}.Release.ActiveCfg = Release|Win32
		{0505F44A-C597-4128-BF8B-22796A3D6690}.Release.Build.0 = Release|Win32
		{0505F44A-C597-4128-BF8B-22796A3D6690}.Release Unicode.ActiveCfg = Release Unicode|Win32
		{0505F44A-C597-4128-BF8B-22796A3D6690}.Release Unicode.Build.0 = Release Unicode|Win32
		{EBAFECF1-E64D-421E-9938-93428F33F01E}.Debug.ActiveCfg = Debug|Win32
		{EBAFECF1-E64D-421E-9938-93428F33F01E}.Debug.Build.0 = Debug|Win32
		{EBAFECF1-E64D-421E-9938-93428F33F01E}.Debug Unicode.ActiveCfg = Debug Unicode|Win32
		{EBAFECF1-E64D-421E-9938-93428F33F01E}.Debug Unicode.Build.0 = Debug Unicode|Win32
		{EBAFECF1-E64D-421E-9938-93428F33F01E}.Release.ActiveCfg = Release|Win32
		{EBAFECF1-E64D-421E-9938-93428F33F01E}.Release.Build.0 = Release|Win32
		{EBAFECF1-E64D-421E-9938-93428F33F01E}.Release Unicode.ActiveCfg = Release Unicode|Win32
		{EBAFECF1-E64D-421E-9938-93428F33F01E}.Release Unicode.Build.0 = Release Unicode|Win32
		{C53E91CB-8958-45F7-A8C6-0BB31252EFA3}.Debug.ActiveCfg = Debug|Win32
		{C53E91CB-8958-45F7-A8C6-0BB31252EFA3}.Debug.Build.0 = Debug|Win32
		{C53E91CB-8958-45F7-A8C6-0BB31252EFA3}.Debug Unicode.ActiveCfg = Debug Unicode|Win32
		{C53E91CB-8958-45F7-A8C6-0BB31252EFA3}.Debug Unicode.Build.0 = Debug Unicode|Win32
		{C53E91CB-8958-45F7-A8C6-0BB31252EFA3}.Release.ActiveCfg = Release|Win32
		{C53E91CB-8958-45F7-A8C6-0BB31252EFA3}.Release.Build.0 = Release|Win32
		{C53E91CB-8958-45F7-A8C6-0BB31252EFA3}.Release Unicode.ActiveCfg = Release Unicode|Win32
		{C53E91CB-8958-45F7-A8C6-0BB31252EFA3}.Release Unicode.Build.0 = Release Unicode|Win32
		{97ACC1A0-5229-4FE4-953E-6D0B6781310E}.Debug.ActiveCfg = Debug|Win32
		{97ACC1A0-5229-4FE4-953E-6D0B6781310E}.Debug.Build.0 = Debug|Win32
		{97ACC1A0-5229-4FE4-953E-6D0B6781310E}.Debug Unicode.ActiveCfg = Debug Unicode|Win32
		{97ACC1A0-5229-4FE4-953E-6D0B6781310E}.Debug Unicode.Build.0 = Debug Unicode|Win32
		{97ACC1A0-5229-4FE4-953E-6D0B6781310E}.Release.ActiveCfg = Release|Win32
		{97ACC1A0-5229-4FE4-953E-6D0B6781310E}.Release.Build.0 = Release|Win32
		{97ACC1A0-5229-4FE4-953E-6D0B6781310E}.Release Unicode.ActiveCfg = Release Unicode|Win32
		{97ACC1A0-5229-4FE4-953E-6D0B6781310E}.Release Unicode.Build.0 = Release Unicode|Win32
		{74F092E3-5190-45FC-883B-2CB2C622F5BB}.Debug.ActiveCfg = Debug|Win32
		{74F092E3-5190-45FC-883B-2CB2C622F5BB}.Debug.Build.0 = Debug|Win32
		{74F092E3-5190-45FC-883B-2CB2C622F5BB}.Debug Unicode.ActiveCfg = Debug Unicode|Win32
		{74F092E3-5190-45FC-883B-2CB2C622F5BB}.Debug Unicode.Build.0 = Debug Unicode|Win32
		{74F092E3-5190-45FC-883B-2CB2C622F5BB}.Release.ActiveCfg = Release|Win32
		{74F092E3-5190-45FC-883B-2CB2C622F5BB}.Release.Build.0 = Release|Win32
		{74F092E3-5190-45FC-883B-2CB2C622F5BB}.Release Unicode.ActiveCfg = Release Unicode|Win32
		{74F092E3-5190-45FC-883B-2CB2C622F5BB}.Release Unicode.Build.0 = Release Unicode|Win32
		{17B0AFC8-D452-4021-99D4-8F28CD5A3272}.Debug.ActiveCfg = Debug|Win32
		{17B0AFC8-D452-4021-99D4-8F28CD5A3272}.Debug.Build.0 = Debug|Win32
		{17B0AFC8-D452-4021-99D4-8F28CD5A3272}.Debug Unicode.ActiveCfg = Debug Unicode|Win32
		{17B0AFC8-D452-4021-99D4-8F28CD5A3272}.Debug Unicode.Build.0 = Debug Unicode|Win32
		{17B0AFC8-D452-4021-99D4-8F28CD5A3272}.Release.ActiveCfg = Release|Win32
		{17B0AFC8-D452-4021-99D4-8F28CD5A3272}.Release.Build.0 = Release|Win32
		{17B0AFC8-D452-4021-99D4-8F28CD5A3272}.Release Unicode.ActiveCfg = Release Unicode|Win32
		{17B0AFC8-D452-4021-99D4-8F28CD5A3272}.Release Unicode.Build.0 = Release Unicode|Win32
		{E5F2EA22-6C12-4DA2-8737-418CB8B2E4E0}.Debug.ActiveCfg = Debug|Win32
		{E5F2EA22-6C12-4DA2-8737-418CB8B2E4E0}.Debug.Build.0 = Debug|Win32
		{E5F2EA22-6C12-4DA2-8737-418CB8B2E4E0}.Debug Unicode.ActiveCfg = Debug Unicode|Win32
		{E5F2EA22-6C12-4DA2-8737-418CB8B2E4E0}.Debug Unicode.Build.0 = Debug Unicode|Win32
		{E5F2EA22-6C12-4DA2-8737-418CB8B2E4E0}.Release.ActiveCfg = Release|Win32
		{E5F2EA22-6C12-4DA2-8737-418CB8B2E4E0}.Release.Build.0 = Release|Win32
		{E5F2EA22-6C12-4DA2-8737-418CB8B2E4E0}.Release Unicode.ActiveCfg = Release Unicode|Win32
		{E5F2EA22-6C12-4DA2-8737-418CB8B2E4E0}.Release Unicode.Build.0 = Release Unicode|Win32
		{EFE515A6-539C-45E7-B6D7-1601F154F0FA}.Debug.ActiveCfg = Debug|Win32
		{EFE515A6-539C-45E7-B6D7-1601F154F0FA}.Debug.Build.0 = Debug|Win32
		{EFE515A6-539C-45E7-B6D7-1601F154F0FA}.Debug Unicode.ActiveCfg = Debug Unicode|Win32
		{EFE515A6-539C-45E7-B6D7-1601F154F0FA}.Debug Unicode.Build.0 = Debug Unicode|Win32
		{EFE515A6-539C-45E7-B6D7-1601F154F0FA}.Release.ActiveCfg = Release|Win32
		{EFE515A6-539C-45E7-B6D7-1601F154F0FA}.Release.Build.0 = Release|Win32
		{EFE515A6-539C-45E7-B6D7-1601F154F0FA}.Release Unicode.ActiveCfg = Release Unicode|Win32
		{EFE515A6-539C-45E7-B6D7-1601F154F0FA}.Release Unicode.Build.0 = Release Unicode|Win32
		{79B88481-BF6D-43E0-9521-40F36D342D9E}.Debug.ActiveCfg = Debug|Win32
		{79B88481-BF6D-43E0-9521-40F36D342D9E}.Debug.Build.0 = Debug|Win32
		{79B88481-BF6D-43E0-9521-40F36D342D9E}.Debug Unicode.ActiveCfg = Debug Unicode|Win32
		{79B88481-BF6D-43E0-9521-40F36D342D9E}.Debug Unicode.Build.0 = Debug Unicode|Win32
		{79B88481-BF6D-43E0-9521-40F36D342D9E}.Release.ActiveCfg = Release|Win32
		{79B88481-BF6D-43E0-9521-40F36D342D9E}.Release.Build.0 = Release|Win32
		{79B88481-BF6D-43E0-9521-40F36D342D9E}.Release Unicode.ActiveCfg = Release Unicode|Win32
		{79B88481-BF6D-43E0-9521-40F36D342D9E}.Release Unicode.Build.0 = Release Unicode|Win32
		{CDF43588-97C7-4C71-847A-0CDECE00A7CD}.Debug.ActiveCfg = Debug|Win32
		{CDF43588-97C7-4C71-847A-0CDECE00A7CD}.Debug.Build.0 = Debug|Win32
		{CDF43588-97C7-4C71-847A-0CDECE00A7CD}.Debug Unicode.ActiveCfg = Debug Unicode|Win32
		{CDF43588-97C7-4C71-847A-0CDECE00A7CD}.Debug Unicode.Build.0 = Debug Unicode|Win32
		{CDF43588-97C7-4C71-847A-0CDECE00A7CD}.Release.ActiveCfg = Release|Win32
		{CDF43588-97C7-4C71-847A-0CDECE00A7CD}.Release.Build.0 = Release|Win32
		{CDF43588-97C7-4C71-847A-0CDECE00A7CD}.Release Unicode.ActiveCfg = Release Unicode|Win32
		{CDF43588-97C7-4C71-847A-0CDECE00A7CD}.Release Unicode.Build.0 = Release Unicode|Win32
		{BF96E8B7-E138-430B-B507-1E17709AB2FC}.Debug.ActiveCfg = Debug|Win32
		{BF96E8B7-E138-430B-B507-1E17709AB2FC}.Debug.Build.0 = Debug|Win32
		{BF96E8B7-E138-430B-B507-1E17709AB2FC}.Debug Unicode.ActiveCfg = Debug Unicode|Win32
		{BF96E8B7-E138-430B-B507-1E17709AB2FC}.Debug Unicode.Build.0 = Debug Unicode|Win32
		{BF96E8B7-E138-430B-B507-1E17709AB2FC}.Release.ActiveCfg = Release|Win32
		{BF96E8B7-E138-430B-B507-1E17709AB2FC}.Release.Build.0 = Release|Win32
		{BF96E8B7-E138-430B-B507-1E17709AB2FC}.Release Unicode.ActiveCfg = Release Unicode|Win32
		{BF96E8B7-E138-430B-B507-1E17709AB2FC}.Release Unicode.Build.0 = Release Unicode|Win32
		{9C7F5D5B-0947-4B4D-A676-D374451DC5E7}.Debug.ActiveCfg = Debug|Win32
		{9C7F5D5B-0947-4B4D-A676-D374451DC5E7}.Debug.Build.0 = Debug|Win32
		{9C7F5D5B-0947-4B4D-A676-D374451DC5E7}.Debug Unicode.ActiveCfg = Debug Unicode|Win32
		{9C7F5D5B-0947-4B4D-A676-D374451DC5E7}.Debug Unicode.Build.0 = Debug Unicode|Win32
		{9C7F5D5B-0947-4B4D-A676-D374451DC5E7}.Release.ActiveCfg = Release|Win32
		{9C7F5D5B-0947-4B4D-A676-D374451DC5E7}.Release.Build.0 = Release|Win32
		{9C7F5D5B-0947-4B4D-A676-D374451DC5E7}.Release Unicode.ActiveCfg = Release Unicode|Win32
		{9C7F5D5B-0947-4B4D-A676-D374451DC5E7}.Release Unicode.Build.0 = Release Unicode|Win32
		{73BA8A81-3B15-4469-9732-9F1874DA4E9A}.Debug.ActiveCfg = Debug|Win32
		{73BA8A81-3B15-4469-9732-9F1874DA4E9A}.Debug.Build.0 = Debug|Win32
		{73BA8A81-3B15-4469-9732-9F1874DA4E9A}.Debug Unicode.ActiveCfg = Debug Unicode|Win32
		{73BA8A81-3B15-4469-9732-9F1874DA4E9A}.Debug Unicode.Build.0 = Debug Unicode|Win32
		{73BA8A81-3B15-4469-9732-9F1874DA4E9A}.Release.ActiveCfg = Release|Win32
		{73BA8A81-3B15-4469-9732-9F1874DA4E9A}.Release.Build.0 = Release|Win32
		{73BA8A81-3B15-4469-9732-9F1874DA4E9A}.Release Unicode.ActiveCfg = Release Unicode|Win32
		{73BA8A81-3B15-4469-9732-9F1874DA4E9A}.Release Unicode.Build.0 = Release Unicode|Win32
		{DDBCAD2D-2706-409A-8072-26C72BA77E25}.Debug.ActiveCfg = Debug|Win32
		{DDBCAD2D-2706-409A-8072-26C72BA77E25}.Debug.Build.0 = Debug|Win32
		{DDBCAD2D-2706-409A-8072-26C72BA77E25}.Debug Unicode.ActiveCfg = Debug Unicode|Win32
		{DDBCAD2D-2706-409A-8072-26C72BA77E25}.Debug Unicode.Build.0 = Debug Unicode|Win32
		{DDBCAD2D-2706-409A-8072-26C72BA77E25}.Release.ActiveCfg = Release|Win32
		{DDBCAD2D-2706-409A-8072-26C72BA77E25}.Release.Build.0 = Release|Win32
		{DDBCAD2D-2706-409A-8072-26C72BA77E25}.Release Unicode.ActiveCfg = Release Unicode|Win32
		{DDBCAD2D-2706-409A-8072-26C72BA77E25}.Release Unicode.Build.0 = Release Unicode|Win32
		{74CABA92-78D8-47C2-AF96-B09805B3D4C7}.Debug.ActiveCfg = Debug|Win32
		{74CABA92-78D8-47C2-AF96-B09805B3D4C7}.Debug.Build.0 = Debug|Win32
		{74CABA92-78D8-47C2-AF96-B09805B3D4C7}.Debug Unicode.ActiveCfg = Debug Unicode|Win32
		{74CABA92-78D8-47C2-AF96-B09805B3D4C7}.Debug Unicode.Build.0 = Debug Unicode|Win32
		{74CABA92-78D8-47C2-AF96-B09805B3D4C7}.Release.ActiveCfg = Release|Win32
		{74CABA92-78D8-47C2-AF96-B09805B3D4C7}.Release.Build.0 = Release|Win32
		{74CABA92-78D8-47C2-AF96-B09805B3D4C7}.Release Unicode.ActiveCfg = Release Unicode|Win32
		{74CABA92-78D8-47C2-AF96-B09805B3D4C7}.Release Unicode.Build.0 = Release Unicode|Win32
		{485C6A3D-32DB-4AA3-8654-A3934EC83A2D}.Debug.ActiveCfg = Debug|Win32
		{485C6A3D-32DB-4AA3-8654-A3934EC83A2D}.Debug.Build.0 = Debug|Win32
		{485C6A3D-32DB-4AA3-8654-A3934EC83A2D}.Debug Unicode.ActiveCfg = Debug Unicode|Win32
		{485C6A3D-32DB-4AA3-8654-A3934EC83A2D}.Debug Unicode.Build.0 = Debug Unicode|Win32
		{485C6A3D-32DB-4AA3-8654-A3934EC83A2D}.Release.ActiveCfg = Release|Win32
		{485C6A3D-32DB-4AA3-8654-A3934EC83A2D}.Release.Build.0 = Release|Win32
		{485C6A3D-32DB-4AA3-8654-A3934EC83A2D}.Release Unicode.ActiveCfg = Release Unicode|Win32
		{485C6A3D-32DB-4AA3-8654-A3934EC83A2D}.Release Unicode.Build.0 = Release Unicode|Win32
		{66AEB18E-A591-4A24-985F-1368D179DF39}.Debug.ActiveCfg = Debug|Win32
		{66AEB18E-A591-4A24-985F-1368D179DF39}.Debug.Build.0 = Debug|Win32
		{66AEB18E-A591-4A24-985F-1368D179DF39}.Debug Unicode.ActiveCfg = Debug Unicode|Win32
		{66AEB18E-A591-4A24-985F-1368D179DF39}.Debug Unicode.Build.0 = Debug Unicode|Win32
		{66AEB18E-A591-4A24-985F-1368D179DF39}.Release.ActiveCfg = Release|Win32
		{66AEB18E-A591-4A24-985F-1368D179DF39}.Release.Build.0 = Release|Win32
		{66AEB18E-A591-4A24-985F-1368D179DF39}.Release Unicode.ActiveCfg = Release Unicode|Win32
		{66AEB18E-A591-4A24-985F-1368D179DF39}.Release Unicode.Build.0 = Release Unicode|Win32
		{815FE21C-7400-4420-ADDD-01C44DED55B2}.Debug.ActiveCfg = Debug|Win32
		{815FE21C-7400-4420-ADDD-01C44DED55B2}.Debug.Build.0 = Debug|Win32
		{815FE21C-7400-4420-ADDD-01C44DED55B2}.Debug Unicode.ActiveCfg = Debug Unicode|Win32
		{815FE21C-7400-4420-ADDD-01C44DED55B2}.Debug Unicode.Build.0 = Debug Unicode|Win32
		{815FE21C-7400-4420-ADDD-01C44DED55B2}.Release.ActiveCfg = Release|Win32
		{815FE21C-7400-4420-ADDD-01C44DED55B2}.Release.Build.0 = Release|Win32
		{815FE21C-7400-4420-ADDD-01C44DED55B2}.Release Unicode.ActiveCfg = Release Unicode|Win32
		{815FE21C-7400-4420-ADDD-01C44DED55B2}.Release Unicode.Build.0 = Release Unicode|Win32
		{86AF0F78-0650-4E56-963A-E9B6B7D90E57}.Debug.ActiveCfg = Debug|Win32
		{86AF0F78-0650-4E56-963A-E9B6B7D90E57}.Debug.Build.0 = Debug|Win32
		{86AF0F78-0650-4E56-963A-E9B6B7D90E57}.Debug Unicode.ActiveCfg = Debug Unicode|Win32
		{86AF0F78-0650-4E56-963A-E9B6B7D90E57}.Debug Unicode.Build.0 = Debug Unicode|Win32
		{86AF0F78-0650-4E56-963A-E9B6B7D90E57}.Release.ActiveCfg = Release|Win32
		{86AF0F78-0650-4E56-963A-E9B6B7D90E57}.Release.Build.0 = Release|Win32
		{86AF0F78-0650-4E56-963A-E9B6B7D90E57}.Release Unicode.ActiveCfg = Release Unicode|Win32
		{86AF0F78-0650-4E56-963A-E9B6B7D90E57}.Release Unicode.Build.0 = Release Unicode|Win32
		{9A16D316-2F36-4914-899B-413D6CEB3891}.Debug.ActiveCfg = Debug|Win32
		{9A16D316-2F36-4914-899B-413D6CEB3891}.Debug.Build.0 = Debug|Win32
		{9A16D316-2F36-4914-899B-413D6CEB3891}.Debug Unicode.ActiveCfg = Debug Unicode|Win32
		{9A16D316-2F36-4914-899B-413D6CEB3891}.Debug Unicode.Build.0 = Debug Unicode|Win32
		{9A16D316-2F36-4914-899B-413D6CEB3891}.Release.ActiveCfg = Release|Win32
		{9A16D316-2F36-4914-899B-413D6CEB3891}.Release.Build.0 = Release|Win32
		{9A16D316-2F36-4914-899B-413D6CEB3891}.Release Unicode.ActiveCfg = Release Unicode|Win32
		{9A16D316-2F36-4914-899B-413D6CEB3891}.Release Unicode.Build.0 = Release Unicode|Win32
		{257B45AD-B86D-4F7F-8258-E50264BB0BE1}.Debug.ActiveCfg = Debug|Win32
		{257B45AD-B86D-4F7F-8258-E50264BB0BE1}.Debug.Build.0 = Debug|Win32
		{257B45AD-B86D-4F7F-8258-E50264BB0BE1}.Debug Unicode.ActiveCfg = Debug Unicode|Win32
		{257B45AD-B86D-4F7F-8258-E50264BB0BE1}.Debug Unicode.Build.0 = Debug Unicode|Win32
		{257B45AD-B86D-4F7F-8258-E50264BB0BE1}.Release.ActiveCfg = Release|Win32
		{257B45AD-B86D-4F7F-8258-E50264BB0BE1}.Release.Build.0 = Release|Win32
		{257B45AD-B86D-4F7F-8258-E50264BB0BE1}.Release Unicode.ActiveCfg = Release Unicode|Win32
		{257B45AD-B86D-4F7F-8258-E50264BB0BE1}.Release Unicode.Build.0 = Release Unicode|Win32
		{01D6EDE2-9BC9-4DDF-A518-BBB5D5104C7D}.Debug.ActiveCfg = Debug|Win32
		{01D6EDE2-9BC9-4DDF-A518-BBB5D5104C7D}.Debug.Build.0 = Debug|Win32
		{01D6EDE2-9BC9-4DDF-A518-BBB5D5104C7D}.Debug Unicode.ActiveCfg = Debug Unicode|Win32
		{01D6EDE2-9BC9-4DDF-A518-BBB5D5104C7D}.Debug Unicode.Build.0 = Debug Unicode|Win32
		{01D6EDE2-9BC9-4DDF-A518-BBB5D5104C7D}.Release.ActiveCfg = Release|Win32
		{01D6EDE2-9BC9-4DDF-A518-BBB5D5104C7D}.Release.Build.0 = Release|Win32
		{01D6EDE2-9BC9-4DDF-A518-BBB5D5104C7D}.Release Unicode.ActiveCfg = Release Unicode|Win32
		{01D6EDE2-9BC9-4DDF-A518-BBB5D5104C7D}.Release Unicode.Build.0 = Release Unicode|Win32
		{05D1AD54-0138-41A2-B781-D4FE18798299}.Debug.ActiveCfg = Debug|Win32
		{05D1AD54-0138-41A2-B781-D4FE18798299}.Debug.Build.0 = Debug|Win32
		{05D1AD54-0138-41A2-B781-D4FE18798299}.Debug Unicode.ActiveCfg = Debug Unicode|Win32
		{05D1AD54-0138-41A2-B781-D4FE18798299}.Debug Unicode.Build.0 = Debug Unicode|Win32
		{05D1AD54-0138-41A2-B781-D4FE18798299}.Release.ActiveCfg = Release|Win32
		{05D1AD54-0138-41A2-B781-D4FE18798299}.Release.Build.0 = Release|Win32
		{05D1AD54-0138-41A2-B781-D4FE18798299}.Release Unicode.ActiveCfg = Release Unicode|Win32
		{05D1AD54-0138-41A2-B781-D4FE18798299}.Release Unicode.Build.0 = Release Unicode|Win32
		{19CE3890-EF6D-426F-940B-C3B22AD5A25E}.Debug.ActiveCfg = Debug|Win32
		{19CE3890-EF6D-426F-940B-C3B22AD5A25E}.Debug.Build.0 = Debug|Win32
		{19CE3890-EF6D-426F-940B-C3B22AD5A25E}.Debug Unicode.ActiveCfg = Debug Unicode|Win32
		{19CE3890-EF6D-426F-940B-C3B22AD5A25E}.Debug Unicode.Build.0 = Debug Unicode|Win32
		{19CE3890-EF6D-426F-940B-C3B22AD5A25E}.Release.ActiveCfg = Release|Win32
		{19CE3890-EF6D-426F-940B-C3B22AD5A25E}.Release.Build.0 = Release|Win32
		{19CE3890-EF6D-426F-940B-C3B22AD5A25E}.Release Unicode.ActiveCfg = Release Unicode|Win32
		{19CE3890-EF6D-426F-940B-C3B22AD5A25E}.Release Unicode.Build.0 = Release Unicode|Win32
		{7116E036-3058-4D8C-9811-5609FC0E4323}.Debug.ActiveCfg = Debug|Win32
		{7116E036-3058-4D8C-9811-5609FC0E4323}.Debug.Build.0 = Debug|Win32
		{7116E036-3058-4D8C-9811-5609FC0E4323}.Debug Unicode.ActiveCfg = Debug Unicode|Win32
		{7116E036-3058-4D8C-9811-5609FC0E4323}.Debug Unicode.Build.0 = Debug Unicode|Win32
		{7116E036-3058-4D8C-9811-5609FC0E4323}.Release.ActiveCfg = Release|Win32
		{7116E036-3058-4D8C-9811-5609FC0E4323}.Release.Build.0 = Release|Win32
		{7116E036-3058-4D8C-9811-5609FC0E4323}.Release Unicode.ActiveCfg = Release Unicode|Win32
		{7116E036-3058-4D8C-9811-5609FC0E4323}.Release Unicode.Build.0 = Release Unicode|Win32
		{3225BF39-11A7-4034-A067-399059DAD234}.Debug.ActiveCfg = Debug|Win32
		{3225BF39-11A7-4034-A067-399059DAD234}.Debug.Build.0 = Debug|Win32
		{3225BF39-11A7-4034-A067-399059DAD234}.Debug Unicode.ActiveCfg = Debug Unicode|Win32
		{3225BF39-11A7-4034-A067-399059DAD234}.Debug Unicode.Build.0 = Debug Unicode|Win32
		{3225BF39-11A7-4034-A067-399059DAD234}.Release.ActiveCfg = Release|Win32
		{3225BF39-11A7-4034-A067-399059DAD234}.Release.Build.0 = Release|Win32
		{3225BF39-11A7-4034-A067-399059DAD234}.Release Unicode.ActiveCfg = Release Unicode|Win32
		{3225BF39-11A7-4034-A067-399059DAD234}.Release Unicode.Build.0 = Release Unicode|Win32
		{2F2B2EFD-5133-4113-B49C-9DDB50877A4D}.Debug.ActiveCfg = Debug|Win32
		{2F2B2EFD-5133-4113-B49C-9DDB50877A4D}.Debug.Build.0 = Debug|Win32
		{2F2B2EFD-5133-4113-B49C-9DDB50877A4D}.Debug Unicode.ActiveCfg = Debug Unicode|Win32
		{2F2B2EFD-5133-4113-B49C-9DDB50877A4D}.Debug Unicode.Build.0 = Debug Unicode|Win32
		{2F2B2EFD-5133-4113-B49C-9DDB50877A4D}.Release.ActiveCfg = Release|Win32
		{2F2B2EFD-5133-4113-B49C-9DDB50877A4D}.Release.Build.0 = Release|Win32
		{2F2B2EFD-5133-4113-B49C-9DDB50877A4D}.Release Unicode.ActiveCfg = Release Unicode|Win32
		{2F2B2EFD-5133-4113-B49C-9DDB50877A4D}.Release Unicode.Build.0 = Release Unicode|Win32
		{6FAD39D4-E4F2-44A8-856E-C5BAAA344A3F}.Debug.ActiveCfg = Debug|Win32
		{6FAD39D4-E4F2-44A8-856E-C5BAAA344A3F}.Debug.Build.0 = Debug|Win32
		{6FAD39D4-E4F2-44A8-856E-C5BAAA344A3F}.Debug Unicode.ActiveCfg = Debug Unicode|Win32
		{6FAD39D4-E4F2-44A8-856E-C5BAAA344A3F}.Debug Unicode.Build.0 = Debug Unicode|Win32
		{6FAD39D4-E4F2-44A8-856E-C5BAAA344A3F}.Release.ActiveCfg = Release|Win32
		{6FAD39D4-E4F2-44A8-856E-C5BAAA344A3F}.Release.Build.0 = Release|Win32
		{6FAD39D4-E4F2-44A8-856E-C5BAAA344A3F}.Release Unicode.ActiveCfg = Release Unicode|Win32
		{6FAD39D4-E4F2-44A8-856E-C5BAAA344A3F}.Release Unicode.Build.0 = Release Unicode|Win32
		{0415B00E-14F6-4A19-AEC3-59FC471D5C70}.Debug.ActiveCfg = Debug|Win32
		{0415B00E-14F6-4A19-AEC3-59FC471D5C70}.Debug.Build.0 = Debug|Win32
		{0415B00E-14F6-4A19-AEC3-59FC471D5C70}.Debug Unicode.ActiveCfg = Debug Unicode|Win32
		{0415B00E-14F6-4A19-AEC3-59FC471D5C70}.Debug Unicode.Build.0 = Debug Unicode|Win32
		{0415B00E-14F6-4A19-AEC3-59FC471D5C70}.Release.ActiveCfg = Release|Win32
		{0415B00E-14F6-4A19-AEC3-59FC471D5C70}.Release.Build.0 = Release|Win32
		{0415B00E-14F6-4A19-AEC3-59FC471D5C70}.Release Unicode.ActiveCfg = Release Unicode|Win32
		{0415B00E-14F6-4A19-AEC3-59FC471D5C70}.Release Unicode.Build.0 = Release Unicode|Win32
		{7864922A-006C-4B88-8F6B-E155CD3027A8}.Debug.ActiveCfg = Debug|Win32
		{7864922A-006C-4B88-8F6B-E155CD3027A8}.Debug.Build.0 = Debug|Win32
		{7864922A-006C-4B88-8F6B-E155CD3027A8}.Debug Unicode.ActiveCfg = Debug Unicode|Win32
		{7864922A-006C-4B88-8F6B-E155CD3027A8}.Debug Unicode.Build.0 = Debug Unicode|Win32
		{7864922A-006C-4B88-8F6B-E155CD3027A8}.Release.ActiveCfg = Release|Win32
		{7864922A-006C-4B88-8F6B-E155CD3027A8}.Release.Build.0 = Release|Win32
		{7864922A-006C-4B88-8F6B-E155CD3027A8}.Release Unicode.ActiveCfg = Release Unicode|Win32
		{7864922A-006C-4B88-8F6B-E155CD3027A8}.Release Unicode.Build.0 = Release Unicode|Win32
		{8B4E4C0E-4A16-49C4-BC0E-B1C68C93E633}.Debug.ActiveCfg = Debug|Win32
		{8B4E4C0E-4A16-49C4-BC0E-B1C68C93E633}.Debug.Build.0 = Debug|Win32
		{8B4E4C0E-4A16-49C4-BC0E-B1C68C93E633}.Debug Unicode.ActiveCfg = Debug Unicode|Win32
		{8B4E4C0E-4A16-49C4-BC0E-B1C68C93E633}.Debug Unicode.Build.0 = Debug Unicode|Win32
		{8B4E4C0E-4A16-49C4-BC0E-B1C68C93E633}.Release.ActiveCfg = Release|Win32
		{8B4E4C0E-4A16-49C4-BC0E-B1C68C93E633}.Release.Build.0 = Release|Win32
		{8B4E4C0E-4A16-49C4-BC0E-B1C68C93E633}.Release Unicode.ActiveCfg = Release Unicode|Win32
		{8B4E4C0E-4A16-49C4-BC0E-B1C68C93E633}.Release Unicode.Build.0 = Release Unicode|Win32
		{37688170-218E-4C5E-94A1-3EBD71005C45}.Debug.ActiveCfg = Debug|Win32
		{37688170-218E-4C5E-94A1-3EBD71005C45}.Debug.Build.0 = Debug|Win32
		{37688170-218E-4C5E-94A1-3EBD71005C45}.Debug Unicode.ActiveCfg = Debug Unicode|Win32
		{37688170-218E-4C5E-94A1-3EBD71005C45}.Debug Unicode.Build.0 = Debug Unicode|Win32
		{37688170-218E-4C5E-94A1-3EBD71005C45}.Release.ActiveCfg = Release|Win32
		{37688170-218E-4C5E-94A1-3EBD71005C45}.Release.Build.0 = Release|Win32
		{37688170-218E-4C5E-94A1-3EBD71005C45}.Release Unicode.ActiveCfg = Release Unicode|Win32
		{37688170-218E-4C5E-94A1-3EBD71005C45}.Release Unicode.Build.0 = Release Unicode|Win32
		{5B442441-E96A-4B4F-B981-6D24854C3F8D}.Debug.ActiveCfg = Debug|Win32
		{5B442441-E96A-4B4F-B981-6D24854C3F8D}.Debug.Build.0 = Debug|Win32
		{5B442441-E96A-4B4F-B981-6D24854C3F8D}.Debug Unicode.ActiveCfg = Debug Unicode|Win32
		{5B442441-E96A-4B4F-B981-6D24854C3F8D}.Debug Unicode.Build.0 = Debug Unicode|Win32
		{5B442441-E96A-4B4F-B981-6D24854C3F8D}.Release.ActiveCfg = Release|Win32
		{5B442441-E96A-4B4F-B981-6D24854C3F8D}.Release.Build.0 = Release|Win32
		{5B442441-E96A-4B4F-B981-6D24854C3F8D}.Release Unicode.ActiveCfg = Release Unicode|Win32
		{5B442441-E96A-4B4F-B981-6D24854C3F8D}.Release Unicode.Build.0 = Release Unicode|Win32
		{D595023B-CD27-4D78-8D52-1F8F47118BB8}.Debug.ActiveCfg = Debug|Win32
		{D595023B-CD27-4D78-8D52-1F8F47118BB8}.Debug.Build.0 = Debug|Win32
		{D595023B-CD27-4D78-8D52-1F8F47118BB8}.Debug Unicode.ActiveCfg = Debug Unicode|Win32
		{D595023B-CD27-4D78-8D52-1F8F47118BB8}.Debug Unicode.Build.0 = Debug Unicode|Win32
		{D595023B-CD27-4D78-8D52-1F8F47118BB8}.Release.ActiveCfg = Release|Win32
		{D595023B-CD27-4D78-8D52-1F8F47118BB8}.Release.Build.0 = Release|Win32
		{D595023B-CD27-4D78-8D52-1F8F47118BB8}.Release Unicode.ActiveCfg = Release Unicode|Win32
		{D595023B-CD27-4D78-8D52-1F8F47118BB8}.Release Unicode.Build.0 = Release Unicode|Win32
		{74F7077F-7987-4B75-80C7-E63C241719AD}.Debug.ActiveCfg = Debug|Win32
		{74F7077F-7987-4B75-80C7-E63C241719AD}.Debug.Build.0 = Debug|Win32
		{74F7077F-7987-4B75-80C7-E63C241719AD}.Debug Unicode.ActiveCfg = Debug Unicode|Win32
		{74F7077F-7987-4B75-80C7-E63C241719AD}.Debug Unicode.Build.0 = Debug Unicode|Win32
		{74F7077F-7987-4B75-80C7-E63C241719AD}.Release.ActiveCfg = Release|Win32
		{74F7077F-7987-4B75-80C7-E63C241719AD}.Release.Build.0 = Release|Win32
		{74F7077F-7987-4B75-80C7-E63C241719AD}.Release Unicode.ActiveCfg = Release Unicode|Win32
		{74F7077F-7987-4B75-80C7-E63C241719AD}.Release Unicode.Build.0 = Release Unicode|Win32
		{41914E6A-E92A-40EA-801A-B3CED2082551}.Debug.ActiveCfg = Debug|Win32
		{41914E6A-E92A-40EA-801A-B3CED2082551}.Debug.Build.0 = Debug|Win32
		{41914E6A-E92A-40EA-801A-B3CED2082551}.Debug Unicode.ActiveCfg = Debug Unicode|Win32
		{41914E6A-E92A-40EA-801A-B3CED2082551}.Debug Unicode.Build.0 = Debug Unicode|Win32
		{41914E6A-E92A-40EA-801A-B3CED2082551}.Release.ActiveCfg = Release|Win32
		{41914E6A-E92A-40EA-801A-B3CED2082551}.Release.Build.0 = Release|Win32
		{41914E6A-E92A-40EA-801A-B3CED2082551}.Release Unicode.ActiveCfg = Release Unicode|Win32
		{41914E6A-E92A-40EA-801A-B3CED2082551}.Release Unicode.Build.0 = Release Unicode|Win32
		{B725C4B6-FD0E-4047-8C96-B1D0431819E8}.Debug.ActiveCfg = Debug|Win32
		{B725C4B6-FD0E-4047-8C96-B1D0431819E8}.Debug.Build.0 = Debug|Win32
		{B725C4B6-FD0E-4047-8C96-B1D0431819E8}.Debug Unicode.ActiveCfg = Debug Unicode|Win32
		{B725C4B6-FD0E-4047-8C96-B1D0431819E8}.Debug Unicode.Build.0 = Debug Unicode|Win32
		{B725C4B6-FD0E-4047-8C96-B1D0431819E8}.Release.ActiveCfg = Release|Win32
		{B725C4B6-FD0E-4047-8C96-B1D0431819E8}.Release.Build.0 = Release|Win32
		{B725C4B6-FD0E-4047-8C96-B1D0431819E8}.Release Unicode.ActiveCfg = Release Unicode|Win32
		{B725C4B6-FD0E-4047-8C96-B1D0431819E8}.Release Unicode.Build.0 = Release Unicode|Win32
		{2EC7FCB3-93F8-4F2F-BC30-6294C09B245A}.Debug.ActiveCfg = Debug|Win32
		{2EC7FCB3-93F8-4F2F-BC30-6294C09B245A}.Debug.Build.0 = Debug|Win32
		{2EC7FCB3-93F8-4F2F-BC30-6294C09B245A}.Debug Unicode.ActiveCfg = Debug Unicode|Win32
		{2EC7FCB3-93F8-4F2F-BC30-6294C09B245A}.Debug Unicode.Build.0 = Debug Unicode|Win32
		{2EC7FCB3-93F8-4F2F-BC30-6294C09B245A}.Release.ActiveCfg = Release|Win32
		{2EC7FCB3-93F8-4F2F-BC30-6294C09B245A}.Release.Build.0 = Release|Win32
		{2EC7FCB3-93F8-4F2F-BC30-6294C09B245A}.Release Unicode.ActiveCfg = Release Unicode|Win32
		{2EC7FCB3-93F8-4F2F-BC30-6294C09B245A}.Release Unicode.Build.0 = Release Unicode|Win32
		{402B066E-F72F-4CAE-BC89-0C12AAFB0B60}.Debug.ActiveCfg = Debug|Win32
		{402B066E-F72F-4CAE-BC89-0C12AAFB0B60}.Debug.Build.0 = Debug|Win32
		{402B066E-F72F-4CAE-BC89-0C12AAFB0B60}.Debug Unicode.ActiveCfg = Debug Unicode|Win32
		{402B066E-F72F-4CAE-BC89-0C12AAFB0B60}.Debug Unicode.Build.0 = Debug Unicode|Win32
		{402B066E-F72F-4CAE-BC89-0C12AAFB0B60}.Release.ActiveCfg = Release|Win32
		{402B066E-F72F-4CAE-BC89-0C12AAFB0B60}.Release.Build.0 = Release|Win32
		{402B066E-F72F-4CAE-BC89-0C12AAFB0B60}.Release Unicode.ActiveCfg = Release Unicode|Win32
		{402B066E-F72F-4CAE-BC89-0C12AAFB0B60}.Release Unicode.Build.0 = Release Unicode|Win32
		{1C591482-D4E0-4586-B5A6-7DA1B2C08C63}.Debug.ActiveCfg = Debug|Win32
		{1C591482-D4E0-4586-B5A6-7DA1B2C08C63}.Debug.Build.0 = Debug|Win32
		{1C591482-D4E0-4586-B5A6-7DA1B2C08C63}.Debug Unicode.ActiveCfg = Debug Unicode|Win32
		{1C591482-D4E0-4586-B5A6-7DA1B2C08C63}.Debug Unicode.Build.0 = Debug Unicode|Win32
		{1C591482-D4E0-4586-B5A6-7DA1B2C08C63}.Release.ActiveCfg = Release|Win32
		{1C591482-D4E0-4586-B5A6-7DA1B2C08C63}.Release.Build.0 = Release|Win32
		{1C591482-D4E0-4586-B5A6-7DA1B2C08C63}.Release Unicode.ActiveCfg = Release Unicode|Win32
		{1C591482-D4E0-4586-B5A6-7DA1B2C08C63}.Release Unicode.Build.0 = Release Unicode|Win32
		{FE67C84F-EFD6-4D43-8AD6-EB3F119B8919}.Debug.ActiveCfg = Debug|Win32
		{FE67C84F-EFD6-4D43-8AD6-EB3F119B8919}.Debug.Build.0 = Debug|Win32
		{FE67C84F-EFD6-4D43-8AD6-EB3F119B8919}.Debug Unicode.ActiveCfg = Debug Unicode|Win32
		{FE67C84F-EFD6-4D43-8AD6-EB3F119B8919}.Debug Unicode.Build.0 = Debug Unicode|Win32
		{FE67C84F-EFD6-4D43-8AD6-EB3F119B8919}.Release.ActiveCfg = Release|Win32
		{FE67C84F-EFD6-4D43-8AD6-EB3F119B8919}.Release.Build.0 = Release|Win32
		{FE67C84F-EFD6-4D43-8AD6-EB3F119B8919}.Release Unicode.ActiveCfg = Release Unicode|Win32
		{FE67C84F-EFD6-4D43-8AD6-EB3F119B8919}.Release Unicode.Build.0 = Release Unicode|Win32
		{9CFBE331-3230-486C-816E-514AC5A529A5}.Debug.ActiveCfg = Debug|Win32
		{9CFBE331-3230-486C-816E-514AC5A529A5}.Debug.Build.0 = Debug|Win32
		{9CFBE331-3230-486C-816E-514AC5A529A5}.Debug Unicode.ActiveCfg = Debug Unicode|Win32
		{9CFBE331-3230-486C-816E-514AC5A529A5}.Debug Unicode.Build.0 = Debug Unicode|Win32
		{9CFBE331-3230-486C-816E-514AC5A529A5}.Release.ActiveCfg = Release|Win32
		{9CFBE331-3230-486C-816E-514AC5A529A5}.Release.Build.0 = Release|Win32
		{9CFBE331-3230-486C-816E-514AC5A529A5}.Release Unicode.ActiveCfg = Release Unicode|Win32
		{9CFBE331-3230-486C-816E-514AC5A529A5}.Release Unicode.Build.0 = Release Unicode|Win32
		{646B2F0F-96FC-4A59-AE99-329203827930}.Debug.ActiveCfg = Debug|Win32
		{646B2F0F-96FC-4A59-AE99-329203827930}.Debug.Build.0 = Debug|Win32
		{646B2F0F-96FC-4A59-AE99-329203827930}.Debug Unicode.ActiveCfg = Debug Unicode|Win32
		{646B2F0F-96FC-4A59-AE99-329203827930}.Debug Unicode.Build.0 = Debug Unicode|Win32
		{646B2F0F-96FC-4A59-AE99-329203827930}.Release.ActiveCfg = Release|Win32
		{646B2F0F-96FC-4A59-AE99-329203827930}.Release.Build.0 = Release|Win32
		{646B2F0F-96FC-4A59-AE99-329203827930}.Release Unicode.ActiveCfg = Release Unicode|Win32
		{646B2F0F-96FC-4A59-AE99-329203827930}.Release Unicode.Build.0 = Release Unicode|Win32
		{C77336A2-E1EB-494E-9C69-D0A833883E5E}.Debug.ActiveCfg = Debug|Win32
		{C77336A2-E1EB-494E-9C69-D0A833883E5E}.Debug.Build.0 = Debug|Win32
		{C77336A2-E1EB-494E-9C69-D0A833883E5E}.Debug Unicode.ActiveCfg = Debug Unicode|Win32
		{C77336A2-E1EB-494E-9C69-D0A833883E5E}.Debug Unicode.Build.0 = Debug Unicode|Win32
		{C77336A2-E1EB-494E-9C69-D0A833883E5E}.Release.ActiveCfg = Release|Win32
		{C77336A2-E1EB-494E-9C69-D0A833883E5E}.Release.Build.0 = Release|Win32
		{C77336A2-E1EB-494E-9C69-D0A833883E5E}.Release Unicode.ActiveCfg = Release Unicode|Win32
		{C77336A2-E1EB-494E-9C69-D0A833883E5E}.Release Unicode.Build.0 = Release Unicode|Win32
		{BE40F74F-D2B9-4FF3-BD55-FDF81B773DA2}.Debug.ActiveCfg = Debug|Win32
		{BE40F74F-D2B9-4FF3-BD55-FDF81B773DA2}.Debug.Build.0 = Debug|Win32
		{BE40F74F-D2B9-4FF3-BD55-FDF81B773DA2}.Debug Unicode.ActiveCfg = Debug Unicode|Win32
		{BE40F74F-D2B9-4FF3-BD55-FDF81B773DA2}.Debug Unicode.Build.0 = Debug Unicode|Win32
		{BE40F74F-D2B9-4FF3-BD55-FDF81B773DA2}.Release.ActiveCfg = Release|Win32
		{BE40F74F-D2B9-4FF3-BD55-FDF81B773DA2}.Release.Build.0 = Release|Win32
		{BE40F74F-D2B9-4FF3-BD55-FDF81B773DA2}.Release Unicode.ActiveCfg = Release Unicode|Win32
		{BE40F74F-D2B9-4FF3-BD55-FDF81B773DA2}.Release Unicode.Build.0 = Release Unicode|Win32
		{3C8E5892-4AEE-46CE-BE94-AF5243A8EA8F}.Debug.ActiveCfg = Debug|Win32
		{3C8E5892-4AEE-46CE-BE94-AF5243A8EA8F}.Debug.Build.0 = Debug|Win32
		{3C8E5892-4AEE-46CE-BE94-AF5243A8EA8F}.Debug Unicode.ActiveCfg = Debug Unicode|Win32
		{3C8E5892-4AEE-46CE-BE94-AF5243A8EA8F}.Debug Unicode.Build.0 = Debug Unicode|Win32
		{3C8E5892-4AEE-46CE-BE94-AF5243A8EA8F}.Release.ActiveCfg = Release|Win32
		{3C8E5892-4AEE-46CE-BE94-AF5243A8EA8F}.Release.Build.0 = Release|Win32
		{3C8E5892-4AEE-46CE-BE94-AF5243A8EA8F}.Release Unicode.ActiveCfg = Release Unicode|Win32
		{3C8E5892-4AEE-46CE-BE94-AF5243A8EA8F}.Release Unicode.Build.0 = Release Unicode|Win32
		{0D2A348B-31BF-4C24-9EAA-D918C092110E}.Debug.ActiveCfg = Debug|Win32
		{0D2A348B-31BF-4C24-9EAA-D918C092110E}.Debug.Build.0 = Debug|Win32
		{0D2A348B-31BF-4C24-9EAA-D918C092110E}.Debug Unicode.ActiveCfg = Debug Unicode|Win32
		{0D2A348B-31BF-4C24-9EAA-D918C092110E}.Debug Unicode.Build.0 = Debug Unicode|Win32
		{0D2A348B-31BF-4C24-9EAA-D918C092110E}.Release.ActiveCfg = Release|Win32
		{0D2A348B-31BF-4C24-9EAA-D918C092110E}.Release.Build.0 = Release|Win32
		{0D2A348B-31BF-4C24-9EAA-D918C092110E}.Release Unicode.ActiveCfg = Release Unicode|Win32
		{0D2A348B-31BF-4C24-9EAA-D918C092110E}.Release Unicode.Build.0 = Release Unicode|Win32
		{017D7BEC-C874-4F90-858C-C87C4106D25B}.Debug.ActiveCfg = Debug|Win32
		{017D7BEC-C874-4F90-858C-C87C4106D25B}.Debug.Build.0 = Debug|Win32
		{017D7BEC-C874-4F90-858C-C87C4106D25B}.Debug Unicode.ActiveCfg = Debug Unicode|Win32
		{017D7BEC-C874-4F90-858C-C87C4106D25B}.Debug Unicode.Build.0 = Debug Unicode|Win32
		{017D7BEC-C874-4F90-858C-C87C4106D25B}.Release.ActiveCfg = Release|Win32
		{017D7BEC-C874-4F90-858C-C87C4106D25B}.Release.Build.0 = Release|Win32
		{017D7BEC-C874-4F90-858C-C87C4106D25B}.Release Unicode.ActiveCfg = Release Unicode|Win32
		{017D7BEC-C874-4F90-858C-C87C4106D25B}.Release Unicode.Build.0 = Release Unicode|Win32
		{0356F504-AAB9-4E7F-9A14-07E77826FA35}.Debug.ActiveCfg = Debug|Win32
		{0356F504-AAB9-4E7F-9A14-07E77826FA35}.Debug.Build.0 = Debug|Win32
		{0356F504-AAB9-4E7F-9A14-07E77826FA35}.Debug Unicode.ActiveCfg = Debug Unicode|Win32
		{0356F504-AAB9-4E7F-9A14-07E77826FA35}.Debug Unicode.Build.0 = Debug Unicode|Win32
		{0356F504-AAB9-4E7F-9A14-07E77826FA35}.Release.ActiveCfg = Release|Win32
		{0356F504-AAB9-4E7F-9A14-07E77826FA35}.Release.Build.0 = Release|Win32
		{0356F504-AAB9-4E7F-9A14-07E77826FA35}.Release Unicode.ActiveCfg = Release Unicode|Win32
		{0356F504-AAB9-4E7F-9A14-07E77826FA35}.Release Unicode.Build.0 = Release Unicode|Win32
		{82A09297-CCCE-483B-87C2-DB41BCED2E70}.Debug.ActiveCfg = Debug|Win32
		{82A09297-CCCE-483B-87C2-DB41BCED2E70}.Debug.Build.0 = Debug|Win32
		{82A09297-CCCE-483B-87C2-DB41BCED2E70}.Debug Unicode.ActiveCfg = Debug Unicode|Win32
		{82A09297-CCCE-483B-87C2-DB41BCED2E70}.Debug Unicode.Build.0 = Debug Unicode|Win32
		{82A09297-CCCE-483B-87C2-DB41BCED2E70}.Release.ActiveCfg = Release|Win32
		{82A09297-CCCE-483B-87C2-DB41BCED2E70}.Release.Build.0 = Release|Win32
		{82A09297-CCCE-483B-87C2-DB41BCED2E70}.Release Unicode.ActiveCfg = Release Unicode|Win32
		{82A09297-CCCE-483B-87C2-DB41BCED2E70}.Release Unicode.Build.0 = Release Unicode|Win32
		{62F7E72E-6FD6-40CF-A786-AA73E7540C7A}.Debug.ActiveCfg = Debug|Win32
		{62F7E72E-6FD6-40CF-A786-AA73E7540C7A}.Debug.Build.0 = Debug|Win32
		{62F7E72E-6FD6-40CF-A786-AA73E7540C7A}.Debug Unicode.ActiveCfg = Debug Unicode|Win32
		{62F7E72E-6FD6-40CF-A786-AA73E7540C7A}.Debug Unicode.Build.0 = Debug Unicode|Win32
		{62F7E72E-6FD6-40CF-A786-AA73E7540C7A}.Release.ActiveCfg = Release|Win32
		{62F7E72E-6FD6-40CF-A786-AA73E7540C7A}.Release.Build.0 = Release|Win32
		{62F7E72E-6FD6-40CF-A786-AA73E7540C7A}.Release Unicode.ActiveCfg = Release Unicode|Win32
		{62F7E72E-6FD6-40CF-A786-AA73E7540C7A}.Release Unicode.Build.0 = Release Unicode|Win32
		{FC8311A2-16AF-4437-87F8-4DE46A1588BF}.Debug.ActiveCfg = Debug|Win32
		{FC8311A2-16AF-4437-87F8-4DE46A1588BF}.Debug.Build.0 = Debug|Win32
		{FC8311A2-16AF-4437-87F8-4DE46A1588BF}.Debug Unicode.ActiveCfg = Debug Unicode|Win32
		{FC8311A2-16AF-4437-87F8-4DE46A1588BF}.Debug Unicode.Build.0 = Debug Unicode|Win32
		{FC8311A2-16AF-4437-87F8-4DE46A1588BF}.Release.ActiveCfg = Release|Win32
		{FC8311A2-16AF-4437-87F8-4DE46A1588BF}.Release.Build.0 = Release|Win32
		{FC8311A2-16AF-4437-87F8-4DE46A1588BF}.Release Unicode.ActiveCfg = Release Unicode|Win32
		{FC8311A2-16AF-4437-87F8-4DE46A1588BF}.Release Unicode.Build.0 = Release Unicode|Win32
		{8BFFB1EF-0A69-4F03-8F56-9A1E56CF624F}.Debug.ActiveCfg = Debug|Win32
		{8BFFB1EF-0A69-4F03-8F56-9A1E56CF624F}.Debug.Build.0 = Debug|Win32
		{8BFFB1EF-0A69-4F03-8F56-9A1E56CF624F}.Debug Unicode.ActiveCfg = Debug Unicode|Win32
		{8BFFB1EF-0A69-4F03-8F56-9A1E56CF624F}.Debug Unicode.Build.0 = Debug Unicode|Win32
		{8BFFB1EF-0A69-4F03-8F56-9A1E56CF624F}.Release.ActiveCfg = Release|Win32
		{8BFFB1EF-0A69-4F03-8F56-9A1E56CF624F}.Release.Build.0 = Release|Win32
		{8BFFB1EF-0A69-4F03-8F56-9A1E56CF624F}.Release Unicode.ActiveCfg = Release Unicode|Win32
		{8BFFB1EF-0A69-4F03-8F56-9A1E56CF624F}.Release Unicode.Build.0 = Release Unicode|Win32
		{06B84794-B4D4-4D41-AB0C-3FBDFB81A858}.Debug.ActiveCfg = Debug|Win32
		{06B84794-B4D4-4D41-AB0C-3FBDFB81A858}.Debug.Build.0 = Debug|Win32
		{06B84794-B4D4-4D41-AB0C-3FBDFB81A858}.Debug Unicode.ActiveCfg = Debug Unicode|Win32
		{06B84794-B4D4-4D41-AB0C-3FBDFB81A858}.Debug Unicode.Build.0 = Debug Unicode|Win32
		{06B84794-B4D4-4D41-AB0C-3FBDFB81A858}.Release.ActiveCfg = Release|Win32
		{06B84794-B4D4-4D41-AB0C-3FBDFB81A858}.Release.Build.0 = Release|Win32
		{06B84794-B4D4-4D41-AB0C-3FBDFB81A858}.Release Unicode.ActiveCfg = Release Unicode|Win32
		{06B84794-B4D4-4D41-AB0C-3FBDFB81A858}.Release Unicode.Build.0 = Release Unicode|Win32
		{9E13C3F8-9FE6-4C5E-9AF8-9801DF4CC3C5}.Debug.ActiveCfg = Debug|Win32
		{9E13C3F8-9FE6-4C5E-9AF8-9801DF4CC3C5}.Debug.Build.0 = Debug|Win32
		{9E13C3F8-9FE6-4C5E-9AF8-9801DF4CC3C5}.Debug Unicode.ActiveCfg = Debug Unicode|Win32
		{9E13C3F8-9FE6-4C5E-9AF8-9801DF4CC3C5}.Debug Unicode.Build.0 = Debug Unicode|Win32
		{9E13C3F8-9FE6-4C5E-9AF8-9801DF4CC3C5}.Release.ActiveCfg = Release|Win32
		{9E13C3F8-9FE6-4C5E-9AF8-9801DF4CC3C5}.Release.Build.0 = Release|Win32
		{9E13C3F8-9FE6-4C5E-9AF8-9801DF4CC3C5}.Release Unicode.ActiveCfg = Release Unicode|Win32
		{9E13C3F8-9FE6-4C5E-9AF8-9801DF4CC3C5}.Release Unicode.Build.0 = Release Unicode|Win32
		{6109BA0E-9E92-4D06-895F-F7A63B0DB738}.Debug.ActiveCfg = Debug|Win32
		{6109BA0E-9E92-4D06-895F-F7A63B0DB738}.Debug.Build.0 = Debug|Win32
		{6109BA0E-9E92-4D06-895F-F7A63B0DB738}.Debug Unicode.ActiveCfg = Debug Unicode|Win32
		{6109BA0E-9E92-4D06-895F-F7A63B0DB738}.Debug Unicode.Build.0 = Debug Unicode|Win32
		{6109BA0E-9E92-4D06-895F-F7A63B0DB738}.Release.ActiveCfg = Release|Win32
		{6109BA0E-9E92-4D06-895F-F7A63B0DB738}.Release.Build.0 = Release|Win32
		{6109BA0E-9E92-4D06-895F-F7A63B0DB738}.Release Unicode.ActiveCfg = Release Unicode|Win32
		{6109BA0E-9E92-4D06-895F-F7A63B0DB738}.Release Unicode.Build.0 = Release Unicode|Win32
		{46E0F2B6-0989-473E-A273-F1FDA9B95B31}.Debug.ActiveCfg = Debug|Win32
		{46E0F2B6-0989-473E-A273-F1FDA9B95B31}.Debug.Build.0 = Debug|Win32
		{46E0F2B6-0989-473E-A273-F1FDA9B95B31}.Debug Unicode.ActiveCfg = Debug Unicode|Win32
		{46E0F2B6-0989-473E-A273-F1FDA9B95B31}.Debug Unicode.Build.0 = Debug Unicode|Win32
		{46E0F2B6-0989-473E-A273-F1FDA9B95B31}.Release.ActiveCfg = Release|Win32
		{46E0F2B6-0989-473E-A273-F1FDA9B95B31}.Release.Build.0 = Release|Win32
		{46E0F2B6-0989-473E-A273-F1FDA9B95B31}.Release Unicode.ActiveCfg = Release Unicode|Win32
		{46E0F2B6-0989-473E-A273-F1FDA9B95B31}.Release Unicode.Build.0 = Release Unicode|Win32
		{46A94FE7-878F-42BA-A197-8FFB8666FB17}.Debug.ActiveCfg = Debug|Win32
		{46A94FE7-878F-42BA-A197-8FFB8666FB17}.Debug.Build.0 = Debug|Win32
		{46A94FE7-878F-42BA-A197-8FFB8666FB17}.Debug Unicode.ActiveCfg = Debug Unicode|Win32
		{46A94FE7-878F-42BA-A197-8FFB8666FB17}.Debug Unicode.Build.0 = Debug Unicode|Win32
		{46A94FE7-878F-42BA-A197-8FFB8666FB17}.Release.ActiveCfg = Release|Win32
		{46A94FE7-878F-42BA-A197-8FFB8666FB17}.Release.Build.0 = Release|Win32
		{46A94FE7-878F-42BA-A197-8FFB8666FB17}.Release Unicode.ActiveCfg = Release Unicode|Win32
		{46A94FE7-878F-42BA-A197-8FFB8666FB17}.Release Unicode.Build.0 = Release Unicode|Win32
		{6AFB178D-314E-49EC-89EE-224AF25EA696}.Debug.ActiveCfg = Debug|Win32
		{6AFB178D-314E-49EC-89EE-224AF25EA696}.Debug.Build.0 = Debug|Win32
		{6AFB178D-314E-49EC-89EE-224AF25EA696}.Debug Unicode.ActiveCfg = Debug Unicode|Win32
		{6AFB178D-314E-49EC-89EE-224AF25EA696}.Debug Unicode.Build.0 = Debug Unicode|Win32
		{6AFB178D-314E-49EC-89EE-224AF25EA696}.Release.ActiveCfg = Release|Win32
		{6AFB178D-314E-49EC-89EE-224AF25EA696}.Release.Build.0 = Release|Win32
		{6AFB178D-314E-49EC-89EE-224AF25EA696}.Release Unicode.ActiveCfg = Release Unicode|Win32
		{6AFB178D-314E-49EC-89EE-224AF25EA696}.Release Unicode.Build.0 = Release Unicode|Win32
		{2B205175-6F65-4D3C-BEBE-B469D7538B3A}.Debug.ActiveCfg = Debug|Win32
		{2B205175-6F65-4D3C-BEBE-B469D7538B3A}.Debug.Build.0 = Debug|Win32
		{2B205175-6F65-4D3C-BEBE-B469D7538B3A}.Debug Unicode.ActiveCfg = Debug Unicode|Win32
		{2B205175-6F65-4D3C-BEBE-B469D7538B3A}.Debug Unicode.Build.0 = Debug Unicode|Win32
		{2B205175-6F65-4D3C-BEBE-B469D7538B3A}.Release.ActiveCfg = Release|Win32
		{2B205175-6F65-4D3C-BEBE-B469D7538B3A}.Release.Build.0 = Release|Win32
		{2B205175-6F65-4D3C-BEBE-B469D7538B3A}.Release Unicode.ActiveCfg = Release Unicode|Win32
		{2B205175-6F65-4D3C-BEBE-B469D7538B3A}.Release Unicode.Build.0 = Release Unicode|Win32
		{41024D6E-58AB-4C08-9C7C-9791D6A693F0}.Debug.ActiveCfg = Debug|Win32
		{41024D6E-58AB-4C08-9C7C-9791D6A693F0}.Debug.Build.0 = Debug|Win32
		{41024D6E-58AB-4C08-9C7C-9791D6A693F0}.Debug Unicode.ActiveCfg = Debug Unicode|Win32
		{41024D6E-58AB-4C08-9C7C-9791D6A693F0}.Debug Unicode.Build.0 = Debug Unicode|Win32
		{41024D6E-58AB-4C08-9C7C-9791D6A693F0}.Release.ActiveCfg = Release|Win32
		{41024D6E-58AB-4C08-9C7C-9791D6A693F0}.Release.Build.0 = Release|Win32
		{41024D6E-58AB-4C08-9C7C-9791D6A693F0}.Release Unicode.ActiveCfg = Release Unicode|Win32
		{41024D6E-58AB-4C08-9C7C-9791D6A693F0}.Release Unicode.Build.0 = Release Unicode|Win32
		{16F2FA18-3789-4863-8A16-C561E25FAC32}.Debug.ActiveCfg = Debug|Win32
		{16F2FA18-3789-4863-8A16-C561E25FAC32}.Debug.Build.0 = Debug|Win32
		{16F2FA18-3789-4863-8A16-C561E25FAC32}.Debug Unicode.ActiveCfg = Debug Unicode|Win32
		{16F2FA18-3789-4863-8A16-C561E25FAC32}.Debug Unicode.Build.0 = Debug Unicode|Win32
		{16F2FA18-3789-4863-8A16-C561E25FAC32}.Release.ActiveCfg = Release|Win32
		{16F2FA18-3789-4863-8A16-C561E25FAC32}.Release.Build.0 = Release|Win32
		{16F2FA18-3789-4863-8A16-C561E25FAC32}.Release Unicode.ActiveCfg = Release Unicode|Win32
		{16F2FA18-3789-4863-8A16-C561E25FAC32}.Release Unicode.Build.0 = Release Unicode|Win32
		{254174C0-82AA-4C73-A756-65C44490CB85}.Debug.ActiveCfg = Debug|Win32
		{254174C0-82AA-4C73-A756-65C44490CB85}.Debug.Build.0 = Debug|Win32
		{254174C0-82AA-4C73-A756-65C44490CB85}.Debug Unicode.ActiveCfg = Debug|Win32
		{254174C0-82AA-4C73-A756-65C44490CB85}.Debug Unicode.Build.0 = Debug|Win32
		{254174C0-82AA-4C73-A756-65C44490CB85}.Release.ActiveCfg = Release|Win32
		{254174C0-82AA-4C73-A756-65C44490CB85}.Release.Build.0 = Release|Win32
		{254174C0-82AA-4C73-A756-65C44490CB85}.Release Unicode.ActiveCfg = Release|Win32
		{254174C0-82AA-4C73-A756-65C44490CB85}.Release Unicode.Build.0 = Release|Win32
		{475DC941-4AEF-4218-9596-DC6F6151F0C4}.Debug.ActiveCfg = Debug|Win32
		{475DC941-4AEF-4218-9596-DC6F6151F0C4}.Debug.Build.0 = Debug|Win32
		{475DC941-4AEF-4218-9596-DC6F6151F0C4}.Debug Unicode.ActiveCfg = Debug|Win32
		{475DC941-4AEF-4218-9596-DC6F6151F0C4}.Debug Unicode.Build.0 = Debug|Win32
		{475DC941-4AEF-4218-9596-DC6F6151F0C4}.Release.ActiveCfg = Release|Win32
		{475DC941-4AEF-4218-9596-DC6F6151F0C4}.Release.Build.0 = Release|Win32
		{475DC941-4AEF-4218-9596-DC6F6151F0C4}.Release Unicode.ActiveCfg = Release|Win32
		{475DC941-4AEF-4218-9596-DC6F6151F0C4}.Release Unicode.Build.0 = Release|Win32
		{E25B8C76-EDBE-4098-A658-D34827D98E12}.Debug.ActiveCfg = Debug|Win32
		{E25B8C76-EDBE-4098-A658-D34827D98E12}.Debug.Build.0 = Debug|Win32
		{E25B8C76-EDBE-4098-A658-D34827D98E12}.Debug Unicode.ActiveCfg = Debug|Win32
		{E25B8C76-EDBE-4098-A658-D34827D98E12}.Debug Unicode.Build.0 = Debug|Win32
		{E25B8C76-EDBE-4098-A658-D34827D98E12}.Release.ActiveCfg = Release|Win32
		{E25B8C76-EDBE-4098-A658-D34827D98E12}.Release.Build.0 = Release|Win32
		{E25B8C76-EDBE-4098-A658-D34827D98E12}.Release Unicode.ActiveCfg = Release|Win32
		{E25B8C76-EDBE-4098-A658-D34827D98E12}.Release Unicode.Build.0 = Release|Win32
		{9FC4298A-1271-4871-B8DF-8439B8C95CF2}.Debug.ActiveCfg = Debug|Win32
		{9FC4298A-1271-4871-B8DF-8439B8C95CF2}.Debug.Build.0 = Debug|Win32
		{9FC4298A-1271-4871-B8DF-8439B8C95CF2}.Debug Unicode.ActiveCfg = Debug Unicode|Win32
		{9FC4298A-1271-4871-B8DF-8439B8C95CF2}.Debug Unicode.Build.0 = Debug Unicode|Win32
		{9FC4298A-1271-4871-B8DF-8439B8C95CF2}.Release.ActiveCfg = Release|Win32
		{9FC4298A-1271-4871-B8DF-8439B8C95CF2}.Release.Build.0 = Release|Win32
		{9FC4298A-1271-4871-B8DF-8439B8C95CF2}.Release Unicode.ActiveCfg = Release Unicode|Win32
		{9FC4298A-1271-4871-B8DF-8439B8C95CF2}.Release Unicode.Build.0 = Release Unicode|Win32
		{32F130DE-D67A-46A3-B86A-A7B77ECB5828}.Debug.ActiveCfg = Debug|Win32
		{32F130DE-D67A-46A3-B86A-A7B77ECB5828}.Debug.Build.0 = Debug|Win32
		{32F130DE-D67A-46A3-B86A-A7B77ECB5828}.Debug Unicode.ActiveCfg = Debug Unicode|Win32
		{32F130DE-D67A-46A3-B86A-A7B77ECB5828}.Debug Unicode.Build.0 = Debug Unicode|Win32
		{32F130DE-D67A-46A3-B86A-A7B77ECB5828}.Release.ActiveCfg = Release|Win32
		{32F130DE-D67A-46A3-B86A-A7B77ECB5828}.Release.Build.0 = Release|Win32
		{32F130DE-D67A-46A3-B86A-A7B77ECB5828}.Release Unicode.ActiveCfg = Release Unicode|Win32
		{32F130DE-D67A-46A3-B86A-A7B77ECB5828}.Release Unicode.Build.0 = Release Unicode|Win32
		{4D9538C1-E5C1-4550-AAEF-4881D42F1FBB}.Debug.ActiveCfg = Debug|Win32
		{4D9538C1-E5C1-4550-AAEF-4881D42F1FBB}.Debug.Build.0 = Debug|Win32
		{4D9538C1-E5C1-4550-AAEF-4881D42F1FBB}.Debug Unicode.ActiveCfg = Debug Unicode|Win32
		{4D9538C1-E5C1-4550-AAEF-4881D42F1FBB}.Debug Unicode.Build.0 = Debug Unicode|Win32
		{4D9538C1-E5C1-4550-AAEF-4881D42F1FBB}.Release.ActiveCfg = Release|Win32
		{4D9538C1-E5C1-4550-AAEF-4881D42F1FBB}.Release.Build.0 = Release|Win32
		{4D9538C1-E5C1-4550-AAEF-4881D42F1FBB}.Release Unicode.ActiveCfg = Release Unicode|Win32
		{4D9538C1-E5C1-4550-AAEF-4881D42F1FBB}.Release Unicode.Build.0 = Release Unicode|Win32
		{DA312441-A66C-49AD-BF1F-F3E7C0EA746D}.Debug.ActiveCfg = Debug|Win32
		{DA312441-A66C-49AD-BF1F-F3E7C0EA746D}.Debug.Build.0 = Debug|Win32
		{DA312441-A66C-49AD-BF1F-F3E7C0EA746D}.Debug Unicode.ActiveCfg = Debug Unicode|Win32
		{DA312441-A66C-49AD-BF1F-F3E7C0EA746D}.Debug Unicode.Build.0 = Debug Unicode|Win32
		{DA312441-A66C-49AD-BF1F-F3E7C0EA746D}.Release.ActiveCfg = Release|Win32
		{DA312441-A66C-49AD-BF1F-F3E7C0EA746D}.Release.Build.0 = Release|Win32
		{DA312441-A66C-49AD-BF1F-F3E7C0EA746D}.Release Unicode.ActiveCfg = Release Unicode|Win32
		{DA312441-A66C-49AD-BF1F-F3E7C0EA746D}.Release Unicode.Build.0 = Release Unicode|Win32
		{3CCFA1C6-9C1E-46AB-92FA-C7ADF7D3AF6B}.Debug.ActiveCfg = Debug|Win32
		{3CCFA1C6-9C1E-46AB-92FA-C7ADF7D3AF6B}.Debug.Build.0 = Debug|Win32
		{3CCFA1C6-9C1E-46AB-92FA-C7ADF7D3AF6B}.Debug Unicode.ActiveCfg = Debug Unicode|Win32
		{3CCFA1C6-9C1E-46AB-92FA-C7ADF7D3AF6B}.Debug Unicode.Build.0 = Debug Unicode|Win32
		{3CCFA1C6-9C1E-46AB-92FA-C7ADF7D3AF6B}.Release.ActiveCfg = Release|Win32
		{3CCFA1C6-9C1E-46AB-92FA-C7ADF7D3AF6B}.Release.Build.0 = Release|Win32
		{3CCFA1C6-9C1E-46AB-92FA-C7ADF7D3AF6B}.Release Unicode.ActiveCfg = Release Unicode|Win32
		{3CCFA1C6-9C1E-46AB-92FA-C7ADF7D3AF6B}.Release Unicode.Build.0 = Release Unicode|Win32
		{F14AD6FE-EE4F-4B18-BC23-C59CAF6EC9C1}.Debug.ActiveCfg = Debug|Win32
		{F14AD6FE-EE4F-4B18-BC23-C59CAF6EC9C1}.Debug.Build.0 = Debug|Win32
		{F14AD6FE-EE4F-4B18-BC23-C59CAF6EC9C1}.Debug Unicode.ActiveCfg = Debug Unicode|Win32
		{F14AD6FE-EE4F-4B18-BC23-C59CAF6EC9C1}.Debug Unicode.Build.0 = Debug Unicode|Win32
		{F14AD6FE-EE4F-4B18-BC23-C59CAF6EC9C1}.Release.ActiveCfg = Release|Win32
		{F14AD6FE-EE4F-4B18-BC23-C59CAF6EC9C1}.Release.Build.0 = Release|Win32
		{F14AD6FE-EE4F-4B18-BC23-C59CAF6EC9C1}.Release Unicode.ActiveCfg = Release Unicode|Win32
		{F14AD6FE-EE4F-4B18-BC23-C59CAF6EC9C1}.Release Unicode.Build.0 = Release Unicode|Win32
		{A268E617-A712-468E-BDE9-6E90B2792941}.Debug.ActiveCfg = Debug|Win32
		{A268E617-A712-468E-BDE9-6E90B2792941}.Debug.Build.0 = Debug|Win32
		{A268E617-A712-468E-BDE9-6E90B2792941}.Debug Unicode.ActiveCfg = Debug Unicode|Win32
		{A268E617-A712-468E-BDE9-6E90B2792941}.Debug Unicode.Build.0 = Debug Unicode|Win32
		{A268E617-A712-468E-BDE9-6E90B2792941}.Release.ActiveCfg = Release|Win32
		{A268E617-A712-468E-BDE9-6E90B2792941}.Release.Build.0 = Release|Win32
		{A268E617-A712-468E-BDE9-6E90B2792941}.Release Unicode.ActiveCfg = Release Unicode|Win32
		{A268E617-A712-468E-BDE9-6E90B2792941}.Release Unicode.Build.0 = Release Unicode|Win32
	EndGlobalSection
	GlobalSection(ExtensibilityGlobals) = postSolution
	EndGlobalSection
	GlobalSection(ExtensibilityAddIns) = postSolution
	EndGlobalSection
EndGlobal
