Microsoft Visual Studio Solution File, Format Version 7.00
Project("{FAE04EC0-301F-11D3-BF4B-00C04F79EFBC}") = "Play3DSound", "Play3DSound.csproj", "{4DC709A9-1ADF-4ECB-9016-29EA0DB63781}"
EndProject
Global
	GlobalSection(SolutionConfiguration) = preSolution
		ConfigName.0 = Debug
		ConfigName.1 = Release
	EndGlobalSection
	GlobalSection(ProjectDependencies) = postSolution
	EndGlobalSection
	GlobalSection(ProjectConfiguration) = postSolution
		{4DC709A9-1ADF-4ECB-9016-29EA0DB63781}.Debug.ActiveCfg = Debug|.NET
		{4DC709A9-1ADF-4ECB-9016-29EA0DB63781}.Debug.Build.0 = Debug|.NET
		{4DC709A9-1ADF-4ECB-9016-29EA0DB63781}.Release.ActiveCfg = Release|.NET
		{4DC709A9-1ADF-4ECB-9016-29EA0DB63781}.Release.Build.0 = Release|.NET
	EndGlobalSection
	GlobalSection(ExtensibilityGlobals) = postSolution
	EndGlobalSection
	GlobalSection(ExtensibilityAddIns) = postSolution
	EndGlobalSection
EndGlobal
