Microsoft Visual Studio Solution File, Format Version 7.00
Project("{8BC9CEB8-8B4A-11D0-8D11-00A0C91BC942}") = "Billboard", "billboard\Billboard.vcproj", "{8FEC3CB5-CE11-480C-9455-D51B9D115D5E}"
EndProject
Project("{8BC9CEB8-8B4A-11D0-8D11-00A0C91BC942}") = "BumpEarth", "BumpMapping\BumpEarth\BumpEarth.vcproj", "{3A68081D-E8F9-4523-9436-530DE9E55302}"
EndProject
Project("{8BC9CEB8-8B4A-11D0-8D11-00A0C91BC942}") = "BumpLens", "BumpMapping\BumpLens\BumpLens.vcproj", "{3A68081D-E8F9-4523-9436-530DE9E55303}"
EndProject
Project("{8BC9CEB8-8B4A-11D0-8D11-00A0C91BC942}") = "BumpSelfShadow", "BumpMapping\BumpSelfShadow\BumpSelfShadow.vcproj", "{3A68081D-E8F9-4523-9436-530DE9E55304}"
EndProject
Project("{8BC9CEB8-8B4A-11D0-8D11-00A0C91BC942}") = "BumpUnderWater", "BumpMapping\BumpUnderWater\BumpUnderWater.vcproj", "{3A68081D-E8F9-4523-9436-530DE9E55305}"
EndProject
Project("{8BC9CEB8-8B4A-11D0-8D11-00A0C91BC942}") = "BumpWaves", "BumpMapping\BumpWaves\BumpWaves.vcproj", "{3A68081D-E8F9-4523-9436-530DE9E55306}"
EndProject
Project("{8BC9CEB8-8B4A-11D0-8D11-00A0C91BC942}") = "DotProduct3", "BumpMapping\DotProduct3\DotProduct3.vcproj", "{3A68081D-E8F9-4523-9436-530DE9E55301}"
EndProject
Project("{8BC9CEB8-8B4A-11D0-8D11-00A0C91BC942}") = "Emboss", "BumpMapping\Emboss\Emboss.vcproj", "{3A68081D-E8F9-4523-9436-530DE9E55300}"
EndProject
Project("{8BC9CEB8-8B4A-11D0-8D11-00A0C91BC942}") = "ClipMirror", "clipmirror\ClipMirror.vcproj", "{3A68081D-E8F9-4523-9436-530DE9E552F6}"
EndProject
Project("{8BC9CEB8-8B4A-11D0-8D11-00A0C91BC942}") = "Cull", "Cull\Cull.vcproj", "{3A68081D-E8F9-4523-9436-530DE9E552F7}"
EndProject
Project("{8BC9CEB8-8B4A-11D0-8D11-00A0C91BC942}") = "DolphinVS", "DolphinVS\DolphinVS.vcproj", "{3A68081D-E8F9-4523-9436-530DE9E552F1}"
EndProject
Project("{8BC9CEB8-8B4A-11D0-8D11-00A0C91BC942}") = "CubeMap", "EnvMapping\CubeMap\CubeMap.vcproj", "{3A68081D-E8F9-4523-9436-530DE9E55307}"
EndProject
Project("{8BC9CEB8-8B4A-11D0-8D11-00A0C91BC942}") = "FishEye", "EnvMapping\FishEye\FishEye.vcproj", "{3A68081D-E8F9-4523-9436-530DE9E55308}"
EndProject
Project("{8BC9CEB8-8B4A-11D0-8D11-00A0C91BC942}") = "SphereMap", "EnvMapping\SphereMap\SphereMap.vcproj", "{3A68081D-E8F9-4523-9436-530DE9E55309}"
EndProject
Project("{8BC9CEB8-8B4A-11D0-8D11-00A0C91BC942}") = "Lighting", "Lighting\Lighting.vcproj", "{3A68081D-E8F9-4523-9436-530DE9E552F3}"
EndProject
Project("{8BC9CEB8-8B4A-11D0-8D11-00A0C91BC942}") = "EnhancedMesh", "Meshes\EnhancedMesh\EnhancedMesh.vcproj", "{3A68081D-E8F9-4523-9436-530DE9E552F2}"
EndProject
Project("{8BC9CEB8-8B4A-11D0-8D11-00A0C91BC942}") = "OptimizedMesh", "Meshes\OptimizedMesh\OptimizedMesh.vcproj", "{3A68081D-E8F9-4523-9436-530DE9E552F4}"
EndProject
Project("{8BC9CEB8-8B4A-11D0-8D11-00A0C91BC942}") = "ProgressiveMesh", "Meshes\ProgressiveMesh\ProgressiveMesh.vcproj", "{3A68081D-E8F9-4523-9436-530DE9E552F7}"
EndProject
Project("{8BC9CEB8-8B4A-11D0-8D11-00A0C91BC942}") = "SkinnedMesh", "Meshes\SkinnedMesh\SkinnedMesh.vcproj", "{3A68081D-E8F9-4523-9436-530DE9E552F9}"
EndProject
Project("{8BC9CEB8-8B4A-11D0-8D11-00A0C91BC942}") = "Pick", "pick\Pick.vcproj", "{3A68081D-E8F9-4523-9436-530DE9E552F5}"
EndProject
Project("{8BC9CEB8-8B4A-11D0-8D11-00A0C91BC942}") = "PointSprites", "pointsprites\PointSprites.vcproj", "{3A68081D-E8F9-4523-9436-530DE9E552F6}"
EndProject
Project("{8BC9CEB8-8B4A-11D0-8D11-00A0C91BC942}") = "RTPatch", "RTPatch\RTPatch.vcproj", "{3A68081D-E8F9-4523-9436-530DE9E552F8}"
EndProject
Project("{8BC9CEB8-8B4A-11D0-8D11-00A0C91BC942}") = "Text3D", "text3d\Text3D.vcproj", "{3A68081D-E8F9-4523-9436-530DE9E552FA}"
EndProject
Project("{8BC9CEB8-8B4A-11D0-8D11-00A0C91BC942}") = "VertexBlend", "vertexblend\VertexBlend.vcproj", "{3A68081D-E8F9-4523-9436-530DE9E552FB}"
EndProject
Project("{8BC9CEB8-8B4A-11D0-8D11-00A0C91BC942}") = "VertexShader", "VertexShader\VertexShader.vcproj", "{3A68081D-E8F9-4523-9436-530DE9E552FC}"
EndProject
Project("{8BC9CEB8-8B4A-11D0-8D11-00A0C91BC942}") = "VolumeFog", "VolumeFog\VolumeFog.vcproj", "{3A68081D-E8F9-4523-9436-530DE9E552FD}"
EndProject
Project("{8BC9CEB8-8B4A-11D0-8D11-00A0C91BC942}") = "VolumeTexture", "VolumeTexture\VolumeTexture.vcproj", "{3A68081D-E8F9-4523-9436-530DE9E552FE}"
EndProject
Project("{8BC9CEB8-8B4A-11D0-8D11-00A0C91BC942}") = "Water", "water\Water.vcproj", "{3A68081D-E8F9-4523-9436-530DE9E552FF}"
EndProject
Project("{8BC9CEB8-8B4A-11D0-8D11-00A0C91BC942}") = "Moire", "ScreenSavers\Moire\Moire.vcproj", "{3A68081D-E8F9-4523-9436-530DE9E55300}"
EndProject
Project("{8BC9CEB8-8B4A-11D0-8D11-00A0C91BC942}") = "ShadowVolume", "StencilBuffer\ShadowVolume\ShadowVolume.vcproj", "{3A68081D-E8F9-4523-9436-530DE9E55301}"
EndProject
Project("{8BC9CEB8-8B4A-11D0-8D11-00A0C91BC942}") = "StencilDepth", "StencilBuffer\StencilDepth\StencilDepth.vcproj", "{3A68081D-E8F9-4523-9436-530DE9E55302}"
EndProject
Project("{8BC9CEB8-8B4A-11D0-8D11-00A0C91BC942}") = "StencilMirror", "StencilBuffer\StencilMirror\StencilMirror.vcproj", "{3A68081D-E8F9-4523-9436-530DE9E55303}"
EndProject
Project("{8BC9CEB8-8B4A-11D0-8D11-00A0C91BC942}") = "ClipVolume", "ClipVolume\ClipVolume.vcproj", "{8FEC3CB5-CE11-480C-9455-D51B9D115D8E}"
EndProject
Project("{8BC9CEB8-8B4A-11D0-8D11-00A0C91BC942}") = "MotionBlur", "MotionBlur\MotionBlur.vcproj", "{8FEC3CB5-CE11-480C-9455-E51B9D115D8E}"
EndProject
Project("{8BC9CEB8-8B4A-11D0-8D11-00A0C91BC942}") = "EffectEdit", "EffectEdit\EffectEdit.vcproj", "{B7197FB2-EC48-4F2B-9A6F-F487308E59EA}"
EndProject
Project("{8BC9CEB8-8B4A-11D0-8D11-00A0C91BC942}") = "MFCFog", "mfcfog\mfcfog.vcproj", "{10E550FF-EC55-465A-A78C-A4AC2387CB9A}"
EndProject
Project("{8BC9CEB8-8B4A-11D0-8D11-00A0C91BC942}") = "MFCTex", "mfctex\mfctex.vcproj", "{7F34AA2C-5879-4B2F-8950-C7AE795C24F2}"
EndProject
Project("{8BC9CEB8-8B4A-11D0-8D11-00A0C91BC942}") = "dxtex", "dxtex\dxtex.vcproj", "{77DE4B17-4040-4F08-8B21-9EE90F24F077}"
EndProject
Project("{8BC9CEB8-8B4A-11D0-8D11-00A0C91BC942}") = "DepthOfField", "DepthOfField\DepthOfField.vcproj", "{9C04CC2D-C188-4443-A185-CB0BCA6ED57B}"
EndProject
Project("{8BC9CEB8-8B4A-11D0-8D11-00A0C91BC942}") = "Fur", "Fur\Fur.vcproj", "{9F2D19C9-F6A5-407D-94EE-645E4F898FA3}"
EndProject
Project("{8BC9CEB8-8B4A-11D0-8D11-00A0C91BC942}") = "LightingVS", "LightingVS\LightingVS.vcproj", "{3A68081D-E8F9-4523-9436-530DE9E552F0}"
EndProject
Project("{8BC9CEB8-8B4A-11D0-8D11-00A0C91BC942}") = "CreateDevice", "tutorials\Tut01_CreateDevice\CreateDevice.vcproj", "{3A68081D-E8F9-4523-9436-530DE9E5530A}"
EndProject
Project("{8BC9CEB8-8B4A-11D0-8D11-00A0C91BC942}") = "Vertices", "tutorials\Tut02_Vertices\Vertices.vcproj", "{3A68081D-E8F9-4523-9436-530DE9E5530B}"
EndProject
Project("{8BC9CEB8-8B4A-11D0-8D11-00A0C91BC942}") = "Matrices", "tutorials\Tut03_Matrices\Matrices.vcproj", "{3A68081D-E8F9-4523-9436-530DE9E5530C}"
EndProject
Project("{8BC9CEB8-8B4A-11D0-8D11-00A0C91BC942}") = "Lights", "tutorials\Tut04_Lights\Lights.vcproj", "{3A68081D-E8F9-4523-9436-530DE9E5530D}"
EndProject
Project("{8BC9CEB8-8B4A-11D0-8D11-00A0C91BC942}") = "Textures", "tutorials\Tut05_Textures\Textures.vcproj", "{3A68081D-E8F9-4523-9436-530DE9E5530E}"
EndProject
Project("{8BC9CEB8-8B4A-11D0-8D11-00A0C91BC942}") = "Meshes", "tutorials\Tut06_Meshes\Meshes.vcproj", "{3A68081D-E8F9-4523-9436-530DE9E5530F}"
EndProject
Global
	GlobalSection(DevPartner Solution Properties) = postSolution
	EndGlobalSection
	GlobalSection(SolutionConfiguration) = preSolution
		ConfigName.0 = Debug
		ConfigName.1 = Release
	EndGlobalSection
	GlobalSection(ProjectDependencies) = postSolution
	EndGlobalSection
	GlobalSection(ProjectConfiguration) = postSolution
		{8FEC3CB5-CE11-480C-9455-D51B9D115D5E}.Debug.ActiveCfg = Debug|Win32
		{8FEC3CB5-CE11-480C-9455-D51B9D115D5E}.Debug.Build.0 = Debug|Win32
		{8FEC3CB5-CE11-480C-9455-D51B9D115D5E}.Release.ActiveCfg = Release|Win32
		{8FEC3CB5-CE11-480C-9455-D51B9D115D5E}.Release.Build.0 = Release|Win32
		{3A68081D-E8F9-4523-9436-530DE9E55302}.Debug.ActiveCfg = Debug|Win32
		{3A68081D-E8F9-4523-9436-530DE9E55302}.Debug.Build.0 = Debug|Win32
		{3A68081D-E8F9-4523-9436-530DE9E55302}.Release.ActiveCfg = Release|Win32
		{3A68081D-E8F9-4523-9436-530DE9E55302}.Release.Build.0 = Release|Win32
		{3A68081D-E8F9-4523-9436-530DE9E55303}.Debug.ActiveCfg = Debug|Win32
		{3A68081D-E8F9-4523-9436-530DE9E55303}.Debug.Build.0 = Debug|Win32
		{3A68081D-E8F9-4523-9436-530DE9E55303}.Release.ActiveCfg = Release|Win32
		{3A68081D-E8F9-4523-9436-530DE9E55303}.Release.Build.0 = Release|Win32
		{3A68081D-E8F9-4523-9436-530DE9E55304}.Debug.ActiveCfg = Debug|Win32
		{3A68081D-E8F9-4523-9436-530DE9E55304}.Debug.Build.0 = Debug|Win32
		{3A68081D-E8F9-4523-9436-530DE9E55304}.Release.ActiveCfg = Release|Win32
		{3A68081D-E8F9-4523-9436-530DE9E55304}.Release.Build.0 = Release|Win32
		{3A68081D-E8F9-4523-9436-530DE9E55305}.Debug.ActiveCfg = Debug|Win32
		{3A68081D-E8F9-4523-9436-530DE9E55305}.Debug.Build.0 = Debug|Win32
		{3A68081D-E8F9-4523-9436-530DE9E55305}.Release.ActiveCfg = Release|Win32
		{3A68081D-E8F9-4523-9436-530DE9E55305}.Release.Build.0 = Release|Win32
		{3A68081D-E8F9-4523-9436-530DE9E55306}.Debug.ActiveCfg = Debug|Win32
		{3A68081D-E8F9-4523-9436-530DE9E55306}.Debug.Build.0 = Debug|Win32
		{3A68081D-E8F9-4523-9436-530DE9E55306}.Release.ActiveCfg = Release|Win32
		{3A68081D-E8F9-4523-9436-530DE9E55306}.Release.Build.0 = Release|Win32
		{3A68081D-E8F9-4523-9436-530DE9E55301}.Debug.ActiveCfg = Debug|Win32
		{3A68081D-E8F9-4523-9436-530DE9E55301}.Debug.Build.0 = Debug|Win32
		{3A68081D-E8F9-4523-9436-530DE9E55301}.Release.ActiveCfg = Release|Win32
		{3A68081D-E8F9-4523-9436-530DE9E55301}.Release.Build.0 = Release|Win32
		{3A68081D-E8F9-4523-9436-530DE9E55300}.Debug.ActiveCfg = Debug|Win32
		{3A68081D-E8F9-4523-9436-530DE9E55300}.Debug.Build.0 = Debug|Win32
		{3A68081D-E8F9-4523-9436-530DE9E55300}.Release.ActiveCfg = Release|Win32
		{3A68081D-E8F9-4523-9436-530DE9E55300}.Release.Build.0 = Release|Win32
		{3A68081D-E8F9-4523-9436-530DE9E552F6}.Debug.ActiveCfg = Debug|Win32
		{3A68081D-E8F9-4523-9436-530DE9E552F6}.Debug.Build.0 = Debug|Win32
		{3A68081D-E8F9-4523-9436-530DE9E552F6}.Release.ActiveCfg = Release|Win32
		{3A68081D-E8F9-4523-9436-530DE9E552F6}.Release.Build.0 = Release|Win32
		{3A68081D-E8F9-4523-9436-530DE9E552F7}.Debug.ActiveCfg = Debug|Win32
		{3A68081D-E8F9-4523-9436-530DE9E552F7}.Debug.Build.0 = Debug|Win32
		{3A68081D-E8F9-4523-9436-530DE9E552F7}.Release.ActiveCfg = Release|Win32
		{3A68081D-E8F9-4523-9436-530DE9E552F7}.Release.Build.0 = Release|Win32
		{3A68081D-E8F9-4523-9436-530DE9E552F1}.Debug.ActiveCfg = Debug|Win32
		{3A68081D-E8F9-4523-9436-530DE9E552F1}.Debug.Build.0 = Debug|Win32
		{3A68081D-E8F9-4523-9436-530DE9E552F1}.Release.ActiveCfg = Release|Win32
		{3A68081D-E8F9-4523-9436-530DE9E552F1}.Release.Build.0 = Release|Win32
		{3A68081D-E8F9-4523-9436-530DE9E55307}.Debug.ActiveCfg = Debug|Win32
		{3A68081D-E8F9-4523-9436-530DE9E55307}.Debug.Build.0 = Debug|Win32
		{3A68081D-E8F9-4523-9436-530DE9E55307}.Release.ActiveCfg = Release|Win32
		{3A68081D-E8F9-4523-9436-530DE9E55307}.Release.Build.0 = Release|Win32
		{3A68081D-E8F9-4523-9436-530DE9E55308}.Debug.ActiveCfg = Debug|Win32
		{3A68081D-E8F9-4523-9436-530DE9E55308}.Debug.Build.0 = Debug|Win32
		{3A68081D-E8F9-4523-9436-530DE9E55308}.Release.ActiveCfg = Release|Win32
		{3A68081D-E8F9-4523-9436-530DE9E55308}.Release.Build.0 = Release|Win32
		{3A68081D-E8F9-4523-9436-530DE9E55309}.Debug.ActiveCfg = Debug|Win32
		{3A68081D-E8F9-4523-9436-530DE9E55309}.Debug.Build.0 = Debug|Win32
		{3A68081D-E8F9-4523-9436-530DE9E55309}.Release.ActiveCfg = Release|Win32
		{3A68081D-E8F9-4523-9436-530DE9E55309}.Release.Build.0 = Release|Win32
		{3A68081D-E8F9-4523-9436-530DE9E552F3}.Debug.ActiveCfg = Debug|Win32
		{3A68081D-E8F9-4523-9436-530DE9E552F3}.Debug.Build.0 = Debug|Win32
		{3A68081D-E8F9-4523-9436-530DE9E552F3}.Release.ActiveCfg = Release|Win32
		{3A68081D-E8F9-4523-9436-530DE9E552F3}.Release.Build.0 = Release|Win32
		{3A68081D-E8F9-4523-9436-530DE9E552F2}.Debug.ActiveCfg = Debug|Win32
		{3A68081D-E8F9-4523-9436-530DE9E552F2}.Debug.Build.0 = Debug|Win32
		{3A68081D-E8F9-4523-9436-530DE9E552F2}.Release.ActiveCfg = Release|Win32
		{3A68081D-E8F9-4523-9436-530DE9E552F2}.Release.Build.0 = Release|Win32
		{3A68081D-E8F9-4523-9436-530DE9E552F4}.Debug.ActiveCfg = Debug|Win32
		{3A68081D-E8F9-4523-9436-530DE9E552F4}.Debug.Build.0 = Debug|Win32
		{3A68081D-E8F9-4523-9436-530DE9E552F4}.Release.ActiveCfg = Release|Win32
		{3A68081D-E8F9-4523-9436-530DE9E552F4}.Release.Build.0 = Release|Win32
		{3A68081D-E8F9-4523-9436-530DE9E552F7}.Debug.ActiveCfg = Debug|Win32
		{3A68081D-E8F9-4523-9436-530DE9E552F7}.Debug.Build.0 = Debug|Win32
		{3A68081D-E8F9-4523-9436-530DE9E552F7}.Release.ActiveCfg = Release|Win32
		{3A68081D-E8F9-4523-9436-530DE9E552F7}.Release.Build.0 = Release|Win32
		{3A68081D-E8F9-4523-9436-530DE9E552F9}.Debug.ActiveCfg = Debug|Win32
		{3A68081D-E8F9-4523-9436-530DE9E552F9}.Debug.Build.0 = Debug|Win32
		{3A68081D-E8F9-4523-9436-530DE9E552F9}.Release.ActiveCfg = Release|Win32
		{3A68081D-E8F9-4523-9436-530DE9E552F9}.Release.Build.0 = Release|Win32
		{3A68081D-E8F9-4523-9436-530DE9E552F5}.Debug.ActiveCfg = Debug|Win32
		{3A68081D-E8F9-4523-9436-530DE9E552F5}.Debug.Build.0 = Debug|Win32
		{3A68081D-E8F9-4523-9436-530DE9E552F5}.Release.ActiveCfg = Release|Win32
		{3A68081D-E8F9-4523-9436-530DE9E552F5}.Release.Build.0 = Release|Win32
		{3A68081D-E8F9-4523-9436-530DE9E552F6}.Debug.ActiveCfg = Debug|Win32
		{3A68081D-E8F9-4523-9436-530DE9E552F6}.Debug.Build.0 = Debug|Win32
		{3A68081D-E8F9-4523-9436-530DE9E552F6}.Release.ActiveCfg = Release|Win32
		{3A68081D-E8F9-4523-9436-530DE9E552F6}.Release.Build.0 = Release|Win32
		{3A68081D-E8F9-4523-9436-530DE9E552F8}.Debug.ActiveCfg = Debug|Win32
		{3A68081D-E8F9-4523-9436-530DE9E552F8}.Debug.Build.0 = Debug|Win32
		{3A68081D-E8F9-4523-9436-530DE9E552F8}.Release.ActiveCfg = Release|Win32
		{3A68081D-E8F9-4523-9436-530DE9E552F8}.Release.Build.0 = Release|Win32
		{3A68081D-E8F9-4523-9436-530DE9E552FA}.Debug.ActiveCfg = Debug|Win32
		{3A68081D-E8F9-4523-9436-530DE9E552FA}.Debug.Build.0 = Debug|Win32
		{3A68081D-E8F9-4523-9436-530DE9E552FA}.Release.ActiveCfg = Release|Win32
		{3A68081D-E8F9-4523-9436-530DE9E552FA}.Release.Build.0 = Release|Win32
		{3A68081D-E8F9-4523-9436-530DE9E552FB}.Debug.ActiveCfg = Debug|Win32
		{3A68081D-E8F9-4523-9436-530DE9E552FB}.Debug.Build.0 = Debug|Win32
		{3A68081D-E8F9-4523-9436-530DE9E552FB}.Release.ActiveCfg = Release|Win32
		{3A68081D-E8F9-4523-9436-530DE9E552FB}.Release.Build.0 = Release|Win32
		{3A68081D-E8F9-4523-9436-530DE9E552FC}.Debug.ActiveCfg = Debug|Win32
		{3A68081D-E8F9-4523-9436-530DE9E552FC}.Debug.Build.0 = Debug|Win32
		{3A68081D-E8F9-4523-9436-530DE9E552FC}.Release.ActiveCfg = Release|Win32
		{3A68081D-E8F9-4523-9436-530DE9E552FC}.Release.Build.0 = Release|Win32
		{3A68081D-E8F9-4523-9436-530DE9E552FD}.Debug.ActiveCfg = Debug|Win32
		{3A68081D-E8F9-4523-9436-530DE9E552FD}.Debug.Build.0 = Debug|Win32
		{3A68081D-E8F9-4523-9436-530DE9E552FD}.Release.ActiveCfg = Release|Win32
		{3A68081D-E8F9-4523-9436-530DE9E552FD}.Release.Build.0 = Release|Win32
		{3A68081D-E8F9-4523-9436-530DE9E552FE}.Debug.ActiveCfg = Debug|Win32
		{3A68081D-E8F9-4523-9436-530DE9E552FE}.Debug.Build.0 = Debug|Win32
		{3A68081D-E8F9-4523-9436-530DE9E552FE}.Release.ActiveCfg = Release|Win32
		{3A68081D-E8F9-4523-9436-530DE9E552FE}.Release.Build.0 = Release|Win32
		{3A68081D-E8F9-4523-9436-530DE9E552FF}.Debug.ActiveCfg = Debug|Win32
		{3A68081D-E8F9-4523-9436-530DE9E552FF}.Debug.Build.0 = Debug|Win32
		{3A68081D-E8F9-4523-9436-530DE9E552FF}.Release.ActiveCfg = Release|Win32
		{3A68081D-E8F9-4523-9436-530DE9E552FF}.Release.Build.0 = Release|Win32
		{3A68081D-E8F9-4523-9436-530DE9E55300}.Debug.ActiveCfg = Debug|Win32
		{3A68081D-E8F9-4523-9436-530DE9E55300}.Debug.Build.0 = Debug|Win32
		{3A68081D-E8F9-4523-9436-530DE9E55300}.Release.ActiveCfg = Release|Win32
		{3A68081D-E8F9-4523-9436-530DE9E55300}.Release.Build.0 = Release|Win32
		{3A68081D-E8F9-4523-9436-530DE9E55301}.Debug.ActiveCfg = Debug|Win32
		{3A68081D-E8F9-4523-9436-530DE9E55301}.Debug.Build.0 = Debug|Win32
		{3A68081D-E8F9-4523-9436-530DE9E55301}.Release.ActiveCfg = Release|Win32
		{3A68081D-E8F9-4523-9436-530DE9E55301}.Release.Build.0 = Release|Win32
		{3A68081D-E8F9-4523-9436-530DE9E55302}.Debug.ActiveCfg = Debug|Win32
		{3A68081D-E8F9-4523-9436-530DE9E55302}.Debug.Build.0 = Debug|Win32
		{3A68081D-E8F9-4523-9436-530DE9E55302}.Release.ActiveCfg = Release|Win32
		{3A68081D-E8F9-4523-9436-530DE9E55302}.Release.Build.0 = Release|Win32
		{3A68081D-E8F9-4523-9436-530DE9E55303}.Debug.ActiveCfg = Debug|Win32
		{3A68081D-E8F9-4523-9436-530DE9E55303}.Debug.Build.0 = Debug|Win32
		{3A68081D-E8F9-4523-9436-530DE9E55303}.Release.ActiveCfg = Release|Win32
		{3A68081D-E8F9-4523-9436-530DE9E55303}.Release.Build.0 = Release|Win32
		{8FEC3CB5-CE11-480C-9455-D51B9D115D8E}.Debug.ActiveCfg = Debug|Win32
		{8FEC3CB5-CE11-480C-9455-D51B9D115D8E}.Debug.Build.0 = Debug|Win32
		{8FEC3CB5-CE11-480C-9455-D51B9D115D8E}.Release.ActiveCfg = Release|Win32
		{8FEC3CB5-CE11-480C-9455-D51B9D115D8E}.Release.Build.0 = Release|Win32
		{8FEC3CB5-CE11-480C-9455-E51B9D115D8E}.Debug.ActiveCfg = Debug|Win32
		{8FEC3CB5-CE11-480C-9455-E51B9D115D8E}.Debug.Build.0 = Debug|Win32
		{8FEC3CB5-CE11-480C-9455-E51B9D115D8E}.Release.ActiveCfg = Release|Win32
		{8FEC3CB5-CE11-480C-9455-E51B9D115D8E}.Release.Build.0 = Release|Win32
		{B7197FB2-EC48-4F2B-9A6F-F487308E59EA}.Debug.ActiveCfg = Debug|Win32
		{B7197FB2-EC48-4F2B-9A6F-F487308E59EA}.Debug.Build.0 = Debug|Win32
		{B7197FB2-EC48-4F2B-9A6F-F487308E59EA}.Release.ActiveCfg = Release|Win32
		{B7197FB2-EC48-4F2B-9A6F-F487308E59EA}.Release.Build.0 = Release|Win32
		{10E550FF-EC55-465A-A78C-A4AC2387CB9A}.Debug.ActiveCfg = Debug|Win32
		{10E550FF-EC55-465A-A78C-A4AC2387CB9A}.Debug.Build.0 = Debug|Win32
		{10E550FF-EC55-465A-A78C-A4AC2387CB9A}.Release.ActiveCfg = Release|Win32
		{10E550FF-EC55-465A-A78C-A4AC2387CB9A}.Release.Build.0 = Release|Win32
		{7F34AA2C-5879-4B2F-8950-C7AE795C24F2}.Debug.ActiveCfg = Debug|Win32
		{7F34AA2C-5879-4B2F-8950-C7AE795C24F2}.Debug.Build.0 = Debug|Win32
		{7F34AA2C-5879-4B2F-8950-C7AE795C24F2}.Release.ActiveCfg = Release|Win32
		{7F34AA2C-5879-4B2F-8950-C7AE795C24F2}.Release.Build.0 = Release|Win32
		{77DE4B17-4040-4F08-8B21-9EE90F24F077}.Debug.ActiveCfg = Debug|Win32
		{77DE4B17-4040-4F08-8B21-9EE90F24F077}.Debug.Build.0 = Debug|Win32
		{77DE4B17-4040-4F08-8B21-9EE90F24F077}.Release.ActiveCfg = Release|Win32
		{77DE4B17-4040-4F08-8B21-9EE90F24F077}.Release.Build.0 = Release|Win32
		{9C04CC2D-C188-4443-A185-CB0BCA6ED57B}.Debug.ActiveCfg = Debug|Win32
		{9C04CC2D-C188-4443-A185-CB0BCA6ED57B}.Debug.Build.0 = Debug|Win32
		{9C04CC2D-C188-4443-A185-CB0BCA6ED57B}.Release.ActiveCfg = Release|Win32
		{9C04CC2D-C188-4443-A185-CB0BCA6ED57B}.Release.Build.0 = Release|Win32
		{9F2D19C9-F6A5-407D-94EE-645E4F898FA3}.Debug.ActiveCfg = Debug|Win32
		{9F2D19C9-F6A5-407D-94EE-645E4F898FA3}.Debug.Build.0 = Debug|Win32
		{9F2D19C9-F6A5-407D-94EE-645E4F898FA3}.Release.ActiveCfg = Release|Win32
		{9F2D19C9-F6A5-407D-94EE-645E4F898FA3}.Release.Build.0 = Release|Win32
		{3A68081D-E8F9-4523-9436-530DE9E552F0}.Debug.ActiveCfg = Debug|Win32
		{3A68081D-E8F9-4523-9436-530DE9E552F0}.Debug.Build.0 = Debug|Win32
		{3A68081D-E8F9-4523-9436-530DE9E552F0}.Release.ActiveCfg = Release|Win32
		{3A68081D-E8F9-4523-9436-530DE9E552F0}.Release.Build.0 = Release|Win32
		{3A68081D-E8F9-4523-9436-530DE9E5530A}.Debug.ActiveCfg = Debug|Win32
		{3A68081D-E8F9-4523-9436-530DE9E5530A}.Debug.Build.0 = Debug|Win32
		{3A68081D-E8F9-4523-9436-530DE9E5530A}.Release.ActiveCfg = Release|Win32
		{3A68081D-E8F9-4523-9436-530DE9E5530A}.Release.Build.0 = Release|Win32
		{3A68081D-E8F9-4523-9436-530DE9E5530B}.Debug.ActiveCfg = Debug|Win32
		{3A68081D-E8F9-4523-9436-530DE9E5530B}.Debug.Build.0 = Debug|Win32
		{3A68081D-E8F9-4523-9436-530DE9E5530B}.Release.ActiveCfg = Release|Win32
		{3A68081D-E8F9-4523-9436-530DE9E5530B}.Release.Build.0 = Release|Win32
		{3A68081D-E8F9-4523-9436-530DE9E5530C}.Debug.ActiveCfg = Debug|Win32
		{3A68081D-E8F9-4523-9436-530DE9E5530C}.Debug.Build.0 = Debug|Win32
		{3A68081D-E8F9-4523-9436-530DE9E5530C}.Release.ActiveCfg = Release|Win32
		{3A68081D-E8F9-4523-9436-530DE9E5530C}.Release.Build.0 = Release|Win32
		{3A68081D-E8F9-4523-9436-530DE9E5530D}.Debug.ActiveCfg = Debug|Win32
		{3A68081D-E8F9-4523-9436-530DE9E5530D}.Debug.Build.0 = Debug|Win32
		{3A68081D-E8F9-4523-9436-530DE9E5530D}.Release.ActiveCfg = Release|Win32
		{3A68081D-E8F9-4523-9436-530DE9E5530D}.Release.Build.0 = Release|Win32
		{3A68081D-E8F9-4523-9436-530DE9E5530E}.Debug.ActiveCfg = Debug|Win32
		{3A68081D-E8F9-4523-9436-530DE9E5530E}.Debug.Build.0 = Debug|Win32
		{3A68081D-E8F9-4523-9436-530DE9E5530E}.Release.ActiveCfg = Release|Win32
		{3A68081D-E8F9-4523-9436-530DE9E5530E}.Release.Build.0 = Release|Win32
		{3A68081D-E8F9-4523-9436-530DE9E5530F}.Debug.ActiveCfg = Debug|Win32
		{3A68081D-E8F9-4523-9436-530DE9E5530F}.Debug.Build.0 = Debug|Win32
		{3A68081D-E8F9-4523-9436-530DE9E5530F}.Release.ActiveCfg = Release|Win32
		{3A68081D-E8F9-4523-9436-530DE9E5530F}.Release.Build.0 = Release|Win32
	EndGlobalSection
	GlobalSection(ExtensibilityGlobals) = postSolution
	EndGlobalSection
	GlobalSection(ExtensibilityAddIns) = postSolution
	EndGlobalSection
	GlobalSection(DevPartner) = postSolution
	EndGlobalSection
	GlobalSection(DevPartner) = postSolution
	EndGlobalSection
EndGlobal
