Microsoft Visual Studio Solution File, Format Version 7.00
Project("{8BC9CEB8-8B4A-11D0-8D11-00A0C91BC942}") = "GetDXVer", "GetDXVer.vcproj", "{86EEDF9B-C84E-47E2-8D12-723B0C00AADB}"
EndProject
Global
	GlobalSection(SolutionConfiguration) = preSolution
		ConfigName.0 = Debug
		ConfigName.1 = Release
	EndGlobalSection
	GlobalSection(ProjectDependencies) = postSolution
	EndGlobalSection
	GlobalSection(ProjectConfiguration) = postSolution
		{86EEDF9B-C84E-47E2-8D12-723B0C00AADB}.Debug.ActiveCfg = Debug|Win32
		{86EEDF9B-C84E-47E2-8D12-723B0C00AADB}.Debug.Build.0 = Debug|Win32
		{86EEDF9B-C84E-47E2-8D12-723B0C00AADB}.Release.ActiveCfg = Release|Win32
		{86EEDF9B-C84E-47E2-8D12-723B0C00AADB}.Release.Build.0 = Release|Win32
	EndGlobalSection
	GlobalSection(ExtensibilityGlobals) = postSolution
	EndGlobalSection
	GlobalSection(ExtensibilityAddIns) = postSolution
	EndGlobalSection
EndGlobal
