Microsoft Visual Studio Solution File, Format Version 7.00
Project("{FAE04EC0-301F-11D3-BF4B-00C04F79EFBC}") = "Server", "Server.csproj", "{7B238433-0568-4966-9829-005782189F7F}"
EndProject
Global
	GlobalSection(SolutionConfiguration) = preSolution
		ConfigName.0 = Debug
		ConfigName.1 = Release
	EndGlobalSection
	GlobalSection(ProjectDependencies) = postSolution
	EndGlobalSection
	GlobalSection(ProjectConfiguration) = postSolution
		{7B238433-0568-4966-9829-005782189F7F}.Debug.ActiveCfg = Debug|.NET
		{7B238433-0568-4966-9829-005782189F7F}.Debug.Build.0 = Debug|.NET
		{7B238433-0568-4966-9829-005782189F7F}.Release.ActiveCfg = Release|.NET
		{7B238433-0568-4966-9829-005782189F7F}.Release.Build.0 = Release|.NET
	EndGlobalSection
	GlobalSection(ExtensibilityGlobals) = postSolution
	EndGlobalSection
	GlobalSection(ExtensibilityAddIns) = postSolution
	EndGlobalSection
EndGlobal
