Microsoft Visual Studio Solution File, Format Version 7.00
Project("{8BC9CEB8-8B4A-11D0-8D11-00A0C91BC942}") = "Fur", "Fur.vcproj", "{9F2D19C9-F6A5-407D-94EE-645E4F898FA3}"
EndProject
Global
	GlobalSection(DevPartner Solution Properties) = postSolution
	EndGlobalSection
	GlobalSection(SolutionConfiguration) = preSolution
		ConfigName.0 = Debug
		ConfigName.1 = Release
	EndGlobalSection
	GlobalSection(ProjectDependencies) = postSolution
	EndGlobalSection
	GlobalSection(ProjectConfiguration) = postSolution
		{9F2D19C9-F6A5-407D-94EE-645E4F898FA3}.Debug.ActiveCfg = Debug|Win32
		{9F2D19C9-F6A5-407D-94EE-645E4F898FA3}.Debug.Build.0 = Debug|Win32
		{9F2D19C9-F6A5-407D-94EE-645E4F898FA3}.Release.ActiveCfg = Release|Win32
		{9F2D19C9-F6A5-407D-94EE-645E4F898FA3}.Release.Build.0 = Release|Win32
	EndGlobalSection
	GlobalSection(ExtensibilityGlobals) = postSolution
	EndGlobalSection
	GlobalSection(ExtensibilityAddIns) = postSolution
	EndGlobalSection
EndGlobal
