Microsoft Visual Studio Solution File, Format Version 7.00
Project("{F184B08F-C81C-45F6-A57F-5ABD9991F28F}") = "Client", "Client\Client.vbproj", "{62BA38B5-B2DA-4061-8020-146882E81B4C}"
EndProject
Project("{F184B08F-C81C-45F6-A57F-5ABD9991F28F}") = "Server", "Server\Server.vbproj", "{EC852F94-D9B4-42BF-97E8-5B41EFE6084E}"
EndProject
Global
	GlobalSection(SolutionConfiguration) = preSolution
		ConfigName.0 = Debug
		ConfigName.1 = Release
	EndGlobalSection
	GlobalSection(ProjectDependencies) = postSolution
	EndGlobalSection
	GlobalSection(ProjectConfiguration) = postSolution
		{62BA38B5-B2DA-4061-8020-146882E81B4C}.Debug.ActiveCfg = Debug|.NET
		{62BA38B5-B2DA-4061-8020-146882E81B4C}.Debug.Build.0 = Debug|.NET
		{62BA38B5-B2DA-4061-8020-146882E81B4C}.Release.ActiveCfg = Release|.NET
		{62BA38B5-B2DA-4061-8020-146882E81B4C}.Release.Build.0 = Release|.NET
		{EC852F94-D9B4-42BF-97E8-5B41EFE6084E}.Debug.ActiveCfg = Debug|.NET
		{EC852F94-D9B4-42BF-97E8-5B41EFE6084E}.Debug.Build.0 = Debug|.NET
		{EC852F94-D9B4-42BF-97E8-5B41EFE6084E}.Release.ActiveCfg = Release|.NET
		{EC852F94-D9B4-42BF-97E8-5B41EFE6084E}.Release.Build.0 = Release|.NET
	EndGlobalSection
	GlobalSection(ExtensibilityGlobals) = postSolution
	EndGlobalSection
	GlobalSection(ExtensibilityAddIns) = postSolution
	EndGlobalSection
EndGlobal
