Microsoft Visual Studio Solution File, Format Version 7.00
Project("{F184B08F-C81C-45F6-A57F-5ABD9991F28F}") = "VoiceConnect", "VoiceConnect.vbproj", "{57612347-60F1-4C04-AEF3-6B4954AE4597}"
EndProject
Global
	GlobalSection(SolutionConfiguration) = preSolution
		ConfigName.0 = Debug
		ConfigName.1 = Release
	EndGlobalSection
	GlobalSection(ProjectDependencies) = postSolution
	EndGlobalSection
	GlobalSection(ProjectConfiguration) = postSolution
		{57612347-60F1-4C04-AEF3-6B4954AE4597}.Debug.ActiveCfg = Debug|.NET
		{57612347-60F1-4C04-AEF3-6B4954AE4597}.Debug.Build.0 = Debug|.NET
		{57612347-60F1-4C04-AEF3-6B4954AE4597}.Release.ActiveCfg = Release|.NET
		{57612347-60F1-4C04-AEF3-6B4954AE4597}.Release.Build.0 = Release|.NET
	EndGlobalSection
	GlobalSection(ExtensibilityGlobals) = postSolution
	EndGlobalSection
	GlobalSection(ExtensibilityAddIns) = postSolution
	EndGlobalSection
EndGlobal
