Microsoft Visual Studio Solution File, Format Version 7.00
Project("{F184B08F-C81C-45F6-A57F-5ABD9991F28F}") = "Play3DSound", "Play3DSound.vbproj", "{8117B90C-396A-4ED2-BDD3-051A610D16C9}"
EndProject
Global
	GlobalSection(SolutionConfiguration) = preSolution
		ConfigName.0 = Debug
		ConfigName.1 = Release
	EndGlobalSection
	GlobalSection(ProjectDependencies) = postSolution
	EndGlobalSection
	GlobalSection(ProjectConfiguration) = postSolution
		{8117B90C-396A-4ED2-BDD3-051A610D16C9}.Debug.ActiveCfg = Debug|.NET
		{8117B90C-396A-4ED2-BDD3-051A610D16C9}.Debug.Build.0 = Debug|.NET
		{8117B90C-396A-4ED2-BDD3-051A610D16C9}.Release.ActiveCfg = Release|.NET
		{8117B90C-396A-4ED2-BDD3-051A610D16C9}.Release.Build.0 = Release|.NET
	EndGlobalSection
	GlobalSection(ExtensibilityGlobals) = postSolution
	EndGlobalSection
	GlobalSection(ExtensibilityAddIns) = postSolution
	EndGlobalSection
EndGlobal
