Microsoft Visual Studio Solution File, Format Version 7.00
Project("{FAE04EC0-301F-11D3-BF4B-00C04F79EFBC}") = "ClipMirror", "ClipMirror.csproj", "{BE15E370-5A71-4D2F-9257-F80A98A57BC7}"
EndProject
Global
	GlobalSection(SolutionConfiguration) = preSolution
		ConfigName.0 = Debug
		ConfigName.1 = Release
	EndGlobalSection
	GlobalSection(ProjectDependencies) = postSolution
	EndGlobalSection
	GlobalSection(ProjectConfiguration) = postSolution
		{BE15E370-5A71-4D2F-9257-F80A98A57BC7}.Debug.ActiveCfg = Debug|.NET
		{BE15E370-5A71-4D2F-9257-F80A98A57BC7}.Debug.Build.0 = Debug|.NET
		{BE15E370-5A71-4D2F-9257-F80A98A57BC7}.Release.ActiveCfg = Release|.NET
		{BE15E370-5A71-4D2F-9257-F80A98A57BC7}.Release.Build.0 = Release|.NET
	EndGlobalSection
	GlobalSection(ExtensibilityGlobals) = postSolution
	EndGlobalSection
	GlobalSection(ExtensibilityAddIns) = postSolution
	EndGlobalSection
EndGlobal
