Microsoft Visual Studio Solution File, Format Version 7.00
Project("{8BC9CEB8-8B4A-11D0-8D11-00A0C91BC942}") = "BaseClasses", "..\BaseClasses\baseclasses.vcproj", "{E588BF61-85CE-4EF6-8F15-00387B98789F}"
EndProject
Project("{8BC9CEB8-8B4A-11D0-8D11-00A0C91BC942}") = "Blender9", "Blender\blender9.vcproj", "{BFDC2195-DE40-4C3C-9639-D31080630D11}"
EndProject
Project("{8BC9CEB8-8B4A-11D0-8D11-00A0C91BC942}") = "BmpMix9", "BitmapMix\BmpMix9.vcproj", "{5E573E4B-A5F4-4D4F-8EE5-77091FF75C2F}"
EndProject
Project("{8BC9CEB8-8B4A-11D0-8D11-00A0C91BC942}") = "GamePlayer", "MultiVMR9\GamePlayer\GamePlayer.vcproj", "{D32F7BB4-063F-4167-BA85-3C5FAA808EBE}"
EndProject
Project("{8BC9CEB8-8B4A-11D0-8D11-00A0C91BC942}") = "MonitorInfo9", "MonitorInfo\monitorinfo9.vcproj", "{563A129E-2F67-4978-9624-C800A5344227}"
EndProject
Project("{8BC9CEB8-8B4A-11D0-8D11-00A0C91BC942}") = "MultiPlayer", "MultiVMR9\MultiPlayer\MultiPlayer.vcproj", "{E9BDAC7B-7CB8-4A74-A6C5-99735AFDF856}"
EndProject
Project("{8BC9CEB8-8B4A-11D0-8D11-00A0C91BC942}") = "MultiVMR9", "MultiVMR9\DLL\MultiVMR9.vcproj", "{6E36A070-C536-4D8D-BCA7-D8D2DD92C412}"
EndProject
Project("{8BC9CEB8-8B4A-11D0-8D11-00A0C91BC942}") = "Text9", "Text\text9.vcproj", "{1231B9C2-6CA9-4D10-8C5D-70F9D55C31A7}"
EndProject
Project("{8BC9CEB8-8B4A-11D0-8D11-00A0C91BC942}") = "Ticker9", "Ticker\ticker9.vcproj", "{0D9253D8-407A-4F49-A796-1B02B082A6A9}"
EndProject
Project("{8BC9CEB8-8B4A-11D0-8D11-00A0C91BC942}") = "VMR9Allocator", "VMR9Allocator\vmr9allocator.vcproj", "{DB1FCB6B-E574-4196-AFA5-F4FE300D629C}"
EndProject
Project("{8BC9CEB8-8B4A-11D0-8D11-00A0C91BC942}") = "VMRPip9", "Pip\vmrpip9.vcproj", "{A53FA110-740F-400B-8E21-42A508586DC5}"
EndProject
Project("{8BC9CEB8-8B4A-11D0-8D11-00A0C91BC942}") = "VMRPlayer9", "VMRPlayer\vmrplayer9.vcproj", "{571488F6-2877-4985-8415-8FEE2DEC24E8}"
EndProject
Project("{8BC9CEB8-8B4A-11D0-8D11-00A0C91BC942}") = "Watermark9", "Watermark\watermark9.vcproj", "{5EE69318-2D73-4236-B518-CFB5B03FC889}"
EndProject
Project("{8BC9CEB8-8B4A-11D0-8D11-00A0C91BC942}") = "Windowless9", "Windowless\windowless9.vcproj", "{FF0115C6-8033-49BC-A00F-79A51701A845}"
EndProject
Global
	GlobalSection(SolutionConfiguration) = preSolution
		ConfigName.0 = Debug
		ConfigName.1 = Debug Unicode
		ConfigName.2 = Release
		ConfigName.3 = Release Unicode
	EndGlobalSection
	GlobalSection(ProjectDependencies) = postSolution
		{D32F7BB4-063F-4167-BA85-3C5FAA808EBE}.0 = {6E36A070-C536-4D8D-BCA7-D8D2DD92C412}
		{E9BDAC7B-7CB8-4A74-A6C5-99735AFDF856}.0 = {6E36A070-C536-4D8D-BCA7-D8D2DD92C412}
		{571488F6-2877-4985-8415-8FEE2DEC24E8}.0 = {E588BF61-85CE-4EF6-8F15-00387B98789F}
	EndGlobalSection
	GlobalSection(ProjectConfiguration) = postSolution
		{E588BF61-85CE-4EF6-8F15-00387B98789F}.Debug.ActiveCfg = Debug|Win32
		{E588BF61-85CE-4EF6-8F15-00387B98789F}.Debug.Build.0 = Debug|Win32
		{E588BF61-85CE-4EF6-8F15-00387B98789F}.Debug Unicode.ActiveCfg = Debug Unicode|Win32
		{E588BF61-85CE-4EF6-8F15-00387B98789F}.Debug Unicode.Build.0 = Debug Unicode|Win32
		{E588BF61-85CE-4EF6-8F15-00387B98789F}.Release.ActiveCfg = Release|Win32
		{E588BF61-85CE-4EF6-8F15-00387B98789F}.Release.Build.0 = Release|Win32
		{E588BF61-85CE-4EF6-8F15-00387B98789F}.Release Unicode.ActiveCfg = Release Unicode|Win32
		{E588BF61-85CE-4EF6-8F15-00387B98789F}.Release Unicode.Build.0 = Release Unicode|Win32
		{BFDC2195-DE40-4C3C-9639-D31080630D11}.Debug.ActiveCfg = Debug|Win32
		{BFDC2195-DE40-4C3C-9639-D31080630D11}.Debug.Build.0 = Debug|Win32
		{BFDC2195-DE40-4C3C-9639-D31080630D11}.Debug Unicode.ActiveCfg = Debug Unicode|Win32
		{BFDC2195-DE40-4C3C-9639-D31080630D11}.Debug Unicode.Build.0 = Debug Unicode|Win32
		{BFDC2195-DE40-4C3C-9639-D31080630D11}.Release.ActiveCfg = Release|Win32
		{BFDC2195-DE40-4C3C-9639-D31080630D11}.Release.Build.0 = Release|Win32
		{BFDC2195-DE40-4C3C-9639-D31080630D11}.Release Unicode.ActiveCfg = Release Unicode|Win32
		{BFDC2195-DE40-4C3C-9639-D31080630D11}.Release Unicode.Build.0 = Release Unicode|Win32
		{5E573E4B-A5F4-4D4F-8EE5-77091FF75C2F}.Debug.ActiveCfg = Debug|Win32
		{5E573E4B-A5F4-4D4F-8EE5-77091FF75C2F}.Debug.Build.0 = Debug|Win32
		{5E573E4B-A5F4-4D4F-8EE5-77091FF75C2F}.Debug Unicode.ActiveCfg = Debug Unicode|Win32
		{5E573E4B-A5F4-4D4F-8EE5-77091FF75C2F}.Debug Unicode.Build.0 = Debug Unicode|Win32
		{5E573E4B-A5F4-4D4F-8EE5-77091FF75C2F}.Release.ActiveCfg = Release|Win32
		{5E573E4B-A5F4-4D4F-8EE5-77091FF75C2F}.Release.Build.0 = Release|Win32
		{5E573E4B-A5F4-4D4F-8EE5-77091FF75C2F}.Release Unicode.ActiveCfg = Release Unicode|Win32
		{5E573E4B-A5F4-4D4F-8EE5-77091FF75C2F}.Release Unicode.Build.0 = Release Unicode|Win32
		{D32F7BB4-063F-4167-BA85-3C5FAA808EBE}.Debug.ActiveCfg = Debug|Win32
		{D32F7BB4-063F-4167-BA85-3C5FAA808EBE}.Debug.Build.0 = Debug|Win32
		{D32F7BB4-063F-4167-BA85-3C5FAA808EBE}.Debug Unicode.ActiveCfg = Debug|Win32
		{D32F7BB4-063F-4167-BA85-3C5FAA808EBE}.Debug Unicode.Build.0 = Debug|Win32
		{D32F7BB4-063F-4167-BA85-3C5FAA808EBE}.Release.ActiveCfg = Release|Win32
		{D32F7BB4-063F-4167-BA85-3C5FAA808EBE}.Release.Build.0 = Release|Win32
		{D32F7BB4-063F-4167-BA85-3C5FAA808EBE}.Release Unicode.ActiveCfg = Release|Win32
		{D32F7BB4-063F-4167-BA85-3C5FAA808EBE}.Release Unicode.Build.0 = Release|Win32
		{563A129E-2F67-4978-9624-C800A5344227}.Debug.ActiveCfg = Debug|Win32
		{563A129E-2F67-4978-9624-C800A5344227}.Debug.Build.0 = Debug|Win32
		{563A129E-2F67-4978-9624-C800A5344227}.Debug Unicode.ActiveCfg = Debug Unicode|Win32
		{563A129E-2F67-4978-9624-C800A5344227}.Debug Unicode.Build.0 = Debug Unicode|Win32
		{563A129E-2F67-4978-9624-C800A5344227}.Release.ActiveCfg = Release|Win32
		{563A129E-2F67-4978-9624-C800A5344227}.Release.Build.0 = Release|Win32
		{563A129E-2F67-4978-9624-C800A5344227}.Release Unicode.ActiveCfg = Release Unicode|Win32
		{563A129E-2F67-4978-9624-C800A5344227}.Release Unicode.Build.0 = Release Unicode|Win32
		{E9BDAC7B-7CB8-4A74-A6C5-99735AFDF856}.Debug.ActiveCfg = Debug|Win32
		{E9BDAC7B-7CB8-4A74-A6C5-99735AFDF856}.Debug.Build.0 = Debug|Win32
		{E9BDAC7B-7CB8-4A74-A6C5-99735AFDF856}.Debug Unicode.ActiveCfg = Debug|Win32
		{E9BDAC7B-7CB8-4A74-A6C5-99735AFDF856}.Debug Unicode.Build.0 = Debug|Win32
		{E9BDAC7B-7CB8-4A74-A6C5-99735AFDF856}.Release.ActiveCfg = Release|Win32
		{E9BDAC7B-7CB8-4A74-A6C5-99735AFDF856}.Release.Build.0 = Release|Win32
		{E9BDAC7B-7CB8-4A74-A6C5-99735AFDF856}.Release Unicode.ActiveCfg = Release|Win32
		{E9BDAC7B-7CB8-4A74-A6C5-99735AFDF856}.Release Unicode.Build.0 = Release|Win32
		{6E36A070-C536-4D8D-BCA7-D8D2DD92C412}.Debug.ActiveCfg = Debug|Win32
		{6E36A070-C536-4D8D-BCA7-D8D2DD92C412}.Debug.Build.0 = Debug|Win32
		{6E36A070-C536-4D8D-BCA7-D8D2DD92C412}.Debug Unicode.ActiveCfg = Debug|Win32
		{6E36A070-C536-4D8D-BCA7-D8D2DD92C412}.Debug Unicode.Build.0 = Debug|Win32
		{6E36A070-C536-4D8D-BCA7-D8D2DD92C412}.Release.ActiveCfg = Release|Win32
		{6E36A070-C536-4D8D-BCA7-D8D2DD92C412}.Release.Build.0 = Release|Win32
		{6E36A070-C536-4D8D-BCA7-D8D2DD92C412}.Release Unicode.ActiveCfg = Release|Win32
		{6E36A070-C536-4D8D-BCA7-D8D2DD92C412}.Release Unicode.Build.0 = Release|Win32
		{1231B9C2-6CA9-4D10-8C5D-70F9D55C31A7}.Debug.ActiveCfg = Debug|Win32
		{1231B9C2-6CA9-4D10-8C5D-70F9D55C31A7}.Debug.Build.0 = Debug|Win32
		{1231B9C2-6CA9-4D10-8C5D-70F9D55C31A7}.Debug Unicode.ActiveCfg = Debug Unicode|Win32
		{1231B9C2-6CA9-4D10-8C5D-70F9D55C31A7}.Debug Unicode.Build.0 = Debug Unicode|Win32
		{1231B9C2-6CA9-4D10-8C5D-70F9D55C31A7}.Release.ActiveCfg = Release|Win32
		{1231B9C2-6CA9-4D10-8C5D-70F9D55C31A7}.Release.Build.0 = Release|Win32
		{1231B9C2-6CA9-4D10-8C5D-70F9D55C31A7}.Release Unicode.ActiveCfg = Release Unicode|Win32
		{1231B9C2-6CA9-4D10-8C5D-70F9D55C31A7}.Release Unicode.Build.0 = Release Unicode|Win32
		{0D9253D8-407A-4F49-A796-1B02B082A6A9}.Debug.ActiveCfg = Debug|Win32
		{0D9253D8-407A-4F49-A796-1B02B082A6A9}.Debug.Build.0 = Debug|Win32
		{0D9253D8-407A-4F49-A796-1B02B082A6A9}.Debug Unicode.ActiveCfg = Debug Unicode|Win32
		{0D9253D8-407A-4F49-A796-1B02B082A6A9}.Debug Unicode.Build.0 = Debug Unicode|Win32
		{0D9253D8-407A-4F49-A796-1B02B082A6A9}.Release.ActiveCfg = Release|Win32
		{0D9253D8-407A-4F49-A796-1B02B082A6A9}.Release.Build.0 = Release|Win32
		{0D9253D8-407A-4F49-A796-1B02B082A6A9}.Release Unicode.ActiveCfg = Release Unicode|Win32
		{0D9253D8-407A-4F49-A796-1B02B082A6A9}.Release Unicode.Build.0 = Release Unicode|Win32
		{DB1FCB6B-E574-4196-AFA5-F4FE300D629C}.Debug.ActiveCfg = Debug|Win32
		{DB1FCB6B-E574-4196-AFA5-F4FE300D629C}.Debug.Build.0 = Debug|Win32
		{DB1FCB6B-E574-4196-AFA5-F4FE300D629C}.Debug Unicode.ActiveCfg = Debug Unicode|Win32
		{DB1FCB6B-E574-4196-AFA5-F4FE300D629C}.Debug Unicode.Build.0 = Debug Unicode|Win32
		{DB1FCB6B-E574-4196-AFA5-F4FE300D629C}.Release.ActiveCfg = Release|Win32
		{DB1FCB6B-E574-4196-AFA5-F4FE300D629C}.Release.Build.0 = Release|Win32
		{DB1FCB6B-E574-4196-AFA5-F4FE300D629C}.Release Unicode.ActiveCfg = Release Unicode|Win32
		{DB1FCB6B-E574-4196-AFA5-F4FE300D629C}.Release Unicode.Build.0 = Release Unicode|Win32
		{A53FA110-740F-400B-8E21-42A508586DC5}.Debug.ActiveCfg = Debug|Win32
		{A53FA110-740F-400B-8E21-42A508586DC5}.Debug.Build.0 = Debug|Win32
		{A53FA110-740F-400B-8E21-42A508586DC5}.Debug Unicode.ActiveCfg = Debug Unicode|Win32
		{A53FA110-740F-400B-8E21-42A508586DC5}.Debug Unicode.Build.0 = Debug Unicode|Win32
		{A53FA110-740F-400B-8E21-42A508586DC5}.Release.ActiveCfg = Release|Win32
		{A53FA110-740F-400B-8E21-42A508586DC5}.Release.Build.0 = Release|Win32
		{A53FA110-740F-400B-8E21-42A508586DC5}.Release Unicode.ActiveCfg = Release Unicode|Win32
		{A53FA110-740F-400B-8E21-42A508586DC5}.Release Unicode.Build.0 = Release Unicode|Win32
		{571488F6-2877-4985-8415-8FEE2DEC24E8}.Debug.ActiveCfg = Debug|Win32
		{571488F6-2877-4985-8415-8FEE2DEC24E8}.Debug.Build.0 = Debug|Win32
		{571488F6-2877-4985-8415-8FEE2DEC24E8}.Debug Unicode.ActiveCfg = Debug Unicode|Win32
		{571488F6-2877-4985-8415-8FEE2DEC24E8}.Debug Unicode.Build.0 = Debug Unicode|Win32
		{571488F6-2877-4985-8415-8FEE2DEC24E8}.Release.ActiveCfg = Release|Win32
		{571488F6-2877-4985-8415-8FEE2DEC24E8}.Release.Build.0 = Release|Win32
		{571488F6-2877-4985-8415-8FEE2DEC24E8}.Release Unicode.ActiveCfg = Release Unicode|Win32
		{571488F6-2877-4985-8415-8FEE2DEC24E8}.Release Unicode.Build.0 = Release Unicode|Win32
		{5EE69318-2D73-4236-B518-CFB5B03FC889}.Debug.ActiveCfg = Debug|Win32
		{5EE69318-2D73-4236-B518-CFB5B03FC889}.Debug.Build.0 = Debug|Win32
		{5EE69318-2D73-4236-B518-CFB5B03FC889}.Debug Unicode.ActiveCfg = Debug Unicode|Win32
		{5EE69318-2D73-4236-B518-CFB5B03FC889}.Debug Unicode.Build.0 = Debug Unicode|Win32
		{5EE69318-2D73-4236-B518-CFB5B03FC889}.Release.ActiveCfg = Release|Win32
		{5EE69318-2D73-4236-B518-CFB5B03FC889}.Release.Build.0 = Release|Win32
		{5EE69318-2D73-4236-B518-CFB5B03FC889}.Release Unicode.ActiveCfg = Release Unicode|Win32
		{5EE69318-2D73-4236-B518-CFB5B03FC889}.Release Unicode.Build.0 = Release Unicode|Win32
		{FF0115C6-8033-49BC-A00F-79A51701A845}.Debug.ActiveCfg = Debug|Win32
		{FF0115C6-8033-49BC-A00F-79A51701A845}.Debug.Build.0 = Debug|Win32
		{FF0115C6-8033-49BC-A00F-79A51701A845}.Debug Unicode.ActiveCfg = Debug Unicode|Win32
		{FF0115C6-8033-49BC-A00F-79A51701A845}.Debug Unicode.Build.0 = Debug Unicode|Win32
		{FF0115C6-8033-49BC-A00F-79A51701A845}.Release.ActiveCfg = Release|Win32
		{FF0115C6-8033-49BC-A00F-79A51701A845}.Release.Build.0 = Release|Win32
		{FF0115C6-8033-49BC-A00F-79A51701A845}.Release Unicode.ActiveCfg = Release Unicode|Win32
		{FF0115C6-8033-49BC-A00F-79A51701A845}.Release Unicode.Build.0 = Release Unicode|Win32
	EndGlobalSection
	GlobalSection(ExtensibilityGlobals) = postSolution
	EndGlobalSection
	GlobalSection(ExtensibilityAddIns) = postSolution
	EndGlobalSection
EndGlobal
