Microsoft Visual Studio Solution File, Format Version 7.00
Project("{F184B08F-C81C-45F6-A57F-5ABD9991F28F}") = "Feedback", "Feedback.vbproj", "{E91309B3-89B7-4091-A44D-594A4EA11BFB}"
EndProject
Global
	GlobalSection(SolutionConfiguration) = preSolution
		ConfigName.0 = Debug
		ConfigName.1 = Release
	EndGlobalSection
	GlobalSection(ProjectDependencies) = postSolution
	EndGlobalSection
	GlobalSection(ProjectConfiguration) = postSolution
		{E91309B3-89B7-4091-A44D-594A4EA11BFB}.Debug.ActiveCfg = Debug|.NET
		{E91309B3-89B7-4091-A44D-594A4EA11BFB}.Debug.Build.0 = Debug|.NET
		{E91309B3-89B7-4091-A44D-594A4EA11BFB}.Release.ActiveCfg = Release|.NET
		{E91309B3-89B7-4091-A44D-594A4EA11BFB}.Release.Build.0 = Release|.NET
	EndGlobalSection
	GlobalSection(ExtensibilityGlobals) = postSolution
	EndGlobalSection
	GlobalSection(ExtensibilityAddIns) = postSolution
	EndGlobalSection
EndGlobal
