Microsoft Visual Studio Solution File, Format Version 7.00
Project("{FAE04EC0-301F-11D3-BF4B-00C04F79EFBC}") = "ChatPeer", "ChatPeer.csproj", "{B259C34C-7093-4ADA-95C3-42C62159DC5A}"
EndProject
Global
	GlobalSection(SolutionConfiguration) = preSolution
		ConfigName.0 = Debug
		ConfigName.1 = Release
	EndGlobalSection
	GlobalSection(ProjectDependencies) = postSolution
	EndGlobalSection
	GlobalSection(ProjectConfiguration) = postSolution
		{B259C34C-7093-4ADA-95C3-42C62159DC5A}.Debug.ActiveCfg = Debug|.NET
		{B259C34C-7093-4ADA-95C3-42C62159DC5A}.Debug.Build.0 = Debug|.NET
		{B259C34C-7093-4ADA-95C3-42C62159DC5A}.Release.ActiveCfg = Release|.NET
		{B259C34C-7093-4ADA-95C3-42C62159DC5A}.Release.Build.0 = Release|.NET
	EndGlobalSection
	GlobalSection(ExtensibilityGlobals) = postSolution
	EndGlobalSection
	GlobalSection(ExtensibilityAddIns) = postSolution
	EndGlobalSection
EndGlobal
