Microsoft Visual Studio Solution File, Format Version 7.00
Project("{F184B08F-C81C-45F6-A57F-5ABD9991F28F}") = "SoundFx", "SoundFx.vbproj", "{178426A2-1B12-4E8D-B89D-C8495A6F590B}"
EndProject
Global
	GlobalSection(SolutionConfiguration) = preSolution
		ConfigName.0 = Debug
		ConfigName.1 = Release
	EndGlobalSection
	GlobalSection(ProjectDependencies) = postSolution
	EndGlobalSection
	GlobalSection(ProjectConfiguration) = postSolution
		{178426A2-1B12-4E8D-B89D-C8495A6F590B}.Debug.ActiveCfg = Debug|.NET
		{178426A2-1B12-4E8D-B89D-C8495A6F590B}.Debug.Build.0 = Debug|.NET
		{178426A2-1B12-4E8D-B89D-C8495A6F590B}.Release.ActiveCfg = Release|.NET
		{178426A2-1B12-4E8D-B89D-C8495A6F590B}.Release.Build.0 = Release|.NET
	EndGlobalSection
	GlobalSection(ExtensibilityGlobals) = postSolution
	EndGlobalSection
	GlobalSection(ExtensibilityAddIns) = postSolution
	EndGlobalSection
EndGlobal
