Microsoft Visual Studio Solution File, Format Version 7.00
Project("{F184B08F-C81C-45F6-A57F-5ABD9991F28F}") = "CaptureSound", "CaptureSound.vbproj", "{D1A14DD3-CF65-45FE-8FA2-3718BEA4AD3E}"
EndProject
Global
	GlobalSection(SolutionConfiguration) = preSolution
		ConfigName.0 = Debug
		ConfigName.1 = Release
	EndGlobalSection
	GlobalSection(ProjectDependencies) = postSolution
	EndGlobalSection
	GlobalSection(ProjectConfiguration) = postSolution
		{D1A14DD3-CF65-45FE-8FA2-3718BEA4AD3E}.Debug.ActiveCfg = Debug|.NET
		{D1A14DD3-CF65-45FE-8FA2-3718BEA4AD3E}.Debug.Build.0 = Debug|.NET
		{D1A14DD3-CF65-45FE-8FA2-3718BEA4AD3E}.Release.ActiveCfg = Release|.NET
		{D1A14DD3-CF65-45FE-8FA2-3718BEA4AD3E}.Release.Build.0 = Release|.NET
	EndGlobalSection
	GlobalSection(ExtensibilityGlobals) = postSolution
	EndGlobalSection
	GlobalSection(ExtensibilityAddIns) = postSolution
	EndGlobalSection
EndGlobal
