Microsoft Visual Studio Solution File, Format Version 7.00
Project("{F184B08F-C81C-45F6-A57F-5ABD9991F28F}") = "ReadFFE", "ReadFFE.vbproj", "{34A79D84-A8E3-4D84-9B60-C43EA1FB1F27}"
EndProject
Global
	GlobalSection(DevPartner Solution Properties) = postSolution
	EndGlobalSection
	GlobalSection(SolutionConfiguration) = preSolution
		ConfigName.0 = Debug
		ConfigName.1 = Release
	EndGlobalSection
	GlobalSection(ProjectDependencies) = postSolution
	EndGlobalSection
	GlobalSection(ProjectConfiguration) = postSolution
		{34A79D84-A8E3-4D84-9B60-C43EA1FB1F27}.Debug.ActiveCfg = Debug|.NET
		{34A79D84-A8E3-4D84-9B60-C43EA1FB1F27}.Debug.Build.0 = Debug|.NET
		{34A79D84-A8E3-4D84-9B60-C43EA1FB1F27}.Release.ActiveCfg = Release|.NET
		{34A79D84-A8E3-4D84-9B60-C43EA1FB1F27}.Release.Build.0 = Release|.NET
	EndGlobalSection
	GlobalSection(ExtensibilityGlobals) = postSolution
	EndGlobalSection
	GlobalSection(ExtensibilityAddIns) = postSolution
	EndGlobalSection
EndGlobal
