Microsoft Visual Studio Solution File, Format Version 7.00
Project("{F184B08F-C81C-45F6-A57F-5ABD9991F28F}") = "Tut07_LobbyLaunch", "Tut07_LobbyLaunch.vbproj", "{08B6B59A-14DA-4811-AE59-CC6DB42DDB3D}"
EndProject
Global
	GlobalSection(SolutionConfiguration) = preSolution
		ConfigName.0 = Debug
		ConfigName.1 = Release
	EndGlobalSection
	GlobalSection(ProjectDependencies) = postSolution
	EndGlobalSection
	GlobalSection(ProjectConfiguration) = postSolution
		{08B6B59A-14DA-4811-AE59-CC6DB42DDB3D}.Debug.ActiveCfg = Debug|.NET
		{08B6B59A-14DA-4811-AE59-CC6DB42DDB3D}.Debug.Build.0 = Debug|.NET
		{08B6B59A-14DA-4811-AE59-CC6DB42DDB3D}.Release.ActiveCfg = Release|.NET
		{08B6B59A-14DA-4811-AE59-CC6DB42DDB3D}.Release.Build.0 = Release|.NET
	EndGlobalSection
	GlobalSection(ExtensibilityGlobals) = postSolution
	EndGlobalSection
	GlobalSection(ExtensibilityAddIns) = postSolution
	EndGlobalSection
EndGlobal
