Microsoft Visual Studio Solution File, Format Version 7.00
Project("{FAE04EC0-301F-11D3-BF4B-00C04F79EFBC}") = "Texture", "Texture.csproj", "{733C84E7-58F2-4E09-AC82-58AFD7E7BDD3}"
EndProject
Global
	GlobalSection(SolutionConfiguration) = preSolution
		ConfigName.0 = Debug
		ConfigName.1 = Release
	EndGlobalSection
	GlobalSection(ProjectDependencies) = postSolution
	EndGlobalSection
	GlobalSection(ProjectConfiguration) = postSolution
		{733C84E7-58F2-4E09-AC82-58AFD7E7BDD3}.Debug.ActiveCfg = Debug|.NET
		{733C84E7-58F2-4E09-AC82-58AFD7E7BDD3}.Debug.Build.0 = Debug|.NET
		{733C84E7-58F2-4E09-AC82-58AFD7E7BDD3}.Release.ActiveCfg = Release|.NET
		{733C84E7-58F2-4E09-AC82-58AFD7E7BDD3}.Release.Build.0 = Release|.NET
	EndGlobalSection
	GlobalSection(ExtensibilityGlobals) = postSolution
	EndGlobalSection
	GlobalSection(ExtensibilityAddIns) = postSolution
	EndGlobalSection
EndGlobal
