Microsoft Visual Studio Solution File, Format Version 7.00
Project("{8BC9CEB8-8B4A-11D0-8D11-00A0C91BC942}") = "AudioPath", "audiopath.vcproj", "{B53E652A-0918-4009-8E0C-4B7487931604}"
EndProject
Global
	GlobalSection(SolutionConfiguration) = preSolution
		ConfigName.0 = Debug
		ConfigName.1 = Release
	EndGlobalSection
	GlobalSection(ProjectDependencies) = postSolution
	EndGlobalSection
	GlobalSection(ProjectConfiguration) = postSolution
		{B53E652A-0918-4009-8E0C-4B7487931604}.Debug.ActiveCfg = Debug|Win32
		{B53E652A-0918-4009-8E0C-4B7487931604}.Debug.Build.0 = Debug|Win32
		{B53E652A-0918-4009-8E0C-4B7487931604}.Release.ActiveCfg = Release|Win32
		{B53E652A-0918-4009-8E0C-4B7487931604}.Release.Build.0 = Release|Win32
	EndGlobalSection
	GlobalSection(ExtensibilityGlobals) = postSolution
	EndGlobalSection
	GlobalSection(ExtensibilityAddIns) = postSolution
	EndGlobalSection
EndGlobal
