Microsoft Visual Studio Solution File, Format Version 7.00
Project("{F184B08F-C81C-45F6-A57F-5ABD9991F28F}") = "Tutorial2", "Tutorial2\Tutorial2.vbproj", "{1D274CE4-EF67-4408-A28B-429BBA52132A}"
EndProject
Project("{F184B08F-C81C-45F6-A57F-5ABD9991F28F}") = "Tutorial3", "Tutorial3\Tutorial3.vbproj", "{1D274CE4-EF67-4408-A28B-429BBA52132A}"
EndProject
Project("{F184B08F-C81C-45F6-A57F-5ABD9991F28F}") = "Tutorial4", "Tutorial4\Tutorial4.vbproj", "{1D274CE4-EF67-4408-A28B-429BBA52132A}"
EndProject
Project("{F184B08F-C81C-45F6-A57F-5ABD9991F28F}") = "Tutorial5", "Tutorial5\Tutorial5.vbproj", "{1D274CE4-EF67-4408-A28B-429BBA52132A}"
EndProject
Project("{F184B08F-C81C-45F6-A57F-5ABD9991F28F}") = "Tutorial6", "Tutorial6\Tutorial6.vbproj", "{1D274CE4-EF67-4408-A28B-429BBA52132A}"
EndProject
Project("{F184B08F-C81C-45F6-A57F-5ABD9991F28F}") = "Tutorial1", "Tutorial1\Tutorial1.vbproj", "{1D274CE4-EF67-4408-A28B-429BBA52132A}"
EndProject
Global
	GlobalSection(DevPartner Solution Properties) = postSolution
	EndGlobalSection
	GlobalSection(SolutionNotes) = postSolution
	EndGlobalSection
	GlobalSection(SolutionConfiguration) = preSolution
		ConfigName.0 = Debug
		ConfigName.1 = Release
	EndGlobalSection
	GlobalSection(ProjectDependencies) = postSolution
	EndGlobalSection
	GlobalSection(ProjectConfiguration) = postSolution
		{1D274CE4-EF67-4408-A28B-429BBA52132A}.Debug.ActiveCfg = Debug|.NET
		{1D274CE4-EF67-4408-A28B-429BBA52132A}.Debug.Build.0 = Debug|.NET
		{1D274CE4-EF67-4408-A28B-429BBA52132A}.Release.ActiveCfg = Release|.NET
		{1D274CE4-EF67-4408-A28B-429BBA52132A}.Release.Build.0 = Release|.NET
		{1D274CE4-EF67-4408-A28B-429BBA52132A}.Debug.ActiveCfg = Debug|.NET
		{1D274CE4-EF67-4408-A28B-429BBA52132A}.Debug.Build.0 = Debug|.NET
		{1D274CE4-EF67-4408-A28B-429BBA52132A}.Release.ActiveCfg = Release|.NET
		{1D274CE4-EF67-4408-A28B-429BBA52132A}.Release.Build.0 = Release|.NET
		{1D274CE4-EF67-4408-A28B-429BBA52132A}.Debug.ActiveCfg = Debug|.NET
		{1D274CE4-EF67-4408-A28B-429BBA52132A}.Debug.Build.0 = Debug|.NET
		{1D274CE4-EF67-4408-A28B-429BBA52132A}.Release.ActiveCfg = Release|.NET
		{1D274CE4-EF67-4408-A28B-429BBA52132A}.Release.Build.0 = Release|.NET
		{1D274CE4-EF67-4408-A28B-429BBA52132A}.Debug.ActiveCfg = Debug|.NET
		{1D274CE4-EF67-4408-A28B-429BBA52132A}.Debug.Build.0 = Debug|.NET
		{1D274CE4-EF67-4408-A28B-429BBA52132A}.Release.ActiveCfg = Release|.NET
		{1D274CE4-EF67-4408-A28B-429BBA52132A}.Release.Build.0 = Release|.NET
		{1D274CE4-EF67-4408-A28B-429BBA52132A}.Debug.ActiveCfg = Debug|.NET
		{1D274CE4-EF67-4408-A28B-429BBA52132A}.Debug.Build.0 = Debug|.NET
		{1D274CE4-EF67-4408-A28B-429BBA52132A}.Release.ActiveCfg = Release|.NET
		{1D274CE4-EF67-4408-A28B-429BBA52132A}.Release.Build.0 = Release|.NET
		{1D274CE4-EF67-4408-A28B-429BBA52132A}.Debug.ActiveCfg = Debug|.NET
		{1D274CE4-EF67-4408-A28B-429BBA52132A}.Debug.Build.0 = Debug|.NET
		{1D274CE4-EF67-4408-A28B-429BBA52132A}.Release.ActiveCfg = Release|.NET
		{1D274CE4-EF67-4408-A28B-429BBA52132A}.Release.Build.0 = Release|.NET
	EndGlobalSection
	GlobalSection(ExtensibilityGlobals) = postSolution
	EndGlobalSection
	GlobalSection(ExtensibilityAddIns) = postSolution
	EndGlobalSection
EndGlobal
