Microsoft Visual Studio Solution File, Format Version 7.00
Project("{8BC9CEB8-8B4A-11D0-8D11-00A0C91BC942}") = "3DAudio", "3daudio\3DAudio.vcproj", "{2AED8F83-D30A-4282-909F-E3448CF9B0BB}"
EndProject
Project("{8BC9CEB8-8B4A-11D0-8D11-00A0C91BC942}") = "audiofx", "audiofx\audiofx.vcproj", "{EB4C806F-5E62-4A8E-9DED-5238706430D7}"
EndProject
Project("{8BC9CEB8-8B4A-11D0-8D11-00A0C91BC942}") = "AudioPath", "audiopath\audiopath.vcproj", "{B53E652A-0918-4009-8E0C-4B7487931604}"
EndProject
Project("{8BC9CEB8-8B4A-11D0-8D11-00A0C91BC942}") = "AudioScripts", "audioscripts\AudioScripts.vcproj", "{1097254C-A309-4355-BEDE-5539A9112F44}"
EndProject
Project("{8BC9CEB8-8B4A-11D0-8D11-00A0C91BC942}") = "MusicTool", "musictool\MusicTool.vcproj", "{BAAEB8BF-40DA-4D76-9F35-2D53ADF9AB38}"
EndProject
Project("{8BC9CEB8-8B4A-11D0-8D11-00A0C91BC942}") = "PlayAudio", "playaudio\PlayAudio.vcproj", "{797977AB-A294-4DA6-BCC9-F2BF63993463}"
EndProject
Project("{8BC9CEB8-8B4A-11D0-8D11-00A0C91BC942}") = "PlayMotif", "PlayMotif\PlayMotif.vcproj", "{36F1B75A-40AD-4242-8375-575D07F9F345}"
EndProject
Project("{8BC9CEB8-8B4A-11D0-8D11-00A0C91BC942}") = "tutorial1", "tutorials\tutorial1\tutorial1.vcproj", "{A40E14CB-F031-4CF5-8A60-8D4F58CADB63}"
EndProject
Project("{8BC9CEB8-8B4A-11D0-8D11-00A0C91BC942}") = "tutorial2", "tutorials\tutorial2\tutorial2.vcproj", "{EE65C98A-38D7-43B4-81DE-63715B5353F0}"
EndProject
Project("{8BC9CEB8-8B4A-11D0-8D11-00A0C91BC942}") = "CrossFade", "crossfade\CrossFade.vcproj", "{F37DE0B8-437D-4EF9-96AA-EA8C2F4BE7B4}"
EndProject
Project("{8BC9CEB8-8B4A-11D0-8D11-00A0C91BC942}") = "PlayMulti", "PlayMulti\PlayMulti.vcproj", "{F37DE0B8-437D-4EF9-96AA-EA8C2F4BE7B4}"
EndProject
Global
	GlobalSection(SolutionConfiguration) = preSolution
		ConfigName.0 = Debug
		ConfigName.1 = Release
	EndGlobalSection
	GlobalSection(ProjectDependencies) = postSolution
	EndGlobalSection
	GlobalSection(ProjectConfiguration) = postSolution
		{2AED8F83-D30A-4282-909F-E3448CF9B0BB}.Debug.ActiveCfg = Debug|Win32
		{2AED8F83-D30A-4282-909F-E3448CF9B0BB}.Debug.Build.0 = Debug|Win32
		{2AED8F83-D30A-4282-909F-E3448CF9B0BB}.Release.ActiveCfg = Release|Win32
		{2AED8F83-D30A-4282-909F-E3448CF9B0BB}.Release.Build.0 = Release|Win32
		{EB4C806F-5E62-4A8E-9DED-5238706430D7}.Debug.ActiveCfg = Debug|Win32
		{EB4C806F-5E62-4A8E-9DED-5238706430D7}.Debug.Build.0 = Debug|Win32
		{EB4C806F-5E62-4A8E-9DED-5238706430D7}.Release.ActiveCfg = Release|Win32
		{EB4C806F-5E62-4A8E-9DED-5238706430D7}.Release.Build.0 = Release|Win32
		{B53E652A-0918-4009-8E0C-4B7487931604}.Debug.ActiveCfg = Debug|Win32
		{B53E652A-0918-4009-8E0C-4B7487931604}.Debug.Build.0 = Debug|Win32
		{B53E652A-0918-4009-8E0C-4B7487931604}.Release.ActiveCfg = Release|Win32
		{B53E652A-0918-4009-8E0C-4B7487931604}.Release.Build.0 = Release|Win32
		{1097254C-A309-4355-BEDE-5539A9112F44}.Debug.ActiveCfg = Debug|Win32
		{1097254C-A309-4355-BEDE-5539A9112F44}.Debug.Build.0 = Debug|Win32
		{1097254C-A309-4355-BEDE-5539A9112F44}.Release.ActiveCfg = Release|Win32
		{1097254C-A309-4355-BEDE-5539A9112F44}.Release.Build.0 = Release|Win32
		{BAAEB8BF-40DA-4D76-9F35-2D53ADF9AB38}.Debug.ActiveCfg = Debug|Win32
		{BAAEB8BF-40DA-4D76-9F35-2D53ADF9AB38}.Debug.Build.0 = Debug|Win32
		{BAAEB8BF-40DA-4D76-9F35-2D53ADF9AB38}.Release.ActiveCfg = Release|Win32
		{BAAEB8BF-40DA-4D76-9F35-2D53ADF9AB38}.Release.Build.0 = Release|Win32
		{797977AB-A294-4DA6-BCC9-F2BF63993463}.Debug.ActiveCfg = Debug|Win32
		{797977AB-A294-4DA6-BCC9-F2BF63993463}.Debug.Build.0 = Debug|Win32
		{797977AB-A294-4DA6-BCC9-F2BF63993463}.Release.ActiveCfg = Release|Win32
		{797977AB-A294-4DA6-BCC9-F2BF63993463}.Release.Build.0 = Release|Win32
		{36F1B75A-40AD-4242-8375-575D07F9F345}.Debug.ActiveCfg = Debug|Win32
		{36F1B75A-40AD-4242-8375-575D07F9F345}.Debug.Build.0 = Debug|Win32
		{36F1B75A-40AD-4242-8375-575D07F9F345}.Release.ActiveCfg = Release|Win32
		{36F1B75A-40AD-4242-8375-575D07F9F345}.Release.Build.0 = Release|Win32
		{A40E14CB-F031-4CF5-8A60-8D4F58CADB63}.Debug.ActiveCfg = Debug|Win32
		{A40E14CB-F031-4CF5-8A60-8D4F58CADB63}.Debug.Build.0 = Debug|Win32
		{A40E14CB-F031-4CF5-8A60-8D4F58CADB63}.Release.ActiveCfg = Release|Win32
		{A40E14CB-F031-4CF5-8A60-8D4F58CADB63}.Release.Build.0 = Release|Win32
		{EE65C98A-38D7-43B4-81DE-63715B5353F0}.Debug.ActiveCfg = Debug|Win32
		{EE65C98A-38D7-43B4-81DE-63715B5353F0}.Debug.Build.0 = Debug|Win32
		{EE65C98A-38D7-43B4-81DE-63715B5353F0}.Release.ActiveCfg = Release|Win32
		{EE65C98A-38D7-43B4-81DE-63715B5353F0}.Release.Build.0 = Release|Win32
		{F37DE0B8-437D-4EF9-96AA-EA8C2F4BE7B4}.Debug.ActiveCfg = Debug|Win32
		{F37DE0B8-437D-4EF9-96AA-EA8C2F4BE7B4}.Debug.Build.0 = Debug|Win32
		{F37DE0B8-437D-4EF9-96AA-EA8C2F4BE7B4}.Release.ActiveCfg = Release|Win32
		{F37DE0B8-437D-4EF9-96AA-EA8C2F4BE7B4}.Release.Build.0 = Release|Win32
		{F37DE0B8-437D-4EF9-96AA-EA8C2F4BE7B4}.Debug.ActiveCfg = Debug|Win32
		{F37DE0B8-437D-4EF9-96AA-EA8C2F4BE7B4}.Debug.Build.0 = Debug|Win32
		{F37DE0B8-437D-4EF9-96AA-EA8C2F4BE7B4}.Release.ActiveCfg = Release|Win32
		{F37DE0B8-437D-4EF9-96AA-EA8C2F4BE7B4}.Release.Build.0 = Release|Win32
	EndGlobalSection
	GlobalSection(ExtensibilityGlobals) = postSolution
	EndGlobalSection
	GlobalSection(ExtensibilityAddIns) = postSolution
	EndGlobalSection
EndGlobal
