Microsoft Visual Studio Solution File, Format Version 7.00
Project("{FAE04EC0-301F-11D3-BF4B-00C04F79EFBC}") = "Billboard", "Billboard.csproj", "{215307A4-3A77-4CE2-839D-236C2E6D3153}"
EndProject
Global
	GlobalSection(SolutionConfiguration) = preSolution
		ConfigName.0 = Debug
		ConfigName.1 = Release
	EndGlobalSection
	GlobalSection(ProjectDependencies) = postSolution
	EndGlobalSection
	GlobalSection(ProjectConfiguration) = postSolution
		{215307A4-3A77-4CE2-839D-236C2E6D3153}.Debug.ActiveCfg = Debug|.NET
		{215307A4-3A77-4CE2-839D-236C2E6D3153}.Debug.Build.0 = Debug|.NET
		{215307A4-3A77-4CE2-839D-236C2E6D3153}.Release.ActiveCfg = Release|.NET
		{215307A4-3A77-4CE2-839D-236C2E6D3153}.Release.Build.0 = Release|.NET
	EndGlobalSection
	GlobalSection(ExtensibilityGlobals) = postSolution
	EndGlobalSection
	GlobalSection(ExtensibilityAddIns) = postSolution
	EndGlobalSection
EndGlobal
