Microsoft Visual Studio Solution File, Format Version 7.00
Project("{8BC9CEB8-8B4A-11D0-8D11-00A0C91BC942}") = "MFCFog", "mfcfog.vcproj", "{10E550FF-EC55-465A-A78C-A4AC2387CB9A}"
EndProject
Global
	GlobalSection(SolutionConfiguration) = preSolution
		ConfigName.0 = Debug
		ConfigName.1 = Release
	EndGlobalSection
	GlobalSection(ProjectDependencies) = postSolution
	EndGlobalSection
	GlobalSection(ProjectConfiguration) = postSolution
		{10E550FF-EC55-465A-A78C-A4AC2387CB9A}.Debug.ActiveCfg = Debug|Win32
		{10E550FF-EC55-465A-A78C-A4AC2387CB9A}.Debug.Build.0 = Debug|Win32
		{10E550FF-EC55-465A-A78C-A4AC2387CB9A}.Release.ActiveCfg = Release|Win32
		{10E550FF-EC55-465A-A78C-A4AC2387CB9A}.Release.Build.0 = Release|Win32
	EndGlobalSection
	GlobalSection(ExtensibilityGlobals) = postSolution
	EndGlobalSection
	GlobalSection(ExtensibilityAddIns) = postSolution
	EndGlobalSection
EndGlobal
