Microsoft Visual Studio Solution File, Format Version 7.00
Project("{8BC9CEB8-8B4A-11D0-8D11-00A0C91BC942}") = "BaseClasses", "..\BaseClasses\baseclasses.vcproj", "{11E93BDE-16B8-40FF-BFB0-595FDB4B0269}"
EndProject
Project("{8BC9CEB8-8B4A-11D0-8D11-00A0C91BC942}") = "CompressView", "CompressView\Compressor.vcproj", "{7E7961E3-ED80-45E5-8959-507B1BF43F14}"
EndProject
Project("{8BC9CEB8-8B4A-11D0-8D11-00A0C91BC942}") = "GrabBitmaps", "GrabBitmaps\GrabBitmaps.vcproj", "{BE689522-FB66-4BE2-84E8-6E9817537B49}"
EndProject
Project("{8BC9CEB8-8B4A-11D0-8D11-00A0C91BC942}") = "SampGrabCB", "SampGrabCB\SampGrabCB.vcproj", "{FCF452E8-4343-4EED-8F2A-1B66BEC3ADF4}"
EndProject
Project("{8BC9CEB8-8B4A-11D0-8D11-00A0C91BC942}") = "StillCap", "StillCap\StillCap.vcproj", "{A850BEA5-5C8C-45F2-AEC5-157A7BB7310B}"
EndProject
Project("{8BC9CEB8-8B4A-11D0-8D11-00A0C91BC942}") = "TimelineTest", "TimelineTest\timelinetest.vcproj", "{540165B2-4C01-4202-8BD8-52783404FE83}"
EndProject
Project("{8BC9CEB8-8B4A-11D0-8D11-00A0C91BC942}") = "TransViewer", "TransViewer\TransViewer.vcproj", "{D62C22B2-587C-4345-8045-46A4A8CEE529}"
EndProject
Project("{8BC9CEB8-8B4A-11D0-8D11-00A0C91BC942}") = "XTLTest", "XTLTest\XTLTest.vcproj", "{9FB3E191-C36A-4BA5-9C25-6F991C5E18CA}"
EndProject
Global
	GlobalSection(SolutionConfiguration) = preSolution
		ConfigName.0 = Debug
		ConfigName.1 = Debug Unicode
		ConfigName.2 = Release
		ConfigName.3 = Release Unicode
	EndGlobalSection
	GlobalSection(ProjectDependencies) = postSolution
		{7E7961E3-ED80-45E5-8959-507B1BF43F14}.0 = {11E93BDE-16B8-40FF-BFB0-595FDB4B0269}
		{BE689522-FB66-4BE2-84E8-6E9817537B49}.0 = {11E93BDE-16B8-40FF-BFB0-595FDB4B0269}
		{FCF452E8-4343-4EED-8F2A-1B66BEC3ADF4}.0 = {11E93BDE-16B8-40FF-BFB0-595FDB4B0269}
		{A850BEA5-5C8C-45F2-AEC5-157A7BB7310B}.0 = {11E93BDE-16B8-40FF-BFB0-595FDB4B0269}
		{540165B2-4C01-4202-8BD8-52783404FE83}.0 = {11E93BDE-16B8-40FF-BFB0-595FDB4B0269}
		{D62C22B2-587C-4345-8045-46A4A8CEE529}.0 = {11E93BDE-16B8-40FF-BFB0-595FDB4B0269}
	EndGlobalSection
	GlobalSection(ProjectConfiguration) = postSolution
		{11E93BDE-16B8-40FF-BFB0-595FDB4B0269}.Debug.ActiveCfg = Debug|Win32
		{11E93BDE-16B8-40FF-BFB0-595FDB4B0269}.Debug.Build.0 = Debug|Win32
		{11E93BDE-16B8-40FF-BFB0-595FDB4B0269}.Debug Unicode.ActiveCfg = Debug Unicode|Win32
		{11E93BDE-16B8-40FF-BFB0-595FDB4B0269}.Debug Unicode.Build.0 = Debug Unicode|Win32
		{11E93BDE-16B8-40FF-BFB0-595FDB4B0269}.Release.ActiveCfg = Release|Win32
		{11E93BDE-16B8-40FF-BFB0-595FDB4B0269}.Release.Build.0 = Release|Win32
		{11E93BDE-16B8-40FF-BFB0-595FDB4B0269}.Release Unicode.ActiveCfg = Release Unicode|Win32
		{11E93BDE-16B8-40FF-BFB0-595FDB4B0269}.Release Unicode.Build.0 = Release Unicode|Win32
		{7E7961E3-ED80-45E5-8959-507B1BF43F14}.Debug.ActiveCfg = Debug|Win32
		{7E7961E3-ED80-45E5-8959-507B1BF43F14}.Debug.Build.0 = Debug|Win32
		{7E7961E3-ED80-45E5-8959-507B1BF43F14}.Debug Unicode.ActiveCfg = Debug Unicode|Win32
		{7E7961E3-ED80-45E5-8959-507B1BF43F14}.Debug Unicode.Build.0 = Debug Unicode|Win32
		{7E7961E3-ED80-45E5-8959-507B1BF43F14}.Release.ActiveCfg = Release|Win32
		{7E7961E3-ED80-45E5-8959-507B1BF43F14}.Release.Build.0 = Release|Win32
		{7E7961E3-ED80-45E5-8959-507B1BF43F14}.Release Unicode.ActiveCfg = Release Unicode|Win32
		{7E7961E3-ED80-45E5-8959-507B1BF43F14}.Release Unicode.Build.0 = Release Unicode|Win32
		{BE689522-FB66-4BE2-84E8-6E9817537B49}.Debug.ActiveCfg = Debug|Win32
		{BE689522-FB66-4BE2-84E8-6E9817537B49}.Debug.Build.0 = Debug|Win32
		{BE689522-FB66-4BE2-84E8-6E9817537B49}.Debug Unicode.ActiveCfg = Debug Unicode|Win32
		{BE689522-FB66-4BE2-84E8-6E9817537B49}.Debug Unicode.Build.0 = Debug Unicode|Win32
		{BE689522-FB66-4BE2-84E8-6E9817537B49}.Release.ActiveCfg = Release|Win32
		{BE689522-FB66-4BE2-84E8-6E9817537B49}.Release.Build.0 = Release|Win32
		{BE689522-FB66-4BE2-84E8-6E9817537B49}.Release Unicode.ActiveCfg = Release Unicode|Win32
		{BE689522-FB66-4BE2-84E8-6E9817537B49}.Release Unicode.Build.0 = Release Unicode|Win32
		{FCF452E8-4343-4EED-8F2A-1B66BEC3ADF4}.Debug.ActiveCfg = Debug|Win32
		{FCF452E8-4343-4EED-8F2A-1B66BEC3ADF4}.Debug.Build.0 = Debug|Win32
		{FCF452E8-4343-4EED-8F2A-1B66BEC3ADF4}.Debug Unicode.ActiveCfg = Debug Unicode|Win32
		{FCF452E8-4343-4EED-8F2A-1B66BEC3ADF4}.Debug Unicode.Build.0 = Debug Unicode|Win32
		{FCF452E8-4343-4EED-8F2A-1B66BEC3ADF4}.Release.ActiveCfg = Release|Win32
		{FCF452E8-4343-4EED-8F2A-1B66BEC3ADF4}.Release.Build.0 = Release|Win32
		{FCF452E8-4343-4EED-8F2A-1B66BEC3ADF4}.Release Unicode.ActiveCfg = Release Unicode|Win32
		{FCF452E8-4343-4EED-8F2A-1B66BEC3ADF4}.Release Unicode.Build.0 = Release Unicode|Win32
		{A850BEA5-5C8C-45F2-AEC5-157A7BB7310B}.Debug.ActiveCfg = Debug|Win32
		{A850BEA5-5C8C-45F2-AEC5-157A7BB7310B}.Debug.Build.0 = Debug|Win32
		{A850BEA5-5C8C-45F2-AEC5-157A7BB7310B}.Debug Unicode.ActiveCfg = Debug Unicode|Win32
		{A850BEA5-5C8C-45F2-AEC5-157A7BB7310B}.Debug Unicode.Build.0 = Debug Unicode|Win32
		{A850BEA5-5C8C-45F2-AEC5-157A7BB7310B}.Release.ActiveCfg = Release|Win32
		{A850BEA5-5C8C-45F2-AEC5-157A7BB7310B}.Release.Build.0 = Release|Win32
		{A850BEA5-5C8C-45F2-AEC5-157A7BB7310B}.Release Unicode.ActiveCfg = Release Unicode|Win32
		{A850BEA5-5C8C-45F2-AEC5-157A7BB7310B}.Release Unicode.Build.0 = Release Unicode|Win32
		{540165B2-4C01-4202-8BD8-52783404FE83}.Debug.ActiveCfg = Debug|Win32
		{540165B2-4C01-4202-8BD8-52783404FE83}.Debug.Build.0 = Debug|Win32
		{540165B2-4C01-4202-8BD8-52783404FE83}.Debug Unicode.ActiveCfg = Debug Unicode|Win32
		{540165B2-4C01-4202-8BD8-52783404FE83}.Debug Unicode.Build.0 = Debug Unicode|Win32
		{540165B2-4C01-4202-8BD8-52783404FE83}.Release.ActiveCfg = Release|Win32
		{540165B2-4C01-4202-8BD8-52783404FE83}.Release.Build.0 = Release|Win32
		{540165B2-4C01-4202-8BD8-52783404FE83}.Release Unicode.ActiveCfg = Release Unicode|Win32
		{540165B2-4C01-4202-8BD8-52783404FE83}.Release Unicode.Build.0 = Release Unicode|Win32
		{D62C22B2-587C-4345-8045-46A4A8CEE529}.Debug.ActiveCfg = Debug|Win32
		{D62C22B2-587C-4345-8045-46A4A8CEE529}.Debug.Build.0 = Debug|Win32
		{D62C22B2-587C-4345-8045-46A4A8CEE529}.Debug Unicode.ActiveCfg = Debug Unicode|Win32
		{D62C22B2-587C-4345-8045-46A4A8CEE529}.Debug Unicode.Build.0 = Debug Unicode|Win32
		{D62C22B2-587C-4345-8045-46A4A8CEE529}.Release.ActiveCfg = Release|Win32
		{D62C22B2-587C-4345-8045-46A4A8CEE529}.Release.Build.0 = Release|Win32
		{D62C22B2-587C-4345-8045-46A4A8CEE529}.Release Unicode.ActiveCfg = Release Unicode|Win32
		{D62C22B2-587C-4345-8045-46A4A8CEE529}.Release Unicode.Build.0 = Release Unicode|Win32
		{9FB3E191-C36A-4BA5-9C25-6F991C5E18CA}.Debug.ActiveCfg = Debug|Win32
		{9FB3E191-C36A-4BA5-9C25-6F991C5E18CA}.Debug.Build.0 = Debug|Win32
		{9FB3E191-C36A-4BA5-9C25-6F991C5E18CA}.Debug Unicode.ActiveCfg = Debug Unicode|Win32
		{9FB3E191-C36A-4BA5-9C25-6F991C5E18CA}.Debug Unicode.Build.0 = Debug Unicode|Win32
		{9FB3E191-C36A-4BA5-9C25-6F991C5E18CA}.Release.ActiveCfg = Release|Win32
		{9FB3E191-C36A-4BA5-9C25-6F991C5E18CA}.Release.Build.0 = Release|Win32
		{9FB3E191-C36A-4BA5-9C25-6F991C5E18CA}.Release Unicode.ActiveCfg = Release Unicode|Win32
		{9FB3E191-C36A-4BA5-9C25-6F991C5E18CA}.Release Unicode.Build.0 = Release Unicode|Win32
	EndGlobalSection
	GlobalSection(ExtensibilityGlobals) = postSolution
	EndGlobalSection
	GlobalSection(ExtensibilityAddIns) = postSolution
	EndGlobalSection
EndGlobal
