Microsoft Visual Studio Solution File, Format Version 7.00
Project("{FAE04EC0-301F-11D3-BF4B-00C04F79EFBC}") = "Player", "Player.csproj", "{590A8218-FEA6-481D-AFC5-7F3287B14A38}"
EndProject
Global
	GlobalSection(DevPartner Solution Properties) = postSolution
	EndGlobalSection
	GlobalSection(SolutionConfiguration) = preSolution
		ConfigName.0 = Debug
		ConfigName.1 = Release
	EndGlobalSection
	GlobalSection(ProjectDependencies) = postSolution
	EndGlobalSection
	GlobalSection(ProjectConfiguration) = postSolution
		{590A8218-FEA6-481D-AFC5-7F3287B14A38}.Debug.ActiveCfg = Debug|.NET
		{590A8218-FEA6-481D-AFC5-7F3287B14A38}.Debug.Build.0 = Debug|.NET
		{590A8218-FEA6-481D-AFC5-7F3287B14A38}.Release.ActiveCfg = Release|.NET
		{590A8218-FEA6-481D-AFC5-7F3287B14A38}.Release.Build.0 = Release|.NET
	EndGlobalSection
	GlobalSection(ExtensibilityGlobals) = postSolution
	EndGlobalSection
	GlobalSection(ExtensibilityAddIns) = postSolution
	EndGlobalSection
EndGlobal
