Microsoft Visual Studio Solution File, Format Version 7.00
Project("{8BC9CEB8-8B4A-11D0-8D11-00A0C91BC942}") = "ThrottleClient", "ThrottleClient\ThrottleClient.vcproj", "{9756688B-0A71-46E0-8E58-D151BECC6197}"
EndProject
Project("{8BC9CEB8-8B4A-11D0-8D11-00A0C91BC942}") = "ThrottleServer", "ThrottleServer\ThrottleServer.vcproj", "{7B0A6E8B-1061-4868-B40B-61112C346E9B}"
EndProject
Global
	GlobalSection(SolutionConfiguration) = preSolution
		ConfigName.0 = Debug
		ConfigName.1 = Debug Unicode
		ConfigName.2 = Release
		ConfigName.3 = Release Unicode
	EndGlobalSection
	GlobalSection(ProjectDependencies) = postSolution
	EndGlobalSection
	GlobalSection(ProjectConfiguration) = postSolution
		{9756688B-0A71-46E0-8E58-D151BECC6197}.Debug.ActiveCfg = Debug|Win32
		{9756688B-0A71-46E0-8E58-D151BECC6197}.Debug.Build.0 = Debug|Win32
		{9756688B-0A71-46E0-8E58-D151BECC6197}.Debug Unicode.ActiveCfg = Debug Unicode|Win32
		{9756688B-0A71-46E0-8E58-D151BECC6197}.Debug Unicode.Build.0 = Debug Unicode|Win32
		{9756688B-0A71-46E0-8E58-D151BECC6197}.Release.ActiveCfg = Release|Win32
		{9756688B-0A71-46E0-8E58-D151BECC6197}.Release.Build.0 = Release|Win32
		{9756688B-0A71-46E0-8E58-D151BECC6197}.Release Unicode.ActiveCfg = Release Unicode|Win32
		{9756688B-0A71-46E0-8E58-D151BECC6197}.Release Unicode.Build.0 = Release Unicode|Win32
		{7B0A6E8B-1061-4868-B40B-61112C346E9B}.Debug.ActiveCfg = Debug|Win32
		{7B0A6E8B-1061-4868-B40B-61112C346E9B}.Debug.Build.0 = Debug|Win32
		{7B0A6E8B-1061-4868-B40B-61112C346E9B}.Debug Unicode.ActiveCfg = Debug Unicode|Win32
		{7B0A6E8B-1061-4868-B40B-61112C346E9B}.Debug Unicode.Build.0 = Debug Unicode|Win32
		{7B0A6E8B-1061-4868-B40B-61112C346E9B}.Release.ActiveCfg = Release|Win32
		{7B0A6E8B-1061-4868-B40B-61112C346E9B}.Release.Build.0 = Release|Win32
		{7B0A6E8B-1061-4868-B40B-61112C346E9B}.Release Unicode.ActiveCfg = Release Unicode|Win32
		{7B0A6E8B-1061-4868-B40B-61112C346E9B}.Release Unicode.Build.0 = Release Unicode|Win32
	EndGlobalSection
	GlobalSection(ExtensibilityGlobals) = postSolution
	EndGlobalSection
	GlobalSection(ExtensibilityAddIns) = postSolution
	EndGlobalSection
EndGlobal
