Microsoft Visual Studio Solution File, Format Version 7.00
Project("{8BC9CEB8-8B4A-11D0-8D11-00A0C91BC942}") = "CPPVideoControl", "CPP\CPPVideoControl.vcproj", "{539563A4-9D9A-4805-9058-692FE7BE2D61}"
EndProject
Global
	GlobalSection(SolutionConfiguration) = preSolution
		ConfigName.0 = Debug
		ConfigName.1 = Release MinDependency
		ConfigName.2 = Release MinSize
		ConfigName.3 = Unicode Debug
		ConfigName.4 = Unicode Release MinDependency
		ConfigName.5 = Unicode Release MinSize
	EndGlobalSection
	GlobalSection(ProjectDependencies) = postSolution
	EndGlobalSection
	GlobalSection(ProjectConfiguration) = postSolution
		{539563A4-9D9A-4805-9058-692FE7BE2D61}.Debug.ActiveCfg = Debug|Win32
		{539563A4-9D9A-4805-9058-692FE7BE2D61}.Debug.Build.0 = Debug|Win32
		{539563A4-9D9A-4805-9058-692FE7BE2D61}.Release MinDependency.ActiveCfg = Release MinDependency|Win32
		{539563A4-9D9A-4805-9058-692FE7BE2D61}.Release MinDependency.Build.0 = Release MinDependency|Win32
		{539563A4-9D9A-4805-9058-692FE7BE2D61}.Release MinSize.ActiveCfg = Release MinSize|Win32
		{539563A4-9D9A-4805-9058-692FE7BE2D61}.Release MinSize.Build.0 = Release MinSize|Win32
		{539563A4-9D9A-4805-9058-692FE7BE2D61}.Unicode Debug.ActiveCfg = Unicode Debug|Win32
		{539563A4-9D9A-4805-9058-692FE7BE2D61}.Unicode Debug.Build.0 = Unicode Debug|Win32
		{539563A4-9D9A-4805-9058-692FE7BE2D61}.Unicode Release MinDependency.ActiveCfg = Unicode Release MinDependency|Win32
		{539563A4-9D9A-4805-9058-692FE7BE2D61}.Unicode Release MinDependency.Build.0 = Unicode Release MinDependency|Win32
		{539563A4-9D9A-4805-9058-692FE7BE2D61}.Unicode Release MinSize.ActiveCfg = Unicode Release MinSize|Win32
		{539563A4-9D9A-4805-9058-692FE7BE2D61}.Unicode Release MinSize.Build.0 = Unicode Release MinSize|Win32
	EndGlobalSection
	GlobalSection(ExtensibilityGlobals) = postSolution
	EndGlobalSection
	GlobalSection(ExtensibilityAddIns) = postSolution
	EndGlobalSection
EndGlobal
