Microsoft Visual Studio Solution File, Format Version 7.00
Project("{FAE04EC0-301F-11D3-BF4B-00C04F79EFBC}") = "Tutorial3", "Tutorial3.csproj", "{0358DD59-BE1C-4A12-8252-8A7F2D4D882E}"
EndProject
Global
	GlobalSection(SolutionConfiguration) = preSolution
		ConfigName.0 = Debug
		ConfigName.1 = Release
	EndGlobalSection
	GlobalSection(ProjectDependencies) = postSolution
	EndGlobalSection
	GlobalSection(ProjectConfiguration) = postSolution
		{0358DD59-BE1C-4A12-8252-8A7F2D4D882E}.Debug.ActiveCfg = Debug|.NET
		{0358DD59-BE1C-4A12-8252-8A7F2D4D882E}.Debug.Build.0 = Debug|.NET
		{0358DD59-BE1C-4A12-8252-8A7F2D4D882E}.Release.ActiveCfg = Release|.NET
		{0358DD59-BE1C-4A12-8252-8A7F2D4D882E}.Release.Build.0 = Release|.NET
	EndGlobalSection
	GlobalSection(ExtensibilityGlobals) = postSolution
	EndGlobalSection
	GlobalSection(ExtensibilityAddIns) = postSolution
	EndGlobalSection
EndGlobal
