Microsoft Visual Studio Solution File, Format Version 7.00
Project("{FAE04EC0-301F-11D3-BF4B-00C04F79EFBC}") = "FullScreenDialog", "FullScreenDialog.csproj", "{FB0A2432-3CDE-44A0-8B73-5770FAD5338E}"
EndProject
Global
	GlobalSection(SolutionConfiguration) = preSolution
		ConfigName.0 = Debug
		ConfigName.1 = Release
	EndGlobalSection
	GlobalSection(ProjectDependencies) = postSolution
	EndGlobalSection
	GlobalSection(ProjectConfiguration) = postSolution
		{FB0A2432-3CDE-44A0-8B73-5770FAD5338E}.Debug.ActiveCfg = Debug|.NET
		{FB0A2432-3CDE-44A0-8B73-5770FAD5338E}.Debug.Build.0 = Debug|.NET
		{FB0A2432-3CDE-44A0-8B73-5770FAD5338E}.Release.ActiveCfg = Release|.NET
		{FB0A2432-3CDE-44A0-8B73-5770FAD5338E}.Release.Build.0 = Release|.NET
	EndGlobalSection
	GlobalSection(ExtensibilityGlobals) = postSolution
	EndGlobalSection
	GlobalSection(ExtensibilityAddIns) = postSolution
	EndGlobalSection
EndGlobal
