Microsoft Visual Studio Solution File, Format Version 7.00
Project("{F184B08F-C81C-45F6-A57F-5ABD9991F28F}") = "Tut04_Connect", "Tut04_Connect.vbproj", "{8AF728C5-1C83-4589-9C57-F264DD8D39D8}"
EndProject
Global
	GlobalSection(SolutionConfiguration) = preSolution
		ConfigName.0 = Debug
		ConfigName.1 = Release
	EndGlobalSection
	GlobalSection(ProjectDependencies) = postSolution
	EndGlobalSection
	GlobalSection(ProjectConfiguration) = postSolution
		{8AF728C5-1C83-4589-9C57-F264DD8D39D8}.Debug.ActiveCfg = Debug|.NET
		{8AF728C5-1C83-4589-9C57-F264DD8D39D8}.Debug.Build.0 = Debug|.NET
		{8AF728C5-1C83-4589-9C57-F264DD8D39D8}.Release.ActiveCfg = Release|.NET
		{8AF728C5-1C83-4589-9C57-F264DD8D39D8}.Release.Build.0 = Release|.NET
	EndGlobalSection
	GlobalSection(ExtensibilityGlobals) = postSolution
	EndGlobalSection
	GlobalSection(ExtensibilityAddIns) = postSolution
	EndGlobalSection
EndGlobal
