Microsoft Visual Studio Solution File, Format Version 7.00
Project("{FAE04EC0-301F-11D3-BF4B-00C04F79EFBC}") = "MDIWindow", "MDIWindow.csproj", "{86317954-E1FE-4E59-B3E5-6D105C36476E}"
EndProject
Global
	GlobalSection(SolutionConfiguration) = preSolution
		ConfigName.0 = Debug
		ConfigName.1 = Release
	EndGlobalSection
	GlobalSection(ProjectDependencies) = postSolution
	EndGlobalSection
	GlobalSection(ProjectConfiguration) = postSolution
		{86317954-E1FE-4E59-B3E5-6D105C36476E}.Debug.ActiveCfg = Debug|.NET
		{86317954-E1FE-4E59-B3E5-6D105C36476E}.Debug.Build.0 = Debug|.NET
		{86317954-E1FE-4E59-B3E5-6D105C36476E}.Release.ActiveCfg = Release|.NET
		{86317954-E1FE-4E59-B3E5-6D105C36476E}.Release.Build.0 = Release|.NET
	EndGlobalSection
	GlobalSection(ExtensibilityGlobals) = postSolution
	EndGlobalSection
	GlobalSection(ExtensibilityAddIns) = postSolution
	EndGlobalSection
EndGlobal
